# Generated by conda-lock.
# platform: linux-aarch64
# input_hash: d7f7ac73d10290f3438d6bfeb6d4d5d75776ab57dd2f329174ef5634f7e8faee
@EXPLICIT
https://conda.anaconda.org/conda-forge/noarch/_r-mutex-1.0.1-anacondar_1.tar.bz2#19f9db5f4f1b7f5ef5f6d67207f25f38
https://conda.anaconda.org/conda-forge/noarch/_sysroot_linux-aarch64_curr_repodata_hack-4-h57d6b7b_16.conda#a987fa62103c4fcf9a572795723bc721
https://conda.anaconda.org/conda-forge/linux-aarch64/ca-certificates-2024.7.4-hcefe29a_0.conda#c4c784a1336d72fff54f6b207f3dd75f
https://conda.anaconda.org/conda-forge/noarch/font-ttf-dejavu-sans-mono-2.37-hab24e00_0.tar.bz2#0c96522c6bdaed4b1566d11387caaf45
https://conda.anaconda.org/conda-forge/noarch/font-ttf-inconsolata-3.000-h77eed37_0.tar.bz2#34893075a5c9e55cdafac56607368fc6
https://conda.anaconda.org/conda-forge/noarch/font-ttf-source-code-pro-2.038-h77eed37_0.tar.bz2#4d59c254e01d9cde7957100457e2d5fb
https://conda.anaconda.org/conda-forge/noarch/font-ttf-ubuntu-0.83-h77eed37_2.conda#cbbe59391138ea5ad3658c76912e147f
https://conda.anaconda.org/conda-forge/linux-aarch64/ld_impl_linux-aarch64-2.40-h9fc2d93_7.conda#1b0feef706f4d03eff0b76626ead64fc
https://conda.anaconda.org/conda-forge/linux-aarch64/libgomp-14.1.0-he277a41_0.conda#434ccc943b843117e4cebc97265f2504
https://conda.anaconda.org/conda-forge/noarch/pybind11-abi-4-hd8ed1ab_3.tar.bz2#878f923dd6acc8aeb47a75da6c4098be
https://conda.anaconda.org/conda-forge/linux-aarch64/python_abi-3.12-4_cp312.conda#6c09f8e580146d88f649780cebed01de
https://conda.anaconda.org/conda-forge/noarch/tzdata-2024a-h0c530f3_0.conda#161081fc7cec0bfda0d86d7cb595f8d8
https://conda.anaconda.org/conda-forge/linux-aarch64/_openmp_mutex-4.5-2_gnu.tar.bz2#6168d71addc746e8f2b8d57dfd2edcea
https://conda.anaconda.org/conda-forge/noarch/fonts-conda-forge-1-0.tar.bz2#f766549260d6815b0c52253f1fb1bb29
https://conda.anaconda.org/conda-forge/noarch/kernel-headers_linux-aarch64-4.18.0-h5b4a56d_16.conda#84492cbda4b5828cddf03329e96e5b2f
https://conda.anaconda.org/conda-forge/noarch/libgcc-devel_linux-aarch64-14.1.0-h8373c25_100.conda#a4c796f1b17d97d32763c38be1257744
https://conda.anaconda.org/conda-forge/noarch/libstdcxx-devel_linux-aarch64-14.1.0-h8373c25_100.conda#8ef0c9d9f36ae6c3294d9a15283e45c4
https://conda.anaconda.org/conda-forge/noarch/fonts-conda-ecosystem-1-0.tar.bz2#fee5683a3f04bd15cbd8318b096a27ab
https://conda.anaconda.org/conda-forge/linux-aarch64/libgcc-ng-14.1.0-he277a41_0.conda#47ecd1292a3fd78b616640b35dd9632c
https://conda.anaconda.org/conda-forge/noarch/sysroot_linux-aarch64-2.17-h5b4a56d_16.conda#9b21a7aa2da30fd368c735c6d6185ec4
https://conda.anaconda.org/conda-forge/linux-aarch64/binutils_impl_linux-aarch64-2.40-hf54a868_7.conda#1c626cff2060938c4d7ec45068b50dc3
https://conda.anaconda.org/conda-forge/linux-aarch64/bzip2-1.0.8-h68df207_7.conda#56398c28220513b9ea13d7b450acfb20
https://conda.anaconda.org/conda-forge/linux-aarch64/c-ares-1.32.3-h68df207_0.conda#13d442f0a28e5a71073328a9b2140cb8
https://conda.anaconda.org/conda-forge/linux-aarch64/fribidi-1.0.10-hb9de7d4_0.tar.bz2#f6c91a43eace6fb926a8730b3b9a8a50
https://conda.anaconda.org/conda-forge/linux-aarch64/keyutils-1.6.1-h4e544f5_0.tar.bz2#1f24853e59c68892452ef94ddd8afd4b
https://conda.anaconda.org/conda-forge/linux-aarch64/libbrotlicommon-1.1.0-h31becfc_1.conda#1b219fd801eddb7a94df5bd001053ad9
https://conda.anaconda.org/conda-forge/linux-aarch64/libdeflate-1.21-h68df207_0.conda#806c74df6dcf96adea47c7829b264f80
https://conda.anaconda.org/conda-forge/linux-aarch64/libev-4.33-h31becfc_2.conda#a9a13cb143bbaa477b1ebaefbe47a302
https://conda.anaconda.org/conda-forge/linux-aarch64/libexpat-2.6.2-h2f0025b_0.conda#1b9f46b804a2c3c5d7fd6a80b77c35f9
https://conda.anaconda.org/conda-forge/linux-aarch64/libffi-3.4.2-h3557bc0_5.tar.bz2#dddd85f4d52121fab0a8b099c5e06501
https://conda.anaconda.org/conda-forge/linux-aarch64/libgfortran5-14.1.0-h9420597_0.conda#b907b29b964b8ebd7be215e47a659179
https://conda.anaconda.org/conda-forge/linux-aarch64/libiconv-1.17-h31becfc_2.conda#9a8eb13f14de7d761555a98712e6df65
https://conda.anaconda.org/conda-forge/linux-aarch64/libjpeg-turbo-3.0.0-h31becfc_1.conda#ed24e702928be089d9ba3f05618515c6
https://conda.anaconda.org/conda-forge/linux-aarch64/libnsl-2.0.1-h31becfc_0.conda#c14f32510f694e3185704d89967ec422
https://conda.anaconda.org/conda-forge/linux-aarch64/libsodium-1.0.18-hb9de7d4_1.tar.bz2#d09ab3c60eebb6f14eb4d07e172775cc
https://conda.anaconda.org/conda-forge/linux-aarch64/libstdcxx-ng-14.1.0-h3f4de04_0.conda#2f84852b723ac4389eb188db695526bb
https://conda.anaconda.org/conda-forge/linux-aarch64/libuuid-2.38.1-hb4cce97_0.conda#000e30b09db0b7c775b21695dff30969
https://conda.anaconda.org/conda-forge/linux-aarch64/libwebp-base-1.4.0-h31becfc_0.conda#5fd7ab3e5f382c70607fbac6335e6e19
https://conda.anaconda.org/conda-forge/linux-aarch64/libxcrypt-4.4.36-h31becfc_1.conda#b4df5d7d4b63579d081fd3a4cf99740e
https://conda.anaconda.org/conda-forge/linux-aarch64/libzlib-1.3.1-h68df207_1.conda#b13fb82f88902e34dd0638cd7d378c21
https://conda.anaconda.org/conda-forge/linux-aarch64/lzo-2.10-h31becfc_1001.conda#004025fe20a11090e0b02154f413a758
https://conda.anaconda.org/conda-forge/linux-aarch64/make-4.3-h309ac5b_1.tar.bz2#0f876fc705b573cf9972bcbeb93864d9
https://conda.anaconda.org/conda-forge/linux-aarch64/ncurses-6.5-h0425590_0.conda#38362af7bfac0efef69675acee564458
https://conda.anaconda.org/conda-forge/linux-aarch64/openssl-3.3.1-h68df207_2.conda#e53f74e640d477466e04bae394b0d163
https://conda.anaconda.org/conda-forge/linux-aarch64/pthread-stubs-0.4-hb9de7d4_1001.tar.bz2#d0183ec6ce0b5aaa3486df25fa5f0ded
https://conda.anaconda.org/conda-forge/linux-aarch64/reproc-14.2.4.post0-h31becfc_1.conda#c148bb4ba029a018527d3e4d5c7b63fa
https://conda.anaconda.org/conda-forge/linux-aarch64/sed-4.8-ha0d5d3d_0.tar.bz2#c9d4b34c44d1083c857a6aee1563b0b6
https://conda.anaconda.org/conda-forge/linux-aarch64/xorg-kbproto-1.0.7-h3557bc0_1002.tar.bz2#ec8ce6b3dac3945a4010559a6284b755
https://conda.anaconda.org/conda-forge/linux-aarch64/xorg-libice-1.1.1-h7935292_0.conda#025968e2637bca910b9b3e7f6743beff
https://conda.anaconda.org/conda-forge/linux-aarch64/xorg-libxau-1.0.11-h31becfc_0.conda#13de34f69cb73165dbe08c1e9148bedb
https://conda.anaconda.org/conda-forge/linux-aarch64/xorg-libxdmcp-1.1.3-h3557bc0_0.tar.bz2#a6c9016ae1ca5c47a3603ed4cd65fedd
https://conda.anaconda.org/conda-forge/linux-aarch64/xorg-renderproto-0.11.1-h3557bc0_1002.tar.bz2#01cbfe96ce66b78a9a270ac305791dd2
https://conda.anaconda.org/conda-forge/linux-aarch64/xorg-xextproto-7.3.0-h2a766a3_1003.conda#32de1e4422c986e3b6eff59e7edc4d04
https://conda.anaconda.org/conda-forge/linux-aarch64/xorg-xproto-7.0.31-h3557bc0_1007.tar.bz2#987e98faa0ad2c667bbea6b6aae260bc
https://conda.anaconda.org/conda-forge/linux-aarch64/xz-5.2.6-h9cdd2b7_0.tar.bz2#83baad393a31d59c20b63ba4da6592df
https://conda.anaconda.org/conda-forge/linux-aarch64/yaml-0.2.5-hf897c2e_2.tar.bz2#b853307650cb226731f653aa623936a4
https://conda.anaconda.org/conda-forge/linux-aarch64/expat-2.6.2-h2f0025b_0.conda#6d31100ba1e12773b4f1ef0693fb0169
https://conda.anaconda.org/conda-forge/linux-aarch64/fmt-10.2.1-h2a328a1_0.conda#540b6320d3c929e012fae0d08f43224d
https://conda.anaconda.org/conda-forge/linux-aarch64/graphite2-1.3.13-h2f0025b_1003.conda#f33009add6a08358bc12d114ceec1304
https://conda.anaconda.org/conda-forge/linux-aarch64/icu-75.1-hf9b3779_0.conda#268203e8b983fddb6412b36f2024e75c
https://conda.anaconda.org/conda-forge/linux-aarch64/lerc-4.0.0-h4de3ea5_0.tar.bz2#1a0ffc65e03ce81559dbcb0695ad1476
https://conda.anaconda.org/conda-forge/linux-aarch64/libbrotlidec-1.1.0-h31becfc_1.conda#8db7cff89510bec0b863a0a8ee6a7bce
https://conda.anaconda.org/conda-forge/linux-aarch64/libbrotlienc-1.1.0-h31becfc_1.conda#ad3d3a826b5848d99936e4466ebbaa26
https://conda.anaconda.org/conda-forge/linux-aarch64/libedit-3.1.20191231-he28a2e2_2.tar.bz2#29371161d77933a54fccf1bb66b96529
https://conda.anaconda.org/conda-forge/linux-aarch64/libgfortran-ng-14.1.0-he9431aa_0.conda#a50ae662c1e7f26f0f2c99e31d1bf614
https://conda.anaconda.org/conda-forge/linux-aarch64/libnghttp2-1.58.0-hb0e430d_1.conda#8f724cdddffa79152de61f5564a3526b
https://conda.anaconda.org/conda-forge/linux-aarch64/libpng-1.6.43-h194ca79_0.conda#1123e504d9254dd9494267ab9aba95f0
https://conda.anaconda.org/conda-forge/linux-aarch64/libsanitizer-14.1.0-h1bb4367_0.conda#6eac2667b545beb34e3409340e7d2368
https://conda.anaconda.org/conda-forge/linux-aarch64/libsolv-0.7.30-h62756fc_0.conda#3313c18870220c75fdd8374406ef7491
https://conda.anaconda.org/conda-forge/linux-aarch64/libsqlite-3.46.0-hf51ef55_0.conda#a8ae63fd6fb7d007f74ef3df95e5edf3
https://conda.anaconda.org/conda-forge/linux-aarch64/libssh2-1.11.0-h492db2e_0.conda#45532845e121677ad328c9af9953f161
https://conda.anaconda.org/conda-forge/linux-aarch64/libxcb-1.16-h7935292_0.conda#93c0136e9cba96657339dfe25fba4da7
https://conda.anaconda.org/conda-forge/linux-aarch64/lz4-c-1.9.4-hd600fc2_0.conda#500145a83ed07ce79c8cef24252f366b
https://conda.anaconda.org/conda-forge/linux-aarch64/pcre2-10.44-h070dd5b_0.conda#e5c5c5acdd1f52508f5e9938b454ae5d
https://conda.anaconda.org/conda-forge/linux-aarch64/pixman-0.43.4-h2f0025b_0.conda#81b2ddea4b0eca188da9c5a7aa4b0cff
https://conda.anaconda.org/conda-forge/linux-aarch64/qhull-2020.2-h70be974_5.conda#bb138086d938e2b64f5f364945793ebf
https://conda.anaconda.org/conda-forge/linux-aarch64/readline-8.2-h8fc344f_1.conda#105eb1e16bf83bfb2eb380a48032b655
https://conda.anaconda.org/conda-forge/linux-aarch64/reproc-cpp-14.2.4.post0-h2f0025b_1.conda#35148ef0f190022ca52cf6edd6bdc814
https://conda.anaconda.org/conda-forge/linux-aarch64/tk-8.6.13-h194ca79_0.conda#f75105e0585851f818e0009dd1dde4dc
https://conda.anaconda.org/conda-forge/linux-aarch64/xeus-5.1.1-he57173f_0.conda#5d61826ecd6a3b6f60591dbbdfb82698
https://conda.anaconda.org/conda-forge/linux-aarch64/xorg-libsm-1.2.4-h5a01bc2_0.conda#d788eca20ecd63bad8eea7219e5c5fb7
https://conda.anaconda.org/conda-forge/linux-aarch64/yaml-cpp-0.8.0-h2f0025b_0.conda#b5da38ee183c1e50e3e7ffb171a2eca5
https://conda.anaconda.org/conda-forge/linux-aarch64/zlib-1.3.1-h68df207_1.conda#6031f9e32654fbdb9fdba406ab980517
https://conda.anaconda.org/conda-forge/linux-aarch64/zstd-1.5.6-h02f22dd_0.conda#be8d5f8cf21aed237b8b182ea86b3dd6
https://conda.anaconda.org/conda-forge/linux-aarch64/brotli-bin-1.1.0-h31becfc_1.conda#9e4a13596ab651ea8d77aae023d0ce3f
https://conda.anaconda.org/conda-forge/linux-aarch64/bwidget-1.9.14-h8af1aa0_1.tar.bz2#81128a3dedff59897de2ea4ec956bbfb
https://conda.anaconda.org/conda-forge/linux-aarch64/freetype-2.12.1-hf0a5ef3_2.conda#a5ab74c5bd158c3d5532b66d8d83d907
https://conda.anaconda.org/conda-forge/linux-aarch64/gcc_impl_linux-aarch64-14.1.0-h21755a0_0.conda#69972d2f63a1a79924c096f7594f2de1
https://conda.anaconda.org/conda-forge/linux-aarch64/krb5-1.21.3-h50a48e9_0.conda#29c10432a2ca1472b53f299ffb2ffa37
https://conda.anaconda.org/conda-forge/linux-aarch64/libglib-2.80.3-haee52c6_1.conda#50ed8a077706cfe3da719deb71001f2c
https://conda.anaconda.org/conda-forge/linux-aarch64/libopenblas-0.3.27-pthreads_h076ed1e_1.conda#cc0a15e3a6f92f454b6132ca6aca8e8d
https://conda.anaconda.org/conda-forge/linux-aarch64/libtiff-4.6.0-h395e79b_4.conda#07ac339fcab2d44ddfd9b8ac58e80a05
https://conda.anaconda.org/conda-forge/linux-aarch64/libxml2-2.12.7-h00a45b3_4.conda#d25c3e16ee77cd25342e4e235424c758
https://conda.anaconda.org/conda-forge/linux-aarch64/python-3.12.5-hb188aa9_0_cpython.conda#29d0b64c0b5e812fe96a42dcb471a7da
https://conda.anaconda.org/conda-forge/linux-aarch64/tktable-2.10-h52f7bd3_6.conda#373dbd10f6e6ce1fa4262e357e7b7d8c
https://conda.anaconda.org/conda-forge/linux-aarch64/xorg-libx11-1.8.9-h08be655_1.conda#66470f69e83673153ef02a2ebc018915
https://conda.anaconda.org/conda-forge/noarch/archspec-0.2.3-pyhd8ed1ab_0.conda#192278292e20704f663b9c766909d67b
https://conda.anaconda.org/conda-forge/noarch/attrs-24.2.0-pyh71513ae_0.conda#6732fa52eb8e66e5afeb32db8701a791
https://conda.anaconda.org/conda-forge/noarch/boltons-24.0.0-pyhd8ed1ab_0.conda#61de176bd62041f9cd5bd4fcd09eb0ff
https://conda.anaconda.org/conda-forge/linux-aarch64/brotli-1.1.0-h31becfc_1.conda#e41f5862ac746428407f3fd44d2ed01f
https://conda.anaconda.org/conda-forge/linux-aarch64/brotli-python-1.1.0-py312h2aa54b4_1.conda#7253fd6feb797007a3d290bbcfd23a84
https://conda.anaconda.org/conda-forge/noarch/cached_property-1.5.2-pyha770c72_1.tar.bz2#576d629e47797577ab0f1b351297ef4a
https://conda.anaconda.org/conda-forge/noarch/certifi-2024.7.4-pyhd8ed1ab_0.conda#24e7fd6ca65997938fff9e5ab6f653e4
https://conda.anaconda.org/conda-forge/noarch/charset-normalizer-3.3.2-pyhd8ed1ab_0.conda#7f4a9e3fcff3f6356ae99244a014da6a
https://conda.anaconda.org/conda-forge/noarch/colorama-0.4.6-pyhd8ed1ab_0.tar.bz2#3faab06a954c2a04039983f2c4a50d99
https://conda.anaconda.org/conda-forge/noarch/cycler-0.12.1-pyhd8ed1ab_0.conda#5cd86562580f274031ede6aa6aa24441
https://conda.anaconda.org/conda-forge/linux-aarch64/debugpy-1.8.5-py312h7f10901_0.conda#064f2725df3ddc1c1295840a9f512836
https://conda.anaconda.org/conda-forge/noarch/decorator-5.1.1-pyhd8ed1ab_0.tar.bz2#43afe5ab04e35e17ba28649471dd7364
https://conda.anaconda.org/conda-forge/noarch/defusedxml-0.7.1-pyhd8ed1ab_0.tar.bz2#961b3a227b437d82ad7054484cfa71b2
https://conda.anaconda.org/conda-forge/noarch/distro-1.9.0-pyhd8ed1ab_0.conda#bbdb409974cd6cb30071b1d978302726
https://conda.anaconda.org/conda-forge/noarch/entrypoints-0.4-pyhd8ed1ab_0.tar.bz2#3cf04868fee0a029769bd41f4b2fbf2d
https://conda.anaconda.org/conda-forge/noarch/exceptiongroup-1.2.2-pyhd8ed1ab_0.conda#d02ae936e42063ca46af6cdad2dbd1e0
https://conda.anaconda.org/conda-forge/noarch/executing-2.0.1-pyhd8ed1ab_0.conda#e16be50e378d8a4533b989035b196ab8
https://conda.anaconda.org/conda-forge/linux-aarch64/fontconfig-2.14.2-ha9a116f_0.conda#6d2d19ea85f9d41534cd28fdefd59a25
https://conda.anaconda.org/conda-forge/linux-aarch64/frozendict-2.4.4-py312h396f95a_0.conda#f6297cce75c594614e0e18e96c10b8f4
https://conda.anaconda.org/conda-forge/linux-aarch64/gfortran_impl_linux-aarch64-14.1.0-h6c2f851_0.conda#d69bc4a5b33fbb02733778d5c80aad1e
https://conda.anaconda.org/conda-forge/linux-aarch64/gxx_impl_linux-aarch64-14.1.0-hd4b107a_0.conda#4dd116ced8b91638d4bb9d8885677a43
https://conda.anaconda.org/conda-forge/noarch/hpack-4.0.0-pyh9f0ad1d_0.tar.bz2#914d6646c4dbb1fd3ff539830a12fd71
https://conda.anaconda.org/conda-forge/noarch/hyperframe-6.0.1-pyhd8ed1ab_0.tar.bz2#9f765cbfab6870c8435b9eefecd7a1f4
https://conda.anaconda.org/conda-forge/noarch/idna-3.7-pyhd8ed1ab_0.conda#c0cc1420498b17414d8617d0b9f506ca
https://conda.anaconda.org/conda-forge/noarch/ipython_genutils-0.2.0-pyhd8ed1ab_1.conda#f8ed9f18dce81e4ee55c858cc2f8548a
https://conda.anaconda.org/conda-forge/noarch/json5-0.9.25-pyhd8ed1ab_0.conda#5d8c241a9261e720a34a07a3e1ac4109
https://conda.anaconda.org/conda-forge/linux-aarch64/jsonpointer-3.0.0-py312h996f985_0.conda#c3d6917a5a167cf0121e79a89545ff70
https://conda.anaconda.org/conda-forge/noarch/jupyterlab_widgets-3.0.11-pyhd8ed1ab_0.conda#fc0cb2abcfcec65ecbdcde4289b62fea
https://conda.anaconda.org/conda-forge/linux-aarch64/kiwisolver-1.4.5-py312h721a97f_1.conda#3f53f74e99a5fa60e390e139bfe2ef5f
https://conda.anaconda.org/conda-forge/linux-aarch64/lcms2-2.16-h922389a_0.conda#ffdd8267a04c515e7ce69c727b051414
https://conda.anaconda.org/conda-forge/linux-aarch64/libarchive-3.7.4-h2c0effa_0.conda#f072f6e4884e984e9d78e1523ecfed32
https://conda.anaconda.org/conda-forge/linux-aarch64/libblas-3.9.0-23_linuxaarch64_openblas.conda#3ac1ad627e1a07fae62556d6aabafdfd
https://conda.anaconda.org/conda-forge/linux-aarch64/libcurl-8.9.1-hfa30633_0.conda#efeb999ea2b519696001823b8e49cdbd
https://conda.anaconda.org/conda-forge/linux-aarch64/markupsafe-2.1.5-py312h9ef2f89_0.conda#a00135adde3dfe19b9962c3c767c2129
https://conda.anaconda.org/conda-forge/linux-aarch64/menuinst-2.1.1-py312h996f985_0.conda#37668d5def6a4889e7fe293b9d299f6b
https://conda.anaconda.org/conda-forge/noarch/mistune-3.0.2-pyhd8ed1ab_0.conda#5cbee699846772cc939bef23a0d524ed
https://conda.anaconda.org/conda-forge/noarch/munkres-1.1.4-pyh9f0ad1d_0.tar.bz2#2ba8498c1018c1e9c61eb99b973dfe19
https://conda.anaconda.org/conda-forge/noarch/nest-asyncio-1.6.0-pyhd8ed1ab_0.conda#6598c056f64dc8800d40add25e4e2c34
https://conda.anaconda.org/conda-forge/linux-aarch64/openjpeg-2.5.2-h0d9d63b_0.conda#fd2898519e839d5ceb778343f39a3176
https://conda.anaconda.org/conda-forge/noarch/packaging-24.1-pyhd8ed1ab_0.conda#cbe1bb1f21567018ce595d9c2be0f0db
https://conda.anaconda.org/conda-forge/noarch/pandocfilters-1.5.0-pyhd8ed1ab_0.tar.bz2#457c2c8c08e54905d6954e79cb5b5db9
https://conda.anaconda.org/conda-forge/noarch/parso-0.8.4-pyhd8ed1ab_0.conda#81534b420deb77da8833f2289b8d47ac
https://conda.anaconda.org/conda-forge/noarch/pickleshare-0.7.5-py_1003.tar.bz2#415f0ebb6198cc2801c73438a9fb5761
https://conda.anaconda.org/conda-forge/noarch/pkgutil-resolve-name-1.3.10-pyhd8ed1ab_1.conda#405678b942f2481cecdb3e010f4925d9
https://conda.anaconda.org/conda-forge/noarch/platformdirs-4.2.2-pyhd8ed1ab_0.conda#6f6cf28bf8e021933869bae3f84b8fc9
https://conda.anaconda.org/conda-forge/noarch/pluggy-1.5.0-pyhd8ed1ab_0.conda#d3483c8fc2dc2cc3f5cf43e26d60cabf
https://conda.anaconda.org/conda-forge/noarch/prometheus_client-0.20.0-pyhd8ed1ab_0.conda#9a19b94034dd3abb2b348c8b93388035
https://conda.anaconda.org/conda-forge/linux-aarch64/psutil-6.0.0-py312h396f95a_0.conda#8fab8a2830a288ba3333d3e6153bd4ca
https://conda.anaconda.org/conda-forge/noarch/ptyprocess-0.7.0-pyhd3deb0d_0.tar.bz2#359eeb6536da0e687af562ed265ec263
https://conda.anaconda.org/conda-forge/noarch/pure_eval-0.2.3-pyhd8ed1ab_0.conda#0f051f09d992e0d08941706ad519ee0e
https://conda.anaconda.org/conda-forge/linux-aarch64/pycosat-0.6.6-py312hdd3e373_0.conda#368a87e79b0c4bb0f97b103bbd4b5c75
https://conda.anaconda.org/conda-forge/noarch/pycparser-2.22-pyhd8ed1ab_0.conda#844d9eb3b43095b031874477f7d70088
https://conda.anaconda.org/conda-forge/noarch/pygments-2.18.0-pyhd8ed1ab_0.conda#b7f5c092b8f9800150d998a71b76d5a1
https://conda.anaconda.org/conda-forge/noarch/pyparsing-3.1.2-pyhd8ed1ab_0.conda#b9a4dacf97241704529131a0dfc0494f
https://conda.anaconda.org/conda-forge/noarch/pysocks-1.7.1-pyha2e5f31_6.tar.bz2#2a7de29fb590ca14b5243c4c812c8025
https://conda.anaconda.org/conda-forge/noarch/python-fastjsonschema-2.20.0-pyhd8ed1ab_0.conda#b98d2018c01ce9980c03ee2850690fab
https://conda.anaconda.org/conda-forge/noarch/python-json-logger-2.0.7-pyhd8ed1ab_0.conda#a61bf9ec79426938ff785eb69dbb1960
https://conda.anaconda.org/conda-forge/noarch/python-tzdata-2024.1-pyhd8ed1ab_0.conda#98206ea9954216ee7540f0c773f2104d
https://conda.anaconda.org/conda-forge/noarch/pytz-2024.1-pyhd8ed1ab_0.conda#3eeeeb9e4827ace8c0c1419c85d590ad
https://conda.anaconda.org/conda-forge/linux-aarch64/pyyaml-6.0.2-py312h396f95a_0.conda#0d8fb5e4b02256354c754455152d0eb6
https://conda.anaconda.org/conda-forge/noarch/rfc3986-validator-0.1.1-pyh9f0ad1d_0.tar.bz2#912a71cc01012ee38e6b90ddd561e36f
https://conda.anaconda.org/conda-forge/linux-aarch64/rpds-py-0.20.0-py312heb99873_0.conda#4543f8659d413d0a2a7f15fa5ff62bb4
https://conda.anaconda.org/conda-forge/linux-aarch64/ruamel.yaml.clib-0.2.8-py312hdd3e373_0.conda#7d6fe36395d184fd7cfa4469c722339f
https://conda.anaconda.org/conda-forge/noarch/send2trash-1.8.3-pyh0d859eb_0.conda#778594b20097b5a948c59e50ae42482a
https://conda.anaconda.org/conda-forge/noarch/setuptools-72.1.0-pyhd8ed1ab_0.conda#e06d4c26df4f958a8d38696f2c344d15
https://conda.anaconda.org/conda-forge/noarch/six-1.16.0-pyh6c4a22f_0.tar.bz2#e5f25f8dbc060e9a8d912e432202afc2
https://conda.anaconda.org/conda-forge/noarch/sniffio-1.3.1-pyhd8ed1ab_0.conda#490730480d76cf9c8f8f2849719c6e2b
https://conda.anaconda.org/conda-forge/noarch/soupsieve-2.5-pyhd8ed1ab_1.conda#3f144b2c34f8cb5a9abd9ed23a39c561
https://conda.anaconda.org/conda-forge/noarch/tomli-2.0.1-pyhd8ed1ab_0.tar.bz2#5844808ffab9ebdb694585b50ba02a96
https://conda.anaconda.org/conda-forge/linux-aarch64/tornado-6.4.1-py312h5adff4d_0.conda#8d17acc3a7d9542b53880e50c273268d
https://conda.anaconda.org/conda-forge/noarch/traitlets-5.14.3-pyhd8ed1ab_0.conda#3df84416a021220d8b5700c613af2dc5
https://conda.anaconda.org/conda-forge/noarch/truststore-0.8.0-pyhd8ed1ab_0.conda#08316d001eca8854392cf2837828ea11
https://conda.anaconda.org/conda-forge/noarch/types-python-dateutil-2.9.0.20240316-pyhd8ed1ab_0.conda#7831efa91d57475373ee52fb92e8d137
https://conda.anaconda.org/conda-forge/noarch/typing_extensions-4.12.2-pyha770c72_0.conda#ebe6952715e1d5eb567eeebf25250fa7
https://conda.anaconda.org/conda-forge/noarch/typing_utils-0.1.0-pyhd8ed1ab_0.tar.bz2#eb67e3cace64c66233e2d35949e20f92
https://conda.anaconda.org/conda-forge/noarch/uri-template-1.3.0-pyhd8ed1ab_0.conda#0944dc65cb4a9b5b68522c3bb585d41c
https://conda.anaconda.org/conda-forge/noarch/wcwidth-0.2.13-pyhd8ed1ab_0.conda#68f0738df502a14213624b288c60c9ad
https://conda.anaconda.org/conda-forge/noarch/webcolors-24.6.0-pyhd8ed1ab_0.conda#419f2f6cf90fc7a6feee657752cd0f7b
https://conda.anaconda.org/conda-forge/noarch/webencodings-0.5.1-pyhd8ed1ab_2.conda#daf5160ff9cde3a468556965329085b9
https://conda.anaconda.org/conda-forge/noarch/websocket-client-1.8.0-pyhd8ed1ab_0.conda#f372c576b8774922da83cda2b12f9d29
https://conda.anaconda.org/conda-forge/noarch/wheel-0.44.0-pyhd8ed1ab_0.conda#d44e3b085abcaef02983c6305b84b584
https://conda.anaconda.org/conda-forge/noarch/widgetsnbextension-4.0.11-pyhd8ed1ab_0.conda#95ba42a349c9d8eac28e30d0b637401f
https://conda.anaconda.org/conda-forge/linux-aarch64/xorg-libxext-1.3.4-h2a766a3_2.conda#0cea7d840c8eeaa4e349e0b4775c826d
https://conda.anaconda.org/conda-forge/linux-aarch64/xorg-libxrender-0.9.11-h7935292_0.conda#8c96b84f7fb97a3cd533a14dbdcd6626
https://conda.anaconda.org/conda-forge/linux-aarch64/xorg-libxt-1.3.0-h7935292_1.conda#e7732988f34df29a9815142f3e402962
https://conda.anaconda.org/conda-forge/linux-aarch64/zeromq-4.3.5-h28faeed_4.conda#ae8c0108b4d6a5981bce484eeaaf1b55
https://conda.anaconda.org/conda-forge/noarch/zipp-3.19.2-pyhd8ed1ab_0.conda#49808e59df5535116f6878b2a820d6f4
https://conda.anaconda.org/conda-forge/noarch/anyio-4.4.0-pyhd8ed1ab_0.conda#1fa97c6e8db1f82c64ff17a5efc4ae8e
https://conda.anaconda.org/conda-forge/noarch/asttokens-2.4.1-pyhd8ed1ab_0.conda#5f25798dcefd8252ce5f9dc494d5f571
https://conda.anaconda.org/conda-forge/noarch/async-lru-2.0.4-pyhd8ed1ab_0.conda#3d081de3a6ea9f894bbb585e8e3a4dcb
https://conda.anaconda.org/conda-forge/noarch/babel-2.14.0-pyhd8ed1ab_0.conda#9669586875baeced8fc30c0826c3270e
https://conda.anaconda.org/conda-forge/noarch/beautifulsoup4-4.12.3-pyha770c72_0.conda#332493000404d8411859539a5a630865
https://conda.anaconda.org/conda-forge/noarch/bleach-6.1.0-pyhd8ed1ab_0.conda#0ed9d7c0e9afa7c025807a9a8136ea3e
https://conda.anaconda.org/conda-forge/noarch/cached-property-1.5.2-hd8ed1ab_1.tar.bz2#9b347a7ec10940d3f7941ff6c460b551
https://conda.anaconda.org/conda-forge/linux-aarch64/cairo-1.18.0-hdb1a16f_3.conda#080659f02bf2202c57f1cda4f9e51f21
https://conda.anaconda.org/conda-forge/linux-aarch64/cffi-1.17.0-py312h75e8286_0.conda#c88525d1b103277eb9b47a97842c7077
https://conda.anaconda.org/conda-forge/noarch/comm-0.2.2-pyhd8ed1ab_0.conda#948d84721b578d426294e17a02e24cbb
https://conda.anaconda.org/conda-forge/linux-aarch64/curl-8.9.1-hf35c998_0.conda#9f37889ae42bd973c26f47b3965d992a
https://conda.anaconda.org/conda-forge/linux-aarch64/fonttools-4.53.1-py312h396f95a_0.conda#2547b05c4a453925fd0dbdb38e715f92
https://conda.anaconda.org/conda-forge/noarch/h11-0.14.0-pyhd8ed1ab_0.tar.bz2#b21ed0883505ba1910994f1df031a428
https://conda.anaconda.org/conda-forge/noarch/h2-4.1.0-pyhd8ed1ab_0.tar.bz2#b748fbf7060927a6e82df7cb5ee8f097
https://conda.anaconda.org/conda-forge/noarch/importlib-metadata-8.2.0-pyha770c72_0.conda#c261d14fc7f49cdd403868998a18c318
https://conda.anaconda.org/conda-forge/noarch/importlib_resources-6.4.0-pyhd8ed1ab_0.conda#c5d3907ad8bd7bf557521a1833cf7e6d
https://conda.anaconda.org/conda-forge/noarch/jedi-0.19.1-pyhd8ed1ab_0.conda#81a3be0b2023e1ea8555781f0ad904a2
https://conda.anaconda.org/conda-forge/noarch/jinja2-3.1.4-pyhd8ed1ab_0.conda#7b86ecb7d3557821c649b3c31e3eb9f2
https://conda.anaconda.org/conda-forge/noarch/jsonpatch-1.33-pyhd8ed1ab_0.conda#bfdb7c5c6ad1077c82a69a8642c87aff
https://conda.anaconda.org/conda-forge/linux-aarch64/jupyter_core-5.7.2-py312h996f985_0.conda#a7ef8076152a1490e2e8a519e81660d7
https://conda.anaconda.org/conda-forge/noarch/jupyterlab_pygments-0.3.0-pyhd8ed1ab_1.conda#afcd1b53bcac8844540358e33f33d28f
https://conda.anaconda.org/conda-forge/linux-aarch64/libcblas-3.9.0-23_linuxaarch64_openblas.conda#65a4f18036c0f5419146fddee6653a96
https://conda.anaconda.org/conda-forge/linux-aarch64/liblapack-3.9.0-23_linuxaarch64_openblas.conda#85c4fec3847027ca7402f3bd7d2de4c1
https://conda.anaconda.org/conda-forge/linux-aarch64/libmamba-1.5.8-hea3be6c_0.conda#5484a1fe43ccb2d299d6eb0b5c10e987
https://conda.anaconda.org/conda-forge/noarch/matplotlib-inline-0.1.7-pyhd8ed1ab_0.conda#779345c95648be40d22aaa89de7d4254
https://conda.anaconda.org/conda-forge/noarch/overrides-7.7.0-pyhd8ed1ab_0.conda#24fba5a9d161ad8103d4e84c0e1a3ed4
https://conda.anaconda.org/conda-forge/noarch/pexpect-4.9.0-pyhd8ed1ab_0.conda#629f3203c99b32e0988910c93e77f3b6
https://conda.anaconda.org/conda-forge/linux-aarch64/pillow-10.4.0-py312hc0f7016_0.conda#1fbb8afc7df88dad0d7ccfed6c647179
https://conda.anaconda.org/conda-forge/noarch/pip-24.2-pyhd8ed1ab_0.conda#6721aef6bfe5937abe70181545dd2c51
https://conda.anaconda.org/conda-forge/noarch/prompt-toolkit-3.0.47-pyha770c72_0.conda#1247c861065d227781231950e14fe817
https://conda.anaconda.org/conda-forge/noarch/python-dateutil-2.9.0-pyhd8ed1ab_0.conda#2cf4264fffb9e6eff6031c5b6884d61c
https://conda.anaconda.org/conda-forge/linux-aarch64/pyzmq-26.1.0-py312h7059f03_0.conda#35ae62c4684af64ae699a44c98751878
https://conda.anaconda.org/conda-forge/noarch/referencing-0.35.1-pyhd8ed1ab_0.conda#0fc8b52192a8898627c3efae1003e9f6
https://conda.anaconda.org/conda-forge/noarch/rfc3339-validator-0.1.4-pyhd8ed1ab_0.tar.bz2#fed45fc5ea0813240707998abe49f520
https://conda.anaconda.org/conda-forge/linux-aarch64/ruamel.yaml-0.18.6-py312hdd3e373_0.conda#675a11ab58c2461d33d37275d117dcd2
https://conda.anaconda.org/conda-forge/noarch/terminado-0.18.1-pyh0d859eb_0.conda#efba281bbdae5f6b0a1d53c6d4a97c93
https://conda.anaconda.org/conda-forge/noarch/tinycss2-1.3.0-pyhd8ed1ab_0.conda#8662629d9a05f9cff364e31ca106c1ac
https://conda.anaconda.org/conda-forge/noarch/tqdm-4.66.5-pyhd8ed1ab_0.conda#c6e94fc2b2ec71ea33fe7c7da259acb4
https://conda.anaconda.org/conda-forge/noarch/typing-extensions-4.12.2-hd8ed1ab_0.conda#52d648bd608f5737b123f510bb5514b5
https://conda.anaconda.org/conda-forge/linux-aarch64/xeus-zmq-3.1.0-ha6f4cb4_0.conda#44d2c6b28c26140597a9d361aea2b16e
https://conda.anaconda.org/conda-forge/linux-aarch64/argon2-cffi-bindings-21.2.0-py312hdd3e373_4.conda#7aebbb1531055d298dc01002e1286f3a
https://conda.anaconda.org/conda-forge/noarch/arrow-1.3.0-pyhd8ed1ab_0.conda#b77d8c2313158e6e461ca0efb1c2c508
https://conda.anaconda.org/conda-forge/noarch/fqdn-1.5.1-pyhd8ed1ab_0.tar.bz2#642d35437078749ef23a5dca2c9bb1f3
https://conda.anaconda.org/conda-forge/linux-aarch64/gsl-2.7-h294027d_0.tar.bz2#8b9533e21be7fa232ab64e85f184e0b3
https://conda.anaconda.org/conda-forge/linux-aarch64/harfbuzz-9.0.0-hbf49d6b_1.conda#ceb458f664cab8550fcd74fff26451db
https://conda.anaconda.org/conda-forge/noarch/httpcore-1.0.5-pyhd8ed1ab_0.conda#a6b9a0158301e697e4d0a36a3d60e133
https://conda.anaconda.org/conda-forge/noarch/importlib_metadata-8.2.0-hd8ed1ab_0.conda#0fd030dce707a6654472cf7619b0b01b
https://conda.anaconda.org/conda-forge/noarch/jsonschema-specifications-2023.12.1-pyhd8ed1ab_0.conda#a0e4efb5f35786a05af4809a2fb1f855
https://conda.anaconda.org/conda-forge/noarch/jupyter_server_terminals-0.5.3-pyhd8ed1ab_0.conda#219b3833aa8ed91d47d1be6ca03f30be
https://conda.anaconda.org/conda-forge/linux-aarch64/libmambapy-1.5.8-py312h1e39527_0.conda#53521eca68e0cadb44f061449d87da3e
https://conda.anaconda.org/conda-forge/linux-aarch64/numpy-2.0.1-py312hd0593b1_0.conda#7d35f990473581b44a49b4846b649bfd
https://conda.anaconda.org/conda-forge/noarch/stack_data-0.6.2-pyhd8ed1ab_0.conda#e7df0fdd404616638df5ece6e69ba7af
https://conda.anaconda.org/conda-forge/linux-aarch64/zstandard-0.23.0-py312h9fc3309_0.conda#1903935398241d9772c260a4d0ee5bc3
https://conda.anaconda.org/conda-forge/noarch/argon2-cffi-23.1.0-pyhd8ed1ab_0.conda#3afef1f55a1366b4d3b6a0d92e2235e4
https://conda.anaconda.org/conda-forge/noarch/conda-package-streaming-0.10.0-pyhd8ed1ab_0.conda#3480386e00995f7a1dfb3b9aa2fe70fd
https://conda.anaconda.org/conda-forge/linux-aarch64/contourpy-1.2.1-py312h8f0b210_0.conda#8cb92242bb79749ed43e081170ee2fe5
https://conda.anaconda.org/conda-forge/noarch/httpx-0.27.0-pyhd8ed1ab_0.conda#9f359af5a886fd6ca6b2b6ea02e58332
https://conda.anaconda.org/conda-forge/noarch/ipython-8.26.0-pyh707e725_0.conda#f64d3520d5d00321c10f4dabb5b903f3
https://conda.anaconda.org/conda-forge/noarch/isoduration-20.11.0-pyhd8ed1ab_0.tar.bz2#4cb68948e0b8429534380243d063a27a
https://conda.anaconda.org/conda-forge/noarch/jsonschema-4.23.0-pyhd8ed1ab_0.conda#da304c192ad59975202859b367d0f6a2
https://conda.anaconda.org/conda-forge/noarch/jupyter_client-8.6.2-pyhd8ed1ab_0.conda#3cdbb2fa84490e5fd44c9f9806c0d292
https://conda.anaconda.org/conda-forge/linux-aarch64/pandas-2.2.2-py312h14eacfc_1.conda#ea4fd304d3cd65f0ddf0dd3c46e0703a
https://conda.anaconda.org/conda-forge/linux-aarch64/pango-1.54.0-h7579590_1.conda#905145a94ad41fce135074a0214616e9
https://conda.anaconda.org/conda-forge/linux-aarch64/scipy-1.14.0-py312h37abc14_1.conda#dba23dc3f8e4712c3031942fbbe57829
https://conda.anaconda.org/conda-forge/noarch/urllib3-2.2.2-pyhd8ed1ab_1.conda#e804c43f58255e977093a2298e442bb8
https://conda.anaconda.org/conda-forge/noarch/conda-package-handling-2.3.0-pyh7900ff3_0.conda#0a7dce281ae2be81acab0aa963e6bb99
https://conda.anaconda.org/conda-forge/noarch/ipykernel-6.29.5-pyh3099207_0.conda#b40131ab6a36ac2c09b7c57d4d3fbf99
https://conda.anaconda.org/conda-forge/noarch/ipywidgets-8.1.3-pyhd8ed1ab_0.conda#a1323654e9d87b16642ef02a03b98b32
https://conda.anaconda.org/conda-forge/noarch/jsonschema-with-format-nongpl-4.23.0-hd8ed1ab_0.conda#16b37612b3a2fd77f409329e213b530c
https://conda.anaconda.org/conda-forge/linux-aarch64/matplotlib-base-3.9.1-py312h97afc53_2.conda#219dd227d353f481ccc1e994dc39ef23
https://conda.anaconda.org/conda-forge/noarch/nbformat-5.10.4-pyhd8ed1ab_0.conda#0b57b5368ab7fc7cdc9e3511fa867214
https://conda.anaconda.org/conda-forge/linux-aarch64/r-base-4.3.3-hefc4705_13.conda#9c4fc96e46c184db0bdb70c6d08e12dc
https://conda.anaconda.org/conda-forge/noarch/requests-2.32.3-pyhd8ed1ab_0.conda#5ede4753180c7a550a443c430dc8ab52
https://conda.anaconda.org/conda-forge/noarch/ipympl-0.9.4-pyhd8ed1ab_0.conda#efef6deea063ef5612376b62b857ad7f
https://conda.anaconda.org/conda-forge/noarch/jupyter_events-0.10.0-pyhd8ed1ab_0.conda#ed45423c41b3da15ea1df39b1f80c2ca
https://conda.anaconda.org/conda-forge/noarch/nbclient-0.10.0-pyhd8ed1ab_0.conda#15b51397e0fe8ea7d7da60d83eb76ebc
https://conda.anaconda.org/conda-forge/linux-aarch64/r-base64enc-0.1_3-r43hc1cf72c_1007.conda#a8ca9ae5864b61e40d7d42fa5573a819
https://conda.anaconda.org/conda-forge/linux-aarch64/r-cli-3.6.3-r43h6170684_1.conda#f7eb1742d4c29f715bae1cb4c6877db3
https://conda.anaconda.org/conda-forge/noarch/r-crayon-1.5.3-r43hc72bb7e_1.conda#bafc77be1942ea00228cf18d2cb30e35
https://conda.anaconda.org/conda-forge/linux-aarch64/r-digest-0.6.36-r43h6170684_1.conda#113167bcb8bb0c10740fcd8a50c99f23
https://conda.anaconda.org/conda-forge/noarch/r-evaluate-0.24.0-r43hc72bb7e_1.conda#5188f299c45fa47d9211b5898ceee182
https://conda.anaconda.org/conda-forge/linux-aarch64/r-fansi-1.0.6-r43hc1cf72c_1.conda#401de246b71cdc2f9350e04264ff79c8
https://conda.anaconda.org/conda-forge/linux-aarch64/r-fastmap-1.2.0-r43h6170684_1.conda#c0bfd2b362dd4bb7eca0b9772d3934c6
https://conda.anaconda.org/conda-forge/linux-aarch64/r-glue-1.7.0-r43hc1cf72c_1.conda#697225badcefd8853c7c4fe23467ff05
https://conda.anaconda.org/conda-forge/linux-aarch64/r-jsonlite-1.8.8-r43hc1cf72c_1.conda#a21fa85be9c8e0b5ff131c7dd887c89f
https://conda.anaconda.org/conda-forge/linux-aarch64/r-rlang-1.1.4-r43h6170684_1.conda#06447f864fa2a99b95e49d6ae3cee4bb
https://conda.anaconda.org/conda-forge/linux-aarch64/r-utf8-1.2.4-r43hc1cf72c_1.conda#d1649324c9c516d15dbffc8a016c007f
https://conda.anaconda.org/conda-forge/noarch/nbconvert-core-7.16.4-pyhd8ed1ab_1.conda#e2d2abb421c13456a9a9f80272fdf543
https://conda.anaconda.org/conda-forge/linux-aarch64/r-ellipsis-0.3.2-r43hc1cf72c_3.conda#1b05cc26249d8951bc4b5a38891486cf
https://conda.anaconda.org/conda-forge/noarch/r-lifecycle-1.0.4-r43hc72bb7e_1.conda#7a0a8ba1fe2cf12b39062d8291e2fca8
https://conda.anaconda.org/conda-forge/noarch/jupyter_server-2.14.2-pyhd8ed1ab_0.conda#ca23c71f70a7c7935b3d03f0f1a5801d
https://conda.anaconda.org/conda-forge/linux-aarch64/r-htmltools-0.5.8.1-r43h6170684_1.conda#c9a4f2e954415f5b5d83170768451995
https://conda.anaconda.org/conda-forge/linux-aarch64/r-vctrs-0.6.5-r43h6170684_1.conda#d9b12e8b549435ee1dc664c287979c60
https://conda.anaconda.org/conda-forge/noarch/jupyter-lsp-2.2.5-pyhd8ed1ab_0.conda#885867f6adab3d7ecdf8ab6ca0785f51
https://conda.anaconda.org/conda-forge/noarch/jupyterlab_server-2.27.3-pyhd8ed1ab_0.conda#af8239bf1ba7e8c69b689f780f653488
https://conda.anaconda.org/conda-forge/noarch/notebook-shim-0.2.4-pyhd8ed1ab_0.conda#3d85618e2c97ab896b5b5e298d32b5b3
https://conda.anaconda.org/conda-forge/noarch/r-pillar-1.9.0-r43hc72bb7e_2.conda#49a43daa7f46eecd9d42f1073da96662
https://conda.anaconda.org/conda-forge/noarch/jupyterlab-4.2.1-pyhd8ed1ab_0.conda#3e7290af6190b29c7017d6a8fb0eaeea
https://conda.anaconda.org/conda-forge/noarch/r-repr-1.1.7-r43h785f33e_1.conda#c5196ead473f381384bc3dda3671c346
https://conda.anaconda.org/conda-forge/noarch/r-irdisplay-1.1-r43hd8ed1ab_3.conda#356c5f8c44cdf7efcc909af30faf0f41
https://conda.anaconda.org/conda-forge/linux-aarch64/xeus-r-0.2.1-r43h70be974_0.conda#0b65e6bc029ae6f399d5b540765797d5
https://conda.anaconda.org/conda-forge/linux-aarch64/conda-24.7.1-py312h996f985_0.conda#92e527ada42816d9099e1e226247a804
https://conda.anaconda.org/conda-forge/noarch/conda-libmamba-solver-24.7.0-pyhd8ed1ab_0.conda#857c9e25f0a77c0bd7eb622d46d9418f
