# Generated by conda-lock.
# platform: win-64
# input_hash: 71922424ef07ad83cb90c1a63df8235668588448ddec1230cb9556850d0a8ed4
@EXPLICIT
https://conda.anaconda.org/conda-forge/noarch/font-ttf-dejavu-sans-mono-2.37-hab24e00_0.tar.bz2#0c96522c6bdaed4b1566d11387caaf45
https://conda.anaconda.org/conda-forge/noarch/font-ttf-inconsolata-3.000-h77eed37_0.tar.bz2#34893075a5c9e55cdafac56607368fc6
https://conda.anaconda.org/conda-forge/noarch/font-ttf-source-code-pro-2.038-h77eed37_0.tar.bz2#4d59c254e01d9cde7957100457e2d5fb
https://conda.anaconda.org/conda-forge/noarch/font-ttf-ubuntu-0.83-h77eed37_3.conda#49023d73832ef61042f6a237cb2687e7
https://conda.anaconda.org/conda-forge/noarch/nlohmann_json-abi-3.12.0-h0f90c79_1.conda#59659d0213082bc13be8500bab80c002
https://conda.anaconda.org/conda-forge/win-64/onemkl-license-2026.0.0-h57928b3_908.conda#9c9303e08b50e09f5c23e1dac99d0936
https://conda.anaconda.org/conda-forge/noarch/pybind11-abi-11-hc364b38_1.conda#f0599959a2447c1e544e216bddf393fa
https://conda.anaconda.org/conda-forge/noarch/python_abi-3.12-8_cp312.conda#c3efd25ac4d74b1584d2f7a57195ddf1
https://conda.anaconda.org/conda-forge/noarch/tzdata-2025c-hc9c84f9_1.conda#ad659d0a2b3e47e38d829aa8cad2d610
https://conda.anaconda.org/conda-forge/win-64/ucrt-10.0.26100.0-h57928b3_0.conda#71b24316859acd00bdb8b38f5e2ce328
https://conda.anaconda.org/conda-forge/win-64/winpty-0.4.3-4.tar.bz2#1cee351bf20b830d991dbe0bc8cd7dfe
https://conda.anaconda.org/conda-forge/noarch/ca-certificates-2026.6.17-h4c7d964_0.conda#b9696b2cf00dfeec138c70cee38ed192
https://conda.anaconda.org/conda-forge/noarch/fonts-conda-forge-1-hc364b38_1.conda#a7970cd949a077b7cb9696379d338681
https://conda.anaconda.org/conda-forge/win-64/libwinpthread-12.0.0.r4.gg4f2fc60ca-h57928b3_10.conda#8a86073cf3b343b87d03f41790d8b4e5
https://conda.anaconda.org/conda-forge/win-64/vcomp14-14.51.36231-h1b9f54f_39.conda#8b53a83fda40ec679e4d63fa32fae989
https://conda.anaconda.org/conda-forge/noarch/fonts-conda-ecosystem-1-0.tar.bz2#fee5683a3f04bd15cbd8318b096a27ab
https://conda.anaconda.org/conda-forge/win-64/libgomp-15.2.0-h8ee18e1_19.conda#f1147651e3fdd585e2f442c0c2fc8f2d
https://conda.anaconda.org/conda-forge/win-64/vc14_runtime-14.51.36231-h1b9f54f_39.conda#06a5bf5a1ca16cce0df6eaa91fc42bc2
https://conda.anaconda.org/conda-forge/win-64/_openmp_mutex-4.5-20_gnu.conda#1626967b574d1784b578b52eaeb071e7
https://conda.anaconda.org/conda-forge/win-64/vc-14.5-h1b7c187_39.conda#2eacea63f545b97342da520df6854276
https://conda.anaconda.org/conda-forge/win-64/bzip2-1.0.8-h0ad9c76_9.conda#4cb8e6b48f67de0b018719cdf1136306
https://conda.anaconda.org/conda-forge/win-64/cpp-expected-1.3.1-h477610d_0.conda#444e9f7d9b3f69006c3af5db59e11364
https://conda.anaconda.org/conda-forge/win-64/fmt-12.1.0-h7f4e812_0.conda#6e226b58e18411571aaa57a16ad10831
https://conda.anaconda.org/conda-forge/win-64/fribidi-1.0.16-hfd05255_0.conda#c27bd87e70f970010c1c6db104b88b18
https://conda.anaconda.org/conda-forge/win-64/graphite2-1.3.15-hac47afa_0.conda#ff9a9bfe791f56b0227597a7651a6af0
https://conda.anaconda.org/conda-forge/win-64/icu-78.3-h637d24d_0.conda#0097b24800cb696915c3dbd1f5335d3f
https://conda.anaconda.org/conda-forge/win-64/lerc-4.1.0-hd936e49_0.conda#54b231d595bc1ff9bff668dd443ee012
https://conda.anaconda.org/conda-forge/win-64/libbrotlicommon-1.2.0-hfd05255_1.conda#444b0a45bbd1cb24f82eedb56721b9c4
https://conda.anaconda.org/conda-forge/win-64/libdeflate-1.25-h51727cc_0.conda#e77030e67343e28b084fabd7db0ce43e
https://conda.anaconda.org/conda-forge/win-64/libexpat-2.8.1-hac47afa_1.conda#ccc490c81ffe14181861beac0e8f3169
https://conda.anaconda.org/conda-forge/win-64/libffi-3.5.2-h3d046cb_0.conda#720b39f5ec0610457b725eb3f396219a
https://conda.anaconda.org/conda-forge/win-64/libgcc-15.2.0-h8ee18e1_19.conda#cc5d690fc1c629038f13c68e88e65f44
https://conda.anaconda.org/conda-forge/win-64/libiconv-1.18-hc1393d2_2.conda#64571d1dd6cdcfa25d0664a5950fdaa2
https://conda.anaconda.org/conda-forge/win-64/libjpeg-turbo-3.1.4.1-hfd05255_0.conda#25a127bad5470852b30b239f030ec95b
https://conda.anaconda.org/conda-forge/win-64/liblzma-5.8.3-hfd05255_0.conda#8f83619ab1588b98dd99c90b0bfc5c6d
https://conda.anaconda.org/conda-forge/win-64/libmsgpack-c-6.1.0-h5112557_6.conda#44307023d8a49869094cb15ddef99715
https://conda.anaconda.org/conda-forge/win-64/libsodium-1.0.22-h6a83c73_1.conda#7d5abf7ca1bd00b43d273f44d93d05dc
https://conda.anaconda.org/conda-forge/win-64/libsqlite-3.53.3-hf5d6505_0.conda#051f1b2228e7517a2ef8cca5146c8967
https://conda.anaconda.org/conda-forge/win-64/libwebp-base-1.6.0-h4d5522a_0.conda#f9bbae5e2537e3b06e0f7310ba76c893
https://conda.anaconda.org/conda-forge/win-64/libzlib-1.3.2-hfd05255_2.conda#dbabbd6234dea34040e631f87676292f
https://conda.anaconda.org/conda-forge/win-64/llvm-openmp-22.1.8-h4fa8253_0.conda#de3551bf6508d45ca46b714639e52823
https://conda.anaconda.org/conda-forge/win-64/lz4-c-1.10.0-h2466b09_1.conda#0b69331897a92fac3d8923549d48d092
https://conda.anaconda.org/conda-forge/win-64/lzo-2.10-h6a83c73_1002.conda#c5cb4159f0eea65663b31dd1e49bbb71
https://conda.anaconda.org/conda-forge/win-64/openssl-3.6.3-hf411b9b_0.conda#e99f95734a326c0fd4d02bbd995150d4
https://conda.anaconda.org/conda-forge/win-64/pixman-0.46.4-h5112557_1.conda#08c8fa3b419df480d985e304f7884d35
https://conda.anaconda.org/conda-forge/win-64/qhull-2020.2-hc790b64_5.conda#854fbdff64b572b5c0b470f334d34c11
https://conda.anaconda.org/conda-forge/win-64/reproc-14.2.7.post0-hfd05255_1.conda#9f428ede23b9a119bd2c0330bfc51851
https://conda.anaconda.org/conda-forge/win-64/simdjson-4.6.4-h49e36cd_0.conda#89d891f85334c927c5fceb64c4e7ba2e
https://conda.anaconda.org/conda-forge/win-64/tk-8.6.13-h6ed50ae_3.conda#0481bfd9814bf525bd4b3ee4b51494c4
https://conda.anaconda.org/conda-forge/win-64/yaml-0.2.5-h6a83c73_3.conda#433699cba6602098ae8957a323da2664
https://conda.anaconda.org/conda-forge/win-64/yaml-cpp-0.8.0-he0c23c2_0.conda#9bb5064a9fca5ca8e7d7f1ae677354b6
https://conda.anaconda.org/conda-forge/win-64/zlib-ng-2.3.3-h0261ad2_1.conda#46a21c0a4e65f1a135251fc7c8663f83
https://conda.anaconda.org/conda-forge/win-64/krb5-1.22.2-h719d79b_1.conda#00335c2c4a98656554771aaf6f1a7400
https://conda.anaconda.org/conda-forge/win-64/libbrotlidec-1.2.0-hfd05255_1.conda#450e3ae947fc46b60f1d8f8f318b40d4
https://conda.anaconda.org/conda-forge/win-64/libbrotlienc-1.2.0-hfd05255_1.conda#ccd93cfa8e54fd9df4e83dbe55ff6e8c
https://conda.anaconda.org/conda-forge/win-64/libintl-0.22.5-h5728263_3.conda#2cf0cf76cc15d360dfa2f17fd6cf9772
https://conda.anaconda.org/conda-forge/win-64/libpng-1.6.58-h7351971_0.conda#52f1280563f3b48b5f75414cd2d15dd1
https://conda.anaconda.org/conda-forge/win-64/libsolv-0.7.39-h8883371_0.conda#c2a7328ec05a3895280f291db51a6e5d
https://conda.anaconda.org/conda-forge/win-64/libssh2-1.11.1-h9aa295b_0.conda#9dce2f112bfd3400f4f432b3d0ac07b2
https://conda.anaconda.org/conda-forge/win-64/libxml2-16-2.15.3-h3cfd58e_0.conda#9e8dd0d90ed830107b2c36801035b7db
https://conda.anaconda.org/conda-forge/win-64/pcre2-10.47-hd2b5f0e_0.conda#77eaf2336f3ae749e712f63e36b0f0a1
https://conda.anaconda.org/conda-forge/win-64/pthread-stubs-0.4-h0e40799_1002.conda#3c8f2573569bb816483e5cf57efbbe29
https://conda.anaconda.org/conda-forge/win-64/python-3.12.13-h0159041_0_cpython.conda#2956dff38eb9f8332ad4caeba941cfe7
https://conda.anaconda.org/conda-forge/win-64/reproc-cpp-14.2.7.post0-hac47afa_1.conda#6bf1a32350e40dafb15d85080ad84408
https://conda.anaconda.org/conda-forge/win-64/spdlog-1.17.0-h9f585f1_1.conda#5c17c0a063b4d36b15d5f9c0ca5377a0
https://conda.anaconda.org/conda-forge/win-64/xorg-libxau-1.0.12-hba3369d_1.conda#8436cab9a76015dfe7208d3c9f97c156
https://conda.anaconda.org/conda-forge/win-64/xorg-libxdmcp-1.1.5-hba3369d_1.conda#a7c03e38aa9c0e84d41881b9236eacfb
https://conda.anaconda.org/conda-forge/win-64/zlib-1.3.2-hfd05255_2.conda#5187ecf958be3c39110fe691cbd6873e
https://conda.anaconda.org/conda-forge/win-64/zstd-1.5.7-h534d264_6.conda#053b84beec00b71ea8ff7a4f84b55207
https://conda.anaconda.org/conda-forge/noarch/archspec-0.2.5-pyhd8ed1ab_0.conda#845b38297fca2f2d18a29748e2ece7fa
https://conda.anaconda.org/conda-forge/noarch/asttokens-3.0.1-pyhd8ed1ab_0.conda#9673a61a297b00016442e022d689faa6
https://conda.anaconda.org/conda-forge/noarch/attrs-26.1.0-pyhcf101f3_0.conda#c6b0543676ecb1fb2d7643941fe375f2
https://conda.anaconda.org/conda-forge/noarch/babel-2.18.0-pyhcf101f3_1.conda#f1976ce927373500cc19d3c0b2c85177
https://conda.anaconda.org/conda-forge/win-64/backports.zstd-1.6.0-py312h06d0912_0.conda#0d8bcdc0af72309fb998811f5f4db2c5
https://conda.anaconda.org/conda-forge/noarch/boltons-26.0.0-pyhd8ed1ab_0.conda#06c2cbdcfd20af2f72a95e09f8747c52
https://conda.anaconda.org/conda-forge/win-64/brotli-bin-1.2.0-hfd05255_1.conda#6abd7089eb3f0c790235fe469558d190
https://conda.anaconda.org/conda-forge/win-64/brotli-python-1.2.0-py312hc6d9e41_1.conda#e8e7a6346a9e50d19b4daf41f367366f
https://conda.anaconda.org/conda-forge/noarch/cached_property-1.5.2-pyha770c72_1.tar.bz2#576d629e47797577ab0f1b351297ef4a
https://conda.anaconda.org/conda-forge/noarch/certifi-2026.6.17-pyhd8ed1ab_0.conda#c13824fedced67005d3832c152fe9c2f
https://conda.anaconda.org/conda-forge/noarch/charset-normalizer-3.4.7-pyhd8ed1ab_0.conda#a9167b9571f3baa9d448faa2139d1089
https://conda.anaconda.org/conda-forge/noarch/colorama-0.4.6-pyhd8ed1ab_1.conda#962b9857ee8e7018c22f2776ffa0b2d7
https://conda.anaconda.org/conda-forge/noarch/comm-0.2.3-pyhe01879c_0.conda#2da13f2b299d8e1995bafbbe9689a2f7
https://conda.anaconda.org/conda-forge/noarch/cpython-3.12.13-py312hd8ed1ab_0.conda#f54c1ffb8ecedb85a8b7fcde3a187212
https://conda.anaconda.org/conda-forge/noarch/cycler-0.12.1-pyhcf101f3_2.conda#4c2a8fef270f6c69591889b93f9f55c1
https://conda.anaconda.org/conda-forge/win-64/debugpy-1.8.21-py312ha1a9051_0.conda#5628287239c9ef6df2d66dc143f7c8dd
https://conda.anaconda.org/conda-forge/noarch/decorator-5.3.1-pyhd8ed1ab_0.conda#61dcf784d59ef0bd62c57d982b154ace
https://conda.anaconda.org/conda-forge/noarch/defusedxml-0.7.1-pyhd8ed1ab_0.tar.bz2#961b3a227b437d82ad7054484cfa71b2
https://conda.anaconda.org/conda-forge/noarch/distro-1.9.0-pyhd8ed1ab_1.conda#0a2014fd9860f8b1eaa0b1f3d3771a08
https://conda.anaconda.org/conda-forge/noarch/executing-2.2.1-pyhd8ed1ab_0.conda#ff9efb7f7469aed3c4a8106ffa29593c
https://conda.anaconda.org/conda-forge/noarch/filelock-3.29.4-pyhd8ed1ab_0.conda#66f138d7a6dffb5c959cc4bf6dc2b797
https://conda.anaconda.org/conda-forge/noarch/frozendict-2.4.7-pyh851646a_2.conda#43fdb6bcc1227a22290d0bc02a9484c9
https://conda.anaconda.org/conda-forge/noarch/hpack-4.2.0-pyhd8ed1ab_0.conda#b395909221b9bd1df066e5930e18855b
https://conda.anaconda.org/conda-forge/noarch/hyperframe-6.1.0-pyhd8ed1ab_0.conda#8e6923fc12f1fe8f8c4e5c9f343256ac
https://conda.anaconda.org/conda-forge/noarch/idna-3.18-pyhcf101f3_0.conda#577b04680ae422adb86fc60d7b940659
https://conda.anaconda.org/conda-forge/noarch/json5-0.15.0-pyhd8ed1ab_0.conda#761a4a6b9cba303c66a97ca642447171
https://conda.anaconda.org/conda-forge/noarch/jsonpointer-3.1.1-pyhcf101f3_0.conda#89bf346df77603055d3c8fe5811691e6
https://conda.anaconda.org/conda-forge/noarch/jupyterlab_widgets-3.0.16-pyhcf101f3_1.conda#dbf8b81974504fa51d34e436ca7ef389
https://conda.anaconda.org/conda-forge/win-64/kiwisolver-1.5.0-py312h78d62e6_0.conda#4ff6f76c2c16c85806ee7533768f5e64
https://conda.anaconda.org/conda-forge/noarch/lark-1.3.1-pyhd8ed1ab_0.conda#9b965c999135d43a3d0f7bd7d024e26a
https://conda.anaconda.org/conda-forge/win-64/libcurl-8.21.0-h8206538_0.conda#ed32b5c68abfae7702a700b636c84a91
https://conda.anaconda.org/conda-forge/win-64/libfreetype6-2.14.3-hdbac1cb_1.conda#4e4d54f9f98383d977ba56ef39ebf46d
https://conda.anaconda.org/conda-forge/win-64/libglib-2.88.2-h7ce1215_0.conda#5be116480ef34a5646894d7f7cd7ae41
https://conda.anaconda.org/conda-forge/win-64/libtiff-4.7.1-h8f73337_1.conda#549845d5133100142452812feb9ba2e8
https://conda.anaconda.org/conda-forge/win-64/libxcb-1.17.0-h0e4246c_0.conda#a69bbf778a462da324489976c84cfc8c
https://conda.anaconda.org/conda-forge/win-64/libxml2-2.15.3-h8ef44ab_0.conda#95591ca5671d2213f5b2d5aa7818420d
https://conda.anaconda.org/conda-forge/win-64/markupsafe-3.0.3-py312h05f76fc_1.conda#a73298d225c7852f97403ca105d10a13
https://conda.anaconda.org/conda-forge/win-64/msgpack-python-1.2.1-py312h78d62e6_1.conda#0ac1766b278a8547f22cd0820b8a7e96
https://conda.anaconda.org/conda-forge/noarch/munkres-1.1.4-pyhd8ed1ab_1.conda#37293a85a0f4f77bbd9cf7aaefc62609
https://conda.anaconda.org/conda-forge/noarch/nest-asyncio2-1.7.2-pyhcf101f3_0.conda#fcd832bfd4749e9b246112b6894f97fc
https://conda.anaconda.org/conda-forge/noarch/packaging-26.2-pyhc364b38_0.conda#4c06a92e74452cfa53623a81592e8934
https://conda.anaconda.org/conda-forge/noarch/pandocfilters-1.5.0-pyhd8ed1ab_0.tar.bz2#457c2c8c08e54905d6954e79cb5b5db9
https://conda.anaconda.org/conda-forge/noarch/parso-0.8.7-pyhcf101f3_0.conda#39894c952938276405a1bd30e4ce2caf
https://conda.anaconda.org/conda-forge/noarch/platformdirs-4.10.0-pyhcf101f3_0.conda#2c5ef45db85d34799771629bd5860fd7
https://conda.anaconda.org/conda-forge/noarch/pluggy-1.6.0-pyhf9edf01_1.conda#d7585b6550ad04c8c5e21097ada2888e
https://conda.anaconda.org/conda-forge/noarch/prometheus_client-0.25.0-pyhd8ed1ab_0.conda#a11ab1f31af799dd93c3a39881528884
https://conda.anaconda.org/conda-forge/win-64/psutil-7.2.2-py312he5662c2_0.conda#a2724c93b745fc7861948eb8b9f6679a
https://conda.anaconda.org/conda-forge/noarch/pure_eval-0.2.3-pyhd8ed1ab_1.conda#3bfdfb8dbcdc4af1ae3f9a8eb3948f04
https://conda.anaconda.org/conda-forge/win-64/pycosat-0.6.6-py312he06e257_3.conda#5cce886803814683a038c5a7bbef28e0
https://conda.anaconda.org/conda-forge/noarch/pycparser-3.0-pyhcf101f3_0.conda#9c5491066224083c41b6d5635ed7107b
https://conda.anaconda.org/conda-forge/noarch/pygments-2.20.0-pyhd8ed1ab_0.conda#16c18772b340887160c79a6acc022db0
https://conda.anaconda.org/conda-forge/noarch/pyparsing-3.3.2-pyhcf101f3_0.conda#3687cc0b82a8b4c17e1f0eb7e47163d5
https://conda.anaconda.org/conda-forge/noarch/python-fastjsonschema-2.21.2-pyhe01879c_0.conda#23029aae904a2ba587daba708208012f
https://conda.anaconda.org/conda-forge/noarch/python-installer-1.0.1-pyh332efcf_0.conda#5cc7e2e78962dc902cae9e29c2aa4b2f
https://conda.anaconda.org/conda-forge/noarch/python-tzdata-2026.2-pyhd8ed1ab_0.conda#f6ad7450fc21e00ecc23812baed6d2e4
https://conda.anaconda.org/conda-forge/win-64/pywin32-312-py312h829343e_0.conda#47f425e058b0a4b66712784a0d24b45d
https://conda.anaconda.org/conda-forge/win-64/pywinpty-2.0.15-py312h275cf98_1.conda#66255d136bd0daa41713a334db41d9f0
https://conda.anaconda.org/conda-forge/win-64/pyyaml-6.0.3-py312h05f76fc_1.conda#9f6ebef672522cb9d9a6257215ca5743
https://conda.anaconda.org/conda-forge/noarch/rfc3986-validator-0.1.1-pyh9f0ad1d_0.tar.bz2#912a71cc01012ee38e6b90ddd561e36f
https://conda.anaconda.org/conda-forge/win-64/rpds-py-2026.5.1-py312hd944d65_0.conda#da8231829c8f3ea456f761ab09eca78a
https://conda.anaconda.org/conda-forge/win-64/ruamel.yaml.clib-0.2.15-py312he5662c2_1.conda#cc0977464335ea5c2e5ee3d00458e0c2
https://conda.anaconda.org/conda-forge/noarch/setuptools-82.0.1-pyh332efcf_0.conda#8e194e7b992f99a5015edbd4ebd38efd
https://conda.anaconda.org/conda-forge/noarch/six-1.17.0-pyhe01879c_1.conda#3339e3b65d58accf4ca4fb8748ab16b3
https://conda.anaconda.org/conda-forge/noarch/sniffio-1.3.1-pyhd8ed1ab_2.conda#03fe290994c5e4ec17293cfb6bdce520
https://conda.anaconda.org/conda-forge/noarch/soupsieve-2.8.4-pyhd8ed1ab_0.conda#9e21f087f087f805debe877d88e00a14
https://conda.anaconda.org/conda-forge/noarch/tomli-2.4.1-pyhcf101f3_0.conda#b5325cf06a000c5b14970462ff5e4d58
https://conda.anaconda.org/conda-forge/noarch/tomli-w-1.2.0-pyhd8ed1ab_0.conda#32e37e8fe9ef45c637ee38ad51377769
https://conda.anaconda.org/conda-forge/win-64/tornado-6.5.7-py312he06e257_0.conda#1045d29f787812d3fac1fd80a1339710
https://conda.anaconda.org/conda-forge/noarch/traitlets-5.15.1-pyhcf101f3_0.conda#37e3be7b6e2977d37b8fa5da229f5dc0
https://conda.anaconda.org/conda-forge/noarch/truststore-0.10.4-pyhcf101f3_0.conda#c2db35b004913ec69bcac64fb0783de0
https://conda.anaconda.org/conda-forge/noarch/typing_extensions-4.15.0-pyhcf101f3_0.conda#0caa1af407ecff61170c9437a808404d
https://conda.anaconda.org/conda-forge/noarch/typing_utils-0.1.0-pyhd8ed1ab_1.conda#f6d7aa696c67756a650e91e15e88223c
https://conda.anaconda.org/conda-forge/win-64/unicodedata2-17.0.1-py312he06e257_0.conda#9c46f390eb4b5c6e502df20378e442dd
https://conda.anaconda.org/conda-forge/noarch/uri-template-1.3.0-pyhd8ed1ab_1.conda#e7cb0f5745e4c5035a460248334af7eb
https://conda.anaconda.org/conda-forge/noarch/wcwidth-0.8.1-pyhd8ed1ab_0.conda#19c961dd9cab6c3e13cd195f0176dbfa
https://conda.anaconda.org/conda-forge/noarch/webcolors-25.10.0-pyhd8ed1ab_0.conda#6639b6b0d8b5a284f027a2003669aa65
https://conda.anaconda.org/conda-forge/noarch/webencodings-0.5.1-pyhd8ed1ab_3.conda#2841eb5bfc75ce15e9a0054b98dcd64d
https://conda.anaconda.org/conda-forge/noarch/websocket-client-1.9.0-pyhd8ed1ab_0.conda#2f1ed718fcd829c184a6d4f0f2e07409
https://conda.anaconda.org/conda-forge/noarch/widgetsnbextension-4.0.15-pyhd8ed1ab_0.conda#dc257b7e7cad9b79c1dfba194e92297b
https://conda.anaconda.org/conda-forge/noarch/win_inet_pton-1.1.0-pyh7428d3b_8.conda#46e441ba871f524e2b067929da3051c2
https://conda.anaconda.org/conda-forge/win-64/zeromq-4.3.5-h3a581c9_11.conda#f016c0c5f9c01549b259146614786192
https://conda.anaconda.org/conda-forge/noarch/zipp-4.1.0-pyhcf101f3_0.conda#ba3dcdc8584155c97c648ae9c044b7a3
https://conda.anaconda.org/conda-forge/noarch/async-lru-2.3.0-pyhcf101f3_0.conda#b85e84cb64c762569cc1a760c2327e0a
https://conda.anaconda.org/conda-forge/noarch/bleach-6.4.0-pyhcf101f3_0.conda#93009c29cdd6f2500468f2502fff9209
https://conda.anaconda.org/conda-forge/win-64/brotli-1.2.0-h2d644bc_1.conda#bc58fdbced45bb096364de0fba1637af
https://conda.anaconda.org/conda-forge/noarch/cached-property-1.5.2-hd8ed1ab_1.tar.bz2#9b347a7ec10940d3f7941ff6c460b551
https://conda.anaconda.org/conda-forge/win-64/cffi-2.0.0-py312he06e257_1.conda#46f7dccfee37a52a97c0ed6f33fcf0a3
https://conda.anaconda.org/conda-forge/noarch/conda-package-streaming-0.13.0-pyhd8ed1ab_0.conda#b4e3dcace82b486f69bc693f30120205
https://conda.anaconda.org/conda-forge/noarch/exceptiongroup-1.3.1-pyhd8ed1ab_0.conda#8e662bd460bda79b1ea39194e3c4c9ab
https://conda.anaconda.org/conda-forge/noarch/h11-0.16.0-pyhcf101f3_1.conda#b8993c19b0c32a2f7b66cbb58ca27069
https://conda.anaconda.org/conda-forge/noarch/h2-4.3.0-pyhcf101f3_0.conda#164fc43f0b53b6e3a7bc7dce5e4f1dc9
https://conda.anaconda.org/conda-forge/noarch/importlib-metadata-9.0.0-pyhcf101f3_0.conda#ffc17e785d64e12fc311af9184221839
https://conda.anaconda.org/conda-forge/noarch/ipython_pygments_lexers-1.1.1-pyhd8ed1ab_0.conda#bd80ba060603cc228d9d81c257093119
https://conda.anaconda.org/conda-forge/noarch/jedi-0.20.0-pyhcf101f3_0.conda#c2b3d37aa1411031126036ee76a8a861
https://conda.anaconda.org/conda-forge/noarch/jinja2-3.1.6-pyhcf101f3_1.conda#04558c96691bed63104678757beb4f8d
https://conda.anaconda.org/conda-forge/noarch/jsonpatch-1.33-pyhd8ed1ab_1.conda#cb60ae9cf02b9fcb8004dec4089e5691
https://conda.anaconda.org/conda-forge/noarch/jupyter_core-5.9.1-pyh6dadd2b_0.conda#a8db462b01221e9f5135be466faeb3e0
https://conda.anaconda.org/conda-forge/noarch/jupyterlab_pygments-0.3.0-pyhd8ed1ab_2.conda#fd312693df06da3578383232528c468d
https://conda.anaconda.org/conda-forge/win-64/lcms2-2.19.1-hf2c6c5f_1.conda#1df4012c8a2478699d07bc26af66d41e
https://conda.anaconda.org/conda-forge/win-64/libarchive-3.8.8-gpl_he24518a_100.conda#e61cb5e50e73c4563c2427de40435171
https://conda.anaconda.org/conda-forge/win-64/libfreetype-2.14.3-h57928b3_1.conda#e45b52fb9a81c9e2708465a706e05952
https://conda.anaconda.org/conda-forge/win-64/libhwloc-2.13.0-default_h049141e_1000.conda#6a01c986e30292c715038d2788aa1385
https://conda.anaconda.org/conda-forge/noarch/matplotlib-inline-0.2.2-pyhd8ed1ab_0.conda#9acc1c385be401d533ff70ef5b50dae6
https://conda.anaconda.org/conda-forge/win-64/menuinst-2.5.1-py312ha1a9051_0.conda#50e819a29d38e3176a4517b346f87710
https://conda.anaconda.org/conda-forge/noarch/mistune-3.3.2-pyhcf101f3_0.conda#e92e7aa653b4c71d0cd3cd39eadc302f
https://conda.anaconda.org/conda-forge/win-64/openjpeg-2.5.4-h0e57b4f_0.conda#e723ab7cc2794c954e1b22fde51c16e4
https://conda.anaconda.org/conda-forge/noarch/overrides-7.7.0-pyhd8ed1ab_1.conda#e51f1e4089cad105b6cac64bd8166587
https://conda.anaconda.org/conda-forge/noarch/prompt-toolkit-3.0.52-pyha770c72_0.conda#edb16f14d920fb3faf17f5ce582942d6
https://conda.anaconda.org/conda-forge/noarch/pyproject_hooks-1.2.0-pyhd8ed1ab_1.conda#d4582021af437c931d7d77ec39007845
https://conda.anaconda.org/conda-forge/noarch/pysocks-1.7.1-pyh09c184e_7.conda#e2fd202833c4a981ce8a65974fe4abd1
https://conda.anaconda.org/conda-forge/noarch/python-dateutil-2.9.0.post0-pyhe01879c_2.conda#5b8d21249ff20967101ffa321cab24e8
https://conda.anaconda.org/conda-forge/noarch/python-gil-3.12.13-hd8ed1ab_0.conda#32780d6794b8056b78602103a04e90ef
https://conda.anaconda.org/conda-forge/noarch/python-json-logger-4.1.0-pyhd8ed1ab_0.conda#982ed0cbfc0fe09f25861e3d111e9717
https://conda.anaconda.org/conda-forge/noarch/referencing-0.37.0-pyhcf101f3_0.conda#870293df500ca7e18bedefa5838a22ab
https://conda.anaconda.org/conda-forge/noarch/rfc3339-validator-0.1.4-pyhd8ed1ab_1.conda#36de09a8d3e5d5e6f4ee63af49e59706
https://conda.anaconda.org/conda-forge/noarch/rfc3987-syntax-1.1.0-pyhe01879c_1.conda#7234f99325263a5af6d4cd195035e8f2
https://conda.anaconda.org/conda-forge/win-64/ruamel.yaml-0.18.17-py312he5662c2_2.conda#14ccfad15f0ba99ee12f9f4a1614d249
https://conda.anaconda.org/conda-forge/noarch/send2trash-2.1.0-pyh6dadd2b_1.conda#6ac53f3fff2c416d63511843a04646fa
https://conda.anaconda.org/conda-forge/noarch/stack_data-0.6.3-pyhd8ed1ab_1.conda#b1b505328da7a6b246787df4b5a49fbc
https://conda.anaconda.org/conda-forge/noarch/terminado-0.18.1-pyh6dadd2b_1.conda#e43ca10d61e55d0a8ec5d8c62474ec9e
https://conda.anaconda.org/conda-forge/noarch/tinycss2-1.4.0-pyhd8ed1ab_0.conda#f1acf5fdefa8300de697982bcb1761c9
https://conda.anaconda.org/conda-forge/noarch/tqdm-4.68.3-pyha7b4d00_0.conda#0b814124391b7e176bcc0cce445a3a36
https://conda.anaconda.org/conda-forge/noarch/typing-extensions-4.15.0-h396c80c_0.conda#edd329d7d3a4ab45dcf905899a7a6115
https://conda.anaconda.org/conda-forge/noarch/typing-inspection-0.4.2-pyhcf101f3_2.conda#53f5409c5cfd6c5a66417d68e3f0a864
https://conda.anaconda.org/conda-forge/noarch/wheel-0.47.0-pyhd8ed1ab_0.conda#d0e3b2f0030cf4fca58bde71d246e94c
https://conda.anaconda.org/conda-forge/noarch/_python_abi3_support-1.0-hd8ed1ab_2.conda#aaa2a381ccc56eac91d63b6c1240312f
https://conda.anaconda.org/conda-forge/noarch/annotated-types-0.7.0-pyhd8ed1ab_1.conda#2934f256a8acfe48f6ebb4fce6cde29c
https://conda.anaconda.org/conda-forge/noarch/anyio-4.14.1-pyhcf101f3_0.conda#7498bb2648f852c6a3cd5724ca80bdeb
https://conda.anaconda.org/conda-forge/win-64/argon2-cffi-bindings-25.1.0-py312he06e257_2.conda#5dc3781bbc4ddce0bf250a04c1a192c2
https://conda.anaconda.org/conda-forge/noarch/arrow-1.4.0-pyhcf101f3_0.conda#85c4f19f377424eafc4ed7911b291642
https://conda.anaconda.org/conda-forge/noarch/beautifulsoup4-4.15.0-pyha770c72_0.conda#3b261da3fe9b4168738712832410b022
https://conda.anaconda.org/conda-forge/noarch/bleach-with-css-6.4.0-hac0b51c_0.conda#5f710eab1f3c4e773c75686f5e8e6481
https://conda.anaconda.org/conda-forge/win-64/fontconfig-2.18.1-hd47e2ca_0.conda#abd79bad98c99c1a116154d6de74ea89
https://conda.anaconda.org/conda-forge/win-64/fonttools-4.63.0-py312h05f76fc_0.conda#2944f5f8ea7e2db9cea01ed951e09194
https://conda.anaconda.org/conda-forge/noarch/fqdn-1.5.1-pyhd8ed1ab_1.conda#d3549fd50d450b6d9e7dddff25dd2110
https://conda.anaconda.org/conda-forge/win-64/freetype-2.14.3-h57928b3_1.conda#e77293b32225b136a8be300f93d0e89f
https://conda.anaconda.org/conda-forge/noarch/ipython-9.15.0-pyhe2676ad_0.conda#a4c278221ad4da75ba1637f8d230e658
https://conda.anaconda.org/conda-forge/noarch/jsonschema-specifications-2025.9.1-pyhcf101f3_0.conda#439cd0f567d697b20a8f45cb70a1005a
https://conda.anaconda.org/conda-forge/noarch/jupyter-builder-1.0.2-pyhcf101f3_0.conda#12b0a9513f6abaa944c313c4a01d5500
https://conda.anaconda.org/conda-forge/noarch/jupyter_server_terminals-0.5.4-pyhcf101f3_0.conda#7b8bace4943e0dc345fc45938826f2b8
https://conda.anaconda.org/conda-forge/win-64/libmamba-2.8.1-h06825f5_0.conda#112762877fd3a9e761c9bd4feee68928
https://conda.anaconda.org/conda-forge/win-64/pillow-12.2.0-py312h31f0997_0.conda#ba3bcb72a269e7751cadbdd784f84dec
https://conda.anaconda.org/conda-forge/noarch/pip-26.1.2-pyh8b19718_0.conda#511fbc2c63d2c73650ad1755e4d357ba
https://conda.anaconda.org/conda-forge/win-64/pydantic-core-2.46.4-py312hdabe01f_0.conda#edd458c91ab9bc198012c73289b0b0bc
https://conda.anaconda.org/conda-forge/noarch/python-build-1.5.0-pyhc364b38_0.conda#fa587158c0d768127faa1a3b4df01e5d
https://conda.anaconda.org/conda-forge/win-64/tbb-2023.0.0-hd3d4ead_2.conda#8ee01a693aecff5432069eaaf1183c45
https://conda.anaconda.org/conda-forge/noarch/urllib3-2.7.0-pyhd8ed1ab_0.conda#cbb88288f74dbe6ada1c6c7d0a97223e
https://conda.anaconda.org/conda-forge/win-64/zstandard-0.25.0-py312he5662c2_1.conda#e9e25949b682e95535068bae33153ba6
https://conda.anaconda.org/conda-forge/noarch/argon2-cffi-25.1.0-pyhd8ed1ab_0.conda#8ac12aff0860280ee0cff7fa2cf63f3b
https://conda.anaconda.org/conda-forge/win-64/cairo-1.18.4-h477c42c_1.conda#52ea1beba35b69852d210242dd20f97d
https://conda.anaconda.org/conda-forge/noarch/httpcore-1.0.9-pyh29332c3_0.conda#4f14640d58e2cc0aa0819d9d8ba125bb
https://conda.anaconda.org/conda-forge/noarch/ipywidgets-8.1.8-pyhd8ed1ab_0.conda#d68e3f70d1f068f1b66d94822fdc644e
https://conda.anaconda.org/conda-forge/noarch/isoduration-20.11.0-pyhd8ed1ab_1.conda#0b0154421989637d424ccf0f104be51a
https://conda.anaconda.org/conda-forge/noarch/jsonschema-4.26.0-pyhcf101f3_0.conda#ada41c863af263cc4c5fcbaff7c3e4dc
https://conda.anaconda.org/conda-forge/win-64/libmamba-spdlog-2.8.1-h7dcf005_0.conda#c3424255d9c261f649e6d1851102b458
https://conda.anaconda.org/conda-forge/win-64/mkl-2026.0.0-hac47afa_908.conda#36ea6e1292e9d5e89374201da79646ef
https://conda.anaconda.org/conda-forge/win-64/py-rattler-0.25.0-py310hb39080a_1.conda#802666e49168e778512a36453cd74a74
https://conda.anaconda.org/conda-forge/noarch/pydantic-2.13.4-pyhcf101f3_0.conda#729843edafc0899b3348bd3f19525b9d
https://conda.anaconda.org/conda-forge/win-64/pyzmq-27.1.0-py312h343a6d4_3.conda#ebbda9a4e5161d6e1f98146ad057dc10
https://conda.anaconda.org/conda-forge/noarch/requests-2.34.2-pyhcf101f3_0.conda#4a85203c1d80c1059086ae860836ffb9
https://conda.anaconda.org/conda-forge/noarch/conda-package-handling-2.5.0-pyhcf101f3_0.conda#3f1854f1ec2090538fb49b7078dbb9de
https://conda.anaconda.org/conda-forge/win-64/harfbuzz-14.2.1-h5a1b470_0.conda#0bcbb7f911590beec914555c6b82050d
https://conda.anaconda.org/conda-forge/noarch/httpx-0.28.1-pyhd8ed1ab_0.conda#d6989ead454181f4f9bc987d3dc4e285
https://conda.anaconda.org/conda-forge/noarch/jsonschema-with-format-nongpl-4.26.0-hcf101f3_0.conda#8368d58342d0825f0843dc6acdd0c483
https://conda.anaconda.org/conda-forge/noarch/jupyter_client-8.9.1-pyhcf101f3_0.conda#49440e66df843bee2273937e8032ec43
https://conda.anaconda.org/conda-forge/win-64/libblas-3.11.0-8_h8455456_mkl.conda#4a0ce24b1a946ff77ae9eaa7ef015a33
https://conda.anaconda.org/conda-forge/win-64/libmambapy-2.8.1-py312hae44906_0.conda#617fbdadedd1de0d6a71ac6cc578aa53
https://conda.anaconda.org/conda-forge/noarch/nbformat-5.10.4-pyhd8ed1ab_1.conda#bbe1963f1e47f594070ffe87cdf612ea
https://conda.anaconda.org/conda-forge/noarch/conda-libmamba-solver-26.4.2-pyhd8ed1ab_0.conda#b8d70ceaeb03c3fb4fcfa0ace49272dc
https://conda.anaconda.org/conda-forge/noarch/ipykernel-7.3.0-pyh6dadd2b_0.conda#dd5c51d5c42381ba4a2e0ce32e02ba17
https://conda.anaconda.org/conda-forge/noarch/jupyter_events-0.12.1-pyhcf101f3_0.conda#bf42ee94c750c0b2e7e998b79ac299ea
https://conda.anaconda.org/conda-forge/win-64/libcblas-3.11.0-8_h2a3cdd5_mkl.conda#09f1d8e4d2675d34ad2acb115211d10c
https://conda.anaconda.org/conda-forge/win-64/liblapack-3.11.0-8_hf9ab0e9_mkl.conda#d584799b920ecae9b75a2b70743a3de7
https://conda.anaconda.org/conda-forge/win-64/libraqm-0.10.5-h781ae3c_0.conda#df06465614f67f7e41233d356aa7a927
https://conda.anaconda.org/conda-forge/noarch/nbclient-0.11.0-pyhd8ed1ab_0.conda#cf01a81d7960ad9c829bf2e794fcee9a
https://conda.anaconda.org/conda-forge/noarch/unearth-0.18.2-pyhd8ed1ab_0.conda#a85b53859c40d115022948c8f225d8d6
https://conda.anaconda.org/conda-forge/noarch/nbconvert-core-7.17.1-pyhcf101f3_0.conda#2bce0d047658a91b99441390b9b27045
https://conda.anaconda.org/conda-forge/win-64/numpy-2.5.0-py312ha3f287d_0.conda#2d395ffbe339689fb2b0a4b051960ec9
https://conda.anaconda.org/conda-forge/win-64/contourpy-1.3.3-py312h78d62e6_4.conda#475bd41a63e613f2f2a2764cd1cd3b25
https://conda.anaconda.org/conda-forge/noarch/jupyter_server-2.20.0-pyhcf101f3_0.conda#b2ddb0e13b5600070c4019c4db8a78e6
https://conda.anaconda.org/conda-forge/win-64/pandas-3.0.3-py312h95189c4_0.conda#9da394ea5e0ec5cc5edc1ad14f2a4d4d
https://conda.anaconda.org/conda-forge/win-64/scipy-1.18.0-py312h9b3c559_0.conda#e1fee578f6c533ff532693143919afde
https://conda.anaconda.org/conda-forge/noarch/jupyter-lsp-2.3.1-pyhcf101f3_0.conda#0c3b465ceee138b9c39279cc02e5c4a0
https://conda.anaconda.org/conda-forge/noarch/jupyterlab_server-2.28.0-pyhcf101f3_0.conda#a63877cb23de826b1620d3adfccc4014
https://conda.anaconda.org/conda-forge/win-64/matplotlib-base-3.11.0-py312h6eb3b5e_0.conda#06257487123d60cc9b0879dab703deae
https://conda.anaconda.org/conda-forge/noarch/notebook-shim-0.2.4-pyhd8ed1ab_1.conda#e7f89ea5f7ea9401642758ff50a2d9c1
https://conda.anaconda.org/conda-forge/noarch/ipympl-0.10.0-pyhcf101f3_0.conda#abb099ef4a8ab45d4b713f2d4277f727
https://conda.anaconda.org/conda-forge/noarch/jupyterlab-4.6.1-pyhd8ed1ab_0.conda#7ba07211c94d434f3223a4418f8b1ff8
https://conda.anaconda.org/conda-forge/noarch/conda-index-0.12.1-pyhd8ed1ab_0.conda#1b8035639db6b74dcdc6b5412ae89011
https://conda.anaconda.org/conda-forge/noarch/conda-lockfiles-0.2.0-pyhd8ed1ab_0.conda#6248ea5c3194d00fb1db6d68fcdcfd3e
https://conda.anaconda.org/conda-forge/win-64/conda-pypi-0.10.1-py312h209ec74_2.conda#0d6b18766bea6b1af79d68cc9b9fe030
https://conda.anaconda.org/conda-forge/noarch/conda-rattler-solver-0.1.1-pyhcf101f3_0.conda#f5d15171925a157707e1ad165179449c
https://conda.anaconda.org/conda-forge/win-64/conda-26.5.3-py312h2e8e312_0.conda#38e95eccb6f6aa9a671d1b7309b2a2f7
https://conda.anaconda.org/conda-forge/noarch/conda-self-0.2.0-pyhd8ed1ab_0.conda#76e0899bd902fd2779307e76748d3d8a
