# Generated by conda-lock.
# platform: linux-aarch64
# input_hash: 34fa760e96deba5453448cce0b197c59b62dcb58ea29ae468a063fb0a18e6c99
@EXPLICIT
https://conda.anaconda.org/conda-forge/noarch/font-ttf-dejavu-sans-mono-2.37-hab24e00_0.tar.bz2#0c96522c6bdaed4b1566d11387caaf45
https://conda.anaconda.org/conda-forge/noarch/font-ttf-inconsolata-3.000-h77eed37_0.tar.bz2#34893075a5c9e55cdafac56607368fc6
https://conda.anaconda.org/conda-forge/noarch/font-ttf-source-code-pro-2.038-h77eed37_0.tar.bz2#4d59c254e01d9cde7957100457e2d5fb
https://conda.anaconda.org/conda-forge/noarch/font-ttf-ubuntu-0.83-h77eed37_3.conda#49023d73832ef61042f6a237cb2687e7
https://conda.anaconda.org/conda-forge/linux-aarch64/libgomp-15.2.0-h8acb6b2_19.conda#c5e8a379c4a2ec2aea4ba22758c001d9
https://conda.anaconda.org/conda-forge/linux-aarch64/libzlib-1.3.2-hdc9db2a_2.conda#502006882cf5461adced436e410046d1
https://conda.anaconda.org/conda-forge/noarch/nlohmann_json-abi-3.12.0-h0f90c79_1.conda#59659d0213082bc13be8500bab80c002
https://conda.anaconda.org/conda-forge/noarch/pybind11-abi-11-hc364b38_1.conda#f0599959a2447c1e544e216bddf393fa
https://conda.anaconda.org/conda-forge/noarch/python_abi-3.12-8_cp312.conda#c3efd25ac4d74b1584d2f7a57195ddf1
https://conda.anaconda.org/conda-forge/noarch/tzdata-2025c-hc9c84f9_1.conda#ad659d0a2b3e47e38d829aa8cad2d610
https://conda.anaconda.org/conda-forge/linux-aarch64/_openmp_mutex-4.5-20_gnu.conda#468fd3bb9e1f671d36c2cbc677e56f1d
https://conda.anaconda.org/conda-forge/noarch/ca-certificates-2026.6.17-hbd8a1cb_0.conda#a9965dd99f683c5f444428f896635716
https://conda.anaconda.org/conda-forge/noarch/fonts-conda-forge-1-hc364b38_1.conda#a7970cd949a077b7cb9696379d338681
https://conda.anaconda.org/conda-forge/linux-aarch64/zstd-1.5.7-h85ac4a6_6.conda#c3655f82dcea2aa179b291e7099c1fcc
https://conda.anaconda.org/conda-forge/noarch/fonts-conda-ecosystem-1-0.tar.bz2#fee5683a3f04bd15cbd8318b096a27ab
https://conda.anaconda.org/conda-forge/linux-aarch64/ld_impl_linux-aarch64-2.45.1-default_h1979696_102.conda#a21644fc4a83da26452a718dc9468d5f
https://conda.anaconda.org/conda-forge/linux-aarch64/libgcc-15.2.0-h8acb6b2_19.conda#f35b3f52d0a2ec4ffe3c89ba135cdb9a
https://conda.anaconda.org/conda-forge/linux-aarch64/bzip2-1.0.8-h4777abc_9.conda#840d8fc0d7b3209be93080bc20e07f2d
https://conda.anaconda.org/conda-forge/linux-aarch64/c-ares-1.34.6-he30d5cf_0.conda#1dfbec0d08f112103405756181304c16
https://conda.anaconda.org/conda-forge/linux-aarch64/fribidi-1.0.16-he30d5cf_0.conda#f3ac54914f7d3e1d68cb8d891765e5f9
https://conda.anaconda.org/conda-forge/linux-aarch64/keyutils-1.6.3-h86ecc28_0.conda#e7df0aab10b9cbb73ab2a467ebfaf8c7
https://conda.anaconda.org/conda-forge/linux-aarch64/libbrotlicommon-1.2.0-he30d5cf_1.conda#8ec1d03f3000108899d1799d9964f281
https://conda.anaconda.org/conda-forge/linux-aarch64/libdeflate-1.25-h1af38f5_0.conda#a9138815598fe6b91a1d6782ca657b0c
https://conda.anaconda.org/conda-forge/linux-aarch64/libexpat-2.8.1-hfae3067_1.conda#fac3b65a605cd253037fdf3daf2de8d9
https://conda.anaconda.org/conda-forge/linux-aarch64/libffi-3.5.2-h376a255_0.conda#2f364feefb6a7c00423e80dcb12db62a
https://conda.anaconda.org/conda-forge/linux-aarch64/libgcc-ng-15.2.0-he9431aa_19.conda#770cf892e5530f43e63cadc673e85653
https://conda.anaconda.org/conda-forge/linux-aarch64/libgfortran5-15.2.0-h1b7bec0_19.conda#779dbb494de6d3d6477cab52eb34285a
https://conda.anaconda.org/conda-forge/linux-aarch64/libiconv-1.18-h90929bb_2.conda#5a86bf847b9b926f3a4f203339748d78
https://conda.anaconda.org/conda-forge/linux-aarch64/libjpeg-turbo-3.1.4.1-he30d5cf_0.conda#a85ba48648f6868016f2741fd9170250
https://conda.anaconda.org/conda-forge/linux-aarch64/liblzma-5.8.3-he30d5cf_0.conda#76298a9e6d71ee6e832a8d0d7373b261
https://conda.anaconda.org/conda-forge/linux-aarch64/libnsl-2.0.1-h86ecc28_1.conda#d5d58b2dc3e57073fe22303f5fed4db7
https://conda.anaconda.org/conda-forge/linux-aarch64/libpng-1.6.58-h1abf092_0.conda#f51503ac45a4888bce71af9027a2ecc9
https://conda.anaconda.org/conda-forge/linux-aarch64/libsodium-1.0.22-h80f16a2_1.conda#5cb9cebc948d70e6e7c81670f911dab3
https://conda.anaconda.org/conda-forge/linux-aarch64/libstdcxx-15.2.0-hef695bb_19.conda#543fbc8d71f2a0baf04cf88ce96cb8bb
https://conda.anaconda.org/conda-forge/linux-aarch64/libuuid-2.42.2-h1022ec0_0.conda#58fa42bc4bc71fc329889497ec15effb
https://conda.anaconda.org/conda-forge/linux-aarch64/libwebp-base-1.6.0-ha2e29f5_0.conda#24e92d0942c799db387f5c9d7b81f1af
https://conda.anaconda.org/conda-forge/linux-aarch64/lzo-2.10-h80f16a2_1002.conda#97af2e332449dd9e92ad7db93b02e918
https://conda.anaconda.org/conda-forge/linux-aarch64/ncurses-6.6-hf8d1292_0.conda#b2a43456aa56fe80c2477a5094899eff
https://conda.anaconda.org/conda-forge/linux-aarch64/openssl-3.6.3-h546c87b_0.conda#fa6260b3e6eababf6ca85a7eb3336383
https://conda.anaconda.org/conda-forge/linux-aarch64/pthread-stubs-0.4-h86ecc28_1002.conda#bb5a90c93e3bac3d5690acf76b4a6386
https://conda.anaconda.org/conda-forge/linux-aarch64/reproc-14.2.7.post0-he30d5cf_1.conda#e43373cbc5b1c481b925d307328eef51
https://conda.anaconda.org/conda-forge/linux-aarch64/tk-8.6.13-noxft_h0dc03b3_103.conda#7fc6affb9b01e567d2ef1d05b84aa6ed
https://conda.anaconda.org/conda-forge/linux-aarch64/xorg-libice-1.1.2-h86ecc28_0.conda#c8d8ec3e00cd0fd8a231789b91a7c5b7
https://conda.anaconda.org/conda-forge/linux-aarch64/xorg-libxau-1.0.12-he30d5cf_1.conda#1c246e1105000c3660558459e2fd6d43
https://conda.anaconda.org/conda-forge/linux-aarch64/xorg-libxdmcp-1.1.5-he30d5cf_1.conda#bff06dcde4a707339d66d45d96ceb2e2
https://conda.anaconda.org/conda-forge/linux-aarch64/yaml-0.2.5-h80f16a2_3.conda#032d8030e4a24fe1f72c74423a46fb88
https://conda.anaconda.org/conda-forge/linux-aarch64/cpp-expected-1.3.1-hdc560ac_0.conda#13f0be21fdd39114c28501ac21f0dd00
https://conda.anaconda.org/conda-forge/linux-aarch64/fmt-12.1.0-h20c602a_0.conda#067209b690c2d7f42e1e4c370d1aff12
https://conda.anaconda.org/conda-forge/linux-aarch64/graphite2-1.3.15-hfae3067_0.conda#4db044857ab1d09b2e8f0013c65387c1
https://conda.anaconda.org/conda-forge/linux-aarch64/icu-78.3-hcab7f73_0.conda#546da38c2fa9efacf203e2ad3f987c59
https://conda.anaconda.org/conda-forge/linux-aarch64/lerc-4.1.0-h52b7260_0.conda#d13423b06447113a90b5b1366d4da171
https://conda.anaconda.org/conda-forge/linux-aarch64/libbrotlidec-1.2.0-he30d5cf_1.conda#47e5b71b77bb8b47b4ecf9659492977f
https://conda.anaconda.org/conda-forge/linux-aarch64/libbrotlienc-1.2.0-he30d5cf_1.conda#6553a5d017fe14859ea8a4e6ea5def8f
https://conda.anaconda.org/conda-forge/linux-aarch64/libedit-3.1.20250104-pl5321h976ea20_0.conda#fb640d776fc92b682a14e001980825b1
https://conda.anaconda.org/conda-forge/linux-aarch64/libev-4.33-h31becfc_2.conda#a9a13cb143bbaa477b1ebaefbe47a302
https://conda.anaconda.org/conda-forge/linux-aarch64/libfreetype6-2.14.3-hdae7a39_1.conda#426cc33f8745ce11a73baf73db3954a7
https://conda.anaconda.org/conda-forge/linux-aarch64/libgfortran-15.2.0-he9431aa_19.conda#c7a5b5decf969ead5ecada83654164cf
https://conda.anaconda.org/conda-forge/linux-aarch64/libmsgpack-c-6.1.0-h7ac5ae9_6.conda#7826e3a569cfb2e96252716d3ac40202
https://conda.anaconda.org/conda-forge/linux-aarch64/libsolv-0.7.39-hdda61c4_0.conda#3daaf5dcc70f01496f745ecc6f161977
https://conda.anaconda.org/conda-forge/linux-aarch64/libssh2-1.11.1-h18c354c_0.conda#eecc495bcfdd9da8058969656f916cc2
https://conda.anaconda.org/conda-forge/linux-aarch64/libstdcxx-ng-15.2.0-hdbbeba8_19.conda#c82ed61c3ec470c5ec624580e6ba16e4
https://conda.anaconda.org/conda-forge/linux-aarch64/libxcb-1.17.0-h262b8f6_0.conda#cd14ee5cca2464a425b1dbfc24d90db2
https://conda.anaconda.org/conda-forge/linux-aarch64/libxcrypt-4.4.36-h31becfc_1.conda#b4df5d7d4b63579d081fd3a4cf99740e
https://conda.anaconda.org/conda-forge/linux-aarch64/lz4-c-1.10.0-h5ad3122_1.conda#6654e411da94011e8fbe004eacb8fe11
https://conda.anaconda.org/conda-forge/linux-aarch64/pcre2-10.47-hf841c20_0.conda#1a30c42e32ca0ea216bd0bfe6f842f0b
https://conda.anaconda.org/conda-forge/linux-aarch64/pixman-0.46.4-h7ac5ae9_1.conda#1587081d537bd4ae77d1c0635d465ba5
https://conda.anaconda.org/conda-forge/linux-aarch64/readline-8.3-hb682ff5_0.conda#3d49cad61f829f4f0e0611547a9cda12
https://conda.anaconda.org/conda-forge/linux-aarch64/reproc-cpp-14.2.7.post0-hfae3067_1.conda#0c0dd2171331f351af492ed5f80083a4
https://conda.anaconda.org/conda-forge/linux-aarch64/simdjson-4.6.4-hfefdfc9_0.conda#321d8a92d24ee32d345b4ea8487a6e86
https://conda.anaconda.org/conda-forge/linux-aarch64/xorg-libsm-1.2.6-h0808dbd_0.conda#2d1409c50882819cb1af2de82e2b7208
https://conda.anaconda.org/conda-forge/linux-aarch64/yaml-cpp-0.8.0-h5ad3122_0.conda#b9e5a9da5729019c4f216cf0d386a70c
https://conda.anaconda.org/conda-forge/linux-aarch64/zlib-ng-2.3.3-ha7cb516_1.conda#f731af71c723065d91b4c01bb822641b
https://conda.anaconda.org/conda-forge/linux-aarch64/brotli-bin-1.2.0-he30d5cf_1.conda#b31f6f3a888c3f8f4c5a9dafc2575187
https://conda.anaconda.org/conda-forge/linux-aarch64/krb5-1.22.2-hfd895c2_0.conda#d9ca108bd680ea86a963104b6b3e95ca
https://conda.anaconda.org/conda-forge/linux-aarch64/libfreetype-2.14.3-h8af1aa0_1.conda#a13e600f9d18488b1fd1257344dbfdaa
https://conda.anaconda.org/conda-forge/linux-aarch64/libglib-2.88.1-h96a7f82_2.conda#16d72f76bf6fead4a29efb2fede0a06b
https://conda.anaconda.org/conda-forge/linux-aarch64/libnghttp2-1.68.1-hd3077d7_0.conda#be5f0f007a4500a226ef001115535a3d
https://conda.anaconda.org/conda-forge/linux-aarch64/libopenblas-0.3.33-pthreads_h9d3fd7e_0.conda#58a66cd95e9692f08abe89f55a6f3f12
https://conda.anaconda.org/conda-forge/linux-aarch64/libsqlite-3.53.2-h10b116e_0.conda#aec62a5e5f0892cc4cf80f266f3818ee
https://conda.anaconda.org/conda-forge/linux-aarch64/libtiff-4.7.1-hdb009f0_1.conda#8c6fd84f9c87ac00636007c6131e457d
https://conda.anaconda.org/conda-forge/linux-aarch64/libxml2-16-2.15.3-h79dcc73_0.conda#68866231cfe8789e780347f2482df96d
https://conda.anaconda.org/conda-forge/linux-aarch64/qhull-2020.2-h70be974_5.conda#bb138086d938e2b64f5f364945793ebf
https://conda.anaconda.org/conda-forge/linux-aarch64/spdlog-1.17.0-h9f97df7_1.conda#910d3cbb4ccf371b6355a98b1233eb8f
https://conda.anaconda.org/conda-forge/linux-aarch64/xorg-libx11-1.8.13-h63a1b12_0.conda#22dd10425ef181e80e130db50675d615
https://conda.anaconda.org/conda-forge/linux-aarch64/brotli-1.2.0-hd651790_1.conda#5c933384d588a06cd8dac78ca2864aab
https://conda.anaconda.org/conda-forge/linux-aarch64/fontconfig-2.18.1-hba86a56_0.conda#f4d29a0cd77104a683607319a542ac7e
https://conda.anaconda.org/conda-forge/linux-aarch64/freetype-2.14.3-h8af1aa0_1.conda#5e8e88bfb3fbb0df0f9f8bb890721e07
https://conda.anaconda.org/conda-forge/linux-aarch64/lcms2-2.19.1-h9d5b58d_1.conda#9183fda4be2b4ee5760cdb8e540439c8
https://conda.anaconda.org/conda-forge/linux-aarch64/libblas-3.11.0-8_haddc8a3_openblas.conda#8b44dad125760faa2b3925f5a6e3112d
https://conda.anaconda.org/conda-forge/linux-aarch64/libcurl-8.20.0-hc57f145_0.conda#88da514c8db1a7f6a05297941a897af2
https://conda.anaconda.org/conda-forge/linux-aarch64/libxml2-2.15.3-h869d058_0.conda#2cffef27cb2eb9ed1e315a1e269d4335
https://conda.anaconda.org/conda-forge/linux-aarch64/openjpeg-2.5.4-h5da879a_0.conda#cea962410e327262346d48d01f05936c
https://conda.anaconda.org/conda-forge/linux-aarch64/python-3.12.13-h91f4b29_0_cpython.conda#8aed8fdbbc03a5c9f455d20ce75a9dce
https://conda.anaconda.org/conda-forge/linux-aarch64/xorg-libxext-1.3.7-he30d5cf_0.conda#fb42b683034619915863d68dd9df03a3
https://conda.anaconda.org/conda-forge/linux-aarch64/xorg-libxrender-0.9.12-h86ecc28_0.conda#ae2c2dd0e2d38d249887727db2af960e
https://conda.anaconda.org/conda-forge/linux-aarch64/zeromq-4.3.5-hec9560f_11.conda#1ae4f546793d83754d79a43a38154746
https://conda.anaconda.org/conda-forge/noarch/archspec-0.2.5-pyhd8ed1ab_0.conda#845b38297fca2f2d18a29748e2ece7fa
https://conda.anaconda.org/conda-forge/noarch/asttokens-3.0.1-pyhd8ed1ab_0.conda#9673a61a297b00016442e022d689faa6
https://conda.anaconda.org/conda-forge/noarch/attrs-26.1.0-pyhcf101f3_0.conda#c6b0543676ecb1fb2d7643941fe375f2
https://conda.anaconda.org/conda-forge/noarch/babel-2.18.0-pyhcf101f3_1.conda#f1976ce927373500cc19d3c0b2c85177
https://conda.anaconda.org/conda-forge/linux-aarch64/backports.zstd-1.6.0-py312ha46dd1d_0.conda#19c1ea1ad92760d8e465a371a40ca125
https://conda.anaconda.org/conda-forge/noarch/boltons-25.0.0-pyhd8ed1ab_0.conda#c7eb87af73750d6fd97eff8bbee8cb9c
https://conda.anaconda.org/conda-forge/linux-aarch64/brotli-python-1.2.0-py312hac7b6a9_1.conda#d64147176625536a8024e26577c5e894
https://conda.anaconda.org/conda-forge/noarch/cached_property-1.5.2-pyha770c72_1.tar.bz2#576d629e47797577ab0f1b351297ef4a
https://conda.anaconda.org/conda-forge/linux-aarch64/cairo-1.18.4-h0b6afd8_1.conda#043c13ed3a18396994be9b4fab6572ad
https://conda.anaconda.org/conda-forge/noarch/certifi-2026.6.17-pyhd8ed1ab_0.conda#c13824fedced67005d3832c152fe9c2f
https://conda.anaconda.org/conda-forge/noarch/charset-normalizer-3.4.7-pyhd8ed1ab_0.conda#a9167b9571f3baa9d448faa2139d1089
https://conda.anaconda.org/conda-forge/noarch/click-8.4.1-pyhc90fa1f_0.conda#554304a07e581a85891b15e39ea9f268
https://conda.anaconda.org/conda-forge/noarch/colorama-0.4.6-pyhd8ed1ab_1.conda#962b9857ee8e7018c22f2776ffa0b2d7
https://conda.anaconda.org/conda-forge/noarch/comm-0.2.3-pyhe01879c_0.conda#2da13f2b299d8e1995bafbbe9689a2f7
https://conda.anaconda.org/conda-forge/noarch/cpython-3.12.13-py312hd8ed1ab_0.conda#f54c1ffb8ecedb85a8b7fcde3a187212
https://conda.anaconda.org/conda-forge/noarch/cycler-0.12.1-pyhcf101f3_2.conda#4c2a8fef270f6c69591889b93f9f55c1
https://conda.anaconda.org/conda-forge/linux-aarch64/debugpy-1.8.21-py312hf55c4e8_0.conda#228761e2c5f069dc8445337bd4abe097
https://conda.anaconda.org/conda-forge/noarch/decorator-5.3.1-pyhd8ed1ab_0.conda#61dcf784d59ef0bd62c57d982b154ace
https://conda.anaconda.org/conda-forge/noarch/defusedxml-0.7.1-pyhd8ed1ab_0.tar.bz2#961b3a227b437d82ad7054484cfa71b2
https://conda.anaconda.org/conda-forge/noarch/distro-1.9.0-pyhd8ed1ab_1.conda#0a2014fd9860f8b1eaa0b1f3d3771a08
https://conda.anaconda.org/conda-forge/noarch/executing-2.2.1-pyhd8ed1ab_0.conda#ff9efb7f7469aed3c4a8106ffa29593c
https://conda.anaconda.org/conda-forge/noarch/filelock-3.29.4-pyhd8ed1ab_0.conda#66f138d7a6dffb5c959cc4bf6dc2b797
https://conda.anaconda.org/conda-forge/noarch/frozendict-2.4.7-pyh851646a_2.conda#43fdb6bcc1227a22290d0bc02a9484c9
https://conda.anaconda.org/conda-forge/noarch/hpack-4.1.0-pyhd8ed1ab_0.conda#0a802cb9888dd14eeefc611f05c40b6e
https://conda.anaconda.org/conda-forge/noarch/hyperframe-6.1.0-pyhd8ed1ab_0.conda#8e6923fc12f1fe8f8c4e5c9f343256ac
https://conda.anaconda.org/conda-forge/noarch/idna-3.18-pyhcf101f3_0.conda#577b04680ae422adb86fc60d7b940659
https://conda.anaconda.org/conda-forge/noarch/json5-0.14.0-pyhd8ed1ab_0.conda#1269891272187518a0a75c286f7d0bbf
https://conda.anaconda.org/conda-forge/noarch/jsonpointer-3.1.1-pyhcf101f3_0.conda#89bf346df77603055d3c8fe5811691e6
https://conda.anaconda.org/conda-forge/noarch/jupyterlab_widgets-3.0.16-pyhcf101f3_1.conda#dbf8b81974504fa51d34e436ca7ef389
https://conda.anaconda.org/conda-forge/linux-aarch64/kiwisolver-1.5.0-py312h1683e8e_0.conda#f72640fdd363b16da4c2972236c80035
https://conda.anaconda.org/conda-forge/noarch/lark-1.3.1-pyhd8ed1ab_0.conda#9b965c999135d43a3d0f7bd7d024e26a
https://conda.anaconda.org/conda-forge/linux-aarch64/libarchive-3.8.7-gpl_hbe7d12b_101.conda#5420789510bfaf085262fec8f15b7a64
https://conda.anaconda.org/conda-forge/linux-aarch64/libcblas-3.11.0-8_hd72aa62_openblas.conda#76242b7ad6e43809afa8671dd609b4ed
https://conda.anaconda.org/conda-forge/linux-aarch64/liblapack-3.11.0-8_h88aeb00_openblas.conda#3af3f2aa755abc5e91351114ae214f55
https://conda.anaconda.org/conda-forge/linux-aarch64/markupsafe-3.0.3-py312hd077ced_1.conda#1fecdd103b37427ba6041b9b03d657ea
https://conda.anaconda.org/conda-forge/linux-aarch64/msgpack-python-1.2.0-py312h4f740d2_0.conda#a4d97be25901daf65c851fe05c71c6ae
https://conda.anaconda.org/conda-forge/noarch/munkres-1.1.4-pyhd8ed1ab_1.conda#37293a85a0f4f77bbd9cf7aaefc62609
https://conda.anaconda.org/conda-forge/noarch/nest-asyncio2-1.7.2-pyhcf101f3_0.conda#fcd832bfd4749e9b246112b6894f97fc
https://conda.anaconda.org/conda-forge/noarch/packaging-26.2-pyhc364b38_0.conda#4c06a92e74452cfa53623a81592e8934
https://conda.anaconda.org/conda-forge/noarch/pandocfilters-1.5.0-pyhd8ed1ab_0.tar.bz2#457c2c8c08e54905d6954e79cb5b5db9
https://conda.anaconda.org/conda-forge/noarch/parso-0.8.7-pyhcf101f3_0.conda#39894c952938276405a1bd30e4ce2caf
https://conda.anaconda.org/conda-forge/linux-aarch64/pillow-12.2.0-py312h3b21937_0.conda#6d40028aafd1ac96b8d4e2a93fca200f
https://conda.anaconda.org/conda-forge/noarch/platformdirs-4.10.0-pyhcf101f3_0.conda#2c5ef45db85d34799771629bd5860fd7
https://conda.anaconda.org/conda-forge/noarch/pluggy-1.6.0-pyhf9edf01_1.conda#d7585b6550ad04c8c5e21097ada2888e
https://conda.anaconda.org/conda-forge/noarch/prometheus_client-0.25.0-pyhd8ed1ab_0.conda#a11ab1f31af799dd93c3a39881528884
https://conda.anaconda.org/conda-forge/linux-aarch64/psutil-7.2.2-py312hd41f8a7_0.conda#4efa924b35ea429f3ded10ddae9d5fb3
https://conda.anaconda.org/conda-forge/noarch/ptyprocess-0.7.0-pyhd8ed1ab_1.conda#7d9daffbb8d8e0af0f769dbbcd173a54
https://conda.anaconda.org/conda-forge/noarch/pure_eval-0.2.3-pyhd8ed1ab_1.conda#3bfdfb8dbcdc4af1ae3f9a8eb3948f04
https://conda.anaconda.org/conda-forge/linux-aarch64/pycosat-0.6.6-py312hcd1a082_3.conda#34ca5539bd71cca41c910429ab90f2df
https://conda.anaconda.org/conda-forge/noarch/pycparser-3.0-pyhcf101f3_0.conda#9c5491066224083c41b6d5635ed7107b
https://conda.anaconda.org/conda-forge/noarch/pygments-2.20.0-pyhd8ed1ab_0.conda#16c18772b340887160c79a6acc022db0
https://conda.anaconda.org/conda-forge/noarch/pyparsing-3.3.2-pyhcf101f3_0.conda#3687cc0b82a8b4c17e1f0eb7e47163d5
https://conda.anaconda.org/conda-forge/noarch/pysocks-1.7.1-pyha55dd90_7.conda#461219d1a5bd61342293efa2c0c90eac
https://conda.anaconda.org/conda-forge/noarch/python-fastjsonschema-2.21.2-pyhe01879c_0.conda#23029aae904a2ba587daba708208012f
https://conda.anaconda.org/conda-forge/noarch/python-installer-1.0.1-pyh332efcf_0.conda#5cc7e2e78962dc902cae9e29c2aa4b2f
https://conda.anaconda.org/conda-forge/noarch/python-tzdata-2026.2-pyhd8ed1ab_0.conda#f6ad7450fc21e00ecc23812baed6d2e4
https://conda.anaconda.org/conda-forge/linux-aarch64/pyyaml-6.0.3-py312ha4530ae_1.conda#47018c13dbb26186b577fd8bd1823a44
https://conda.anaconda.org/conda-forge/noarch/rfc3986-validator-0.1.1-pyh9f0ad1d_0.tar.bz2#912a71cc01012ee38e6b90ddd561e36f
https://conda.anaconda.org/conda-forge/linux-aarch64/rpds-py-2026.5.1-py312h00f41f5_0.conda#000789132117b11964d92828e69bcafb
https://conda.anaconda.org/conda-forge/linux-aarch64/ruamel.yaml.clib-0.2.15-py312hd41f8a7_1.conda#1c284baa9b7c47ccca48d776c7c93893
https://conda.anaconda.org/conda-forge/noarch/send2trash-2.1.0-pyha191276_1.conda#28eb91468df04f655a57bcfbb35fc5c5
https://conda.anaconda.org/conda-forge/noarch/setuptools-82.0.1-pyh332efcf_0.conda#8e194e7b992f99a5015edbd4ebd38efd
https://conda.anaconda.org/conda-forge/noarch/six-1.17.0-pyhe01879c_1.conda#3339e3b65d58accf4ca4fb8748ab16b3
https://conda.anaconda.org/conda-forge/noarch/sniffio-1.3.1-pyhd8ed1ab_2.conda#03fe290994c5e4ec17293cfb6bdce520
https://conda.anaconda.org/conda-forge/noarch/soupsieve-2.8.4-pyhd8ed1ab_0.conda#9e21f087f087f805debe877d88e00a14
https://conda.anaconda.org/conda-forge/noarch/tomli-2.4.1-pyhcf101f3_0.conda#b5325cf06a000c5b14970462ff5e4d58
https://conda.anaconda.org/conda-forge/noarch/tomli-w-1.2.0-pyhd8ed1ab_0.conda#32e37e8fe9ef45c637ee38ad51377769
https://conda.anaconda.org/conda-forge/linux-aarch64/tornado-6.5.7-py312hefbd42c_0.conda#5d9619b1f48fbccf87010ea5b340b2d1
https://conda.anaconda.org/conda-forge/noarch/tqdm-4.68.3-pyh8f84b5b_0.conda#65094960cb7ed216b6049aab57205902
https://conda.anaconda.org/conda-forge/noarch/traitlets-5.15.1-pyhcf101f3_0.conda#37e3be7b6e2977d37b8fa5da229f5dc0
https://conda.anaconda.org/conda-forge/noarch/truststore-0.10.4-pyhcf101f3_0.conda#c2db35b004913ec69bcac64fb0783de0
https://conda.anaconda.org/conda-forge/noarch/typing_extensions-4.15.0-pyhcf101f3_0.conda#0caa1af407ecff61170c9437a808404d
https://conda.anaconda.org/conda-forge/noarch/typing_utils-0.1.0-pyhd8ed1ab_1.conda#f6d7aa696c67756a650e91e15e88223c
https://conda.anaconda.org/conda-forge/linux-aarch64/unicodedata2-17.0.1-py312hcd1a082_0.conda#c72e6a7950d859966ae790cc844fcfdf
https://conda.anaconda.org/conda-forge/noarch/uri-template-1.3.0-pyhd8ed1ab_1.conda#e7cb0f5745e4c5035a460248334af7eb
https://conda.anaconda.org/conda-forge/noarch/wcwidth-0.8.1-pyhd8ed1ab_0.conda#19c961dd9cab6c3e13cd195f0176dbfa
https://conda.anaconda.org/conda-forge/noarch/webcolors-25.10.0-pyhd8ed1ab_0.conda#6639b6b0d8b5a284f027a2003669aa65
https://conda.anaconda.org/conda-forge/noarch/webencodings-0.5.1-pyhd8ed1ab_3.conda#2841eb5bfc75ce15e9a0054b98dcd64d
https://conda.anaconda.org/conda-forge/noarch/websocket-client-1.9.0-pyhd8ed1ab_0.conda#2f1ed718fcd829c184a6d4f0f2e07409
https://conda.anaconda.org/conda-forge/noarch/widgetsnbextension-4.0.15-pyhd8ed1ab_0.conda#dc257b7e7cad9b79c1dfba194e92297b
https://conda.anaconda.org/conda-forge/noarch/zipp-4.1.0-pyhcf101f3_0.conda#ba3dcdc8584155c97c648ae9c044b7a3
https://conda.anaconda.org/conda-forge/noarch/async-lru-2.3.0-pyhcf101f3_0.conda#b85e84cb64c762569cc1a760c2327e0a
https://conda.anaconda.org/conda-forge/noarch/bleach-6.4.0-pyhcf101f3_0.conda#93009c29cdd6f2500468f2502fff9209
https://conda.anaconda.org/conda-forge/noarch/cached-property-1.5.2-hd8ed1ab_1.tar.bz2#9b347a7ec10940d3f7941ff6c460b551
https://conda.anaconda.org/conda-forge/linux-aarch64/cffi-2.0.0-py312h1b372e3_1.conda#1e7bf495417ed1c23ccd6ec1075b8403
https://conda.anaconda.org/conda-forge/noarch/conda-package-streaming-0.13.0-pyhd8ed1ab_0.conda#b4e3dcace82b486f69bc693f30120205
https://conda.anaconda.org/conda-forge/noarch/exceptiongroup-1.3.1-pyhd8ed1ab_0.conda#8e662bd460bda79b1ea39194e3c4c9ab
https://conda.anaconda.org/conda-forge/linux-aarch64/fonttools-4.63.0-py312ha4530ae_0.conda#4922a18cb643859aba71e808609cce6c
https://conda.anaconda.org/conda-forge/noarch/h11-0.16.0-pyhcf101f3_1.conda#b8993c19b0c32a2f7b66cbb58ca27069
https://conda.anaconda.org/conda-forge/noarch/h2-4.3.0-pyhcf101f3_0.conda#164fc43f0b53b6e3a7bc7dce5e4f1dc9
https://conda.anaconda.org/conda-forge/linux-aarch64/harfbuzz-14.2.1-h1134a53_0.conda#5f3ec279ab7cc391b7dff69dc08298fa
https://conda.anaconda.org/conda-forge/noarch/importlib-metadata-9.0.0-pyhcf101f3_0.conda#ffc17e785d64e12fc311af9184221839
https://conda.anaconda.org/conda-forge/noarch/ipython_pygments_lexers-1.1.1-pyhd8ed1ab_0.conda#bd80ba060603cc228d9d81c257093119
https://conda.anaconda.org/conda-forge/noarch/jedi-0.19.2-pyhd8ed1ab_1.conda#a4f4c5dc9b80bc50e0d3dc4e6e8f1bd9
https://conda.anaconda.org/conda-forge/noarch/jinja2-3.1.6-pyhcf101f3_1.conda#04558c96691bed63104678757beb4f8d
https://conda.anaconda.org/conda-forge/noarch/jsonpatch-1.33-pyhd8ed1ab_1.conda#cb60ae9cf02b9fcb8004dec4089e5691
https://conda.anaconda.org/conda-forge/noarch/jupyter_core-5.9.1-pyhc90fa1f_0.conda#b38fe4e78ee75def7e599843ef4c1ab0
https://conda.anaconda.org/conda-forge/noarch/jupyterlab_pygments-0.3.0-pyhd8ed1ab_2.conda#fd312693df06da3578383232528c468d
https://conda.anaconda.org/conda-forge/linux-aarch64/libmamba-2.8.1-hc712cdd_0.conda#3f979fd3b0ac086b82fa9d2f4e80aa1e
https://conda.anaconda.org/conda-forge/noarch/matplotlib-inline-0.2.2-pyhd8ed1ab_0.conda#9acc1c385be401d533ff70ef5b50dae6
https://conda.anaconda.org/conda-forge/linux-aarch64/menuinst-2.5.0-py312h996f985_0.conda#79d80192b5d9d2e765b117ba43a4d8ae
https://conda.anaconda.org/conda-forge/noarch/mistune-3.2.1-pyhcf101f3_0.conda#b97e84d1553b4a1c765b87fff83453ad
https://conda.anaconda.org/conda-forge/linux-aarch64/numpy-2.4.6-py312hce9e0af_0.conda#84ad95777b2f6bc736a6e08e5f02c04e
https://conda.anaconda.org/conda-forge/noarch/overrides-7.7.0-pyhd8ed1ab_1.conda#e51f1e4089cad105b6cac64bd8166587
https://conda.anaconda.org/conda-forge/noarch/pexpect-4.9.0-pyhd8ed1ab_1.conda#d0d408b1f18883a944376da5cf8101ea
https://conda.anaconda.org/conda-forge/noarch/prompt-toolkit-3.0.52-pyha770c72_0.conda#edb16f14d920fb3faf17f5ce582942d6
https://conda.anaconda.org/conda-forge/noarch/pyproject_hooks-1.2.0-pyhd8ed1ab_1.conda#d4582021af437c931d7d77ec39007845
https://conda.anaconda.org/conda-forge/noarch/python-dateutil-2.9.0.post0-pyhe01879c_2.conda#5b8d21249ff20967101ffa321cab24e8
https://conda.anaconda.org/conda-forge/noarch/python-gil-3.12.13-hd8ed1ab_0.conda#32780d6794b8056b78602103a04e90ef
https://conda.anaconda.org/conda-forge/noarch/python-json-logger-4.1.0-pyhd8ed1ab_0.conda#982ed0cbfc0fe09f25861e3d111e9717
https://conda.anaconda.org/conda-forge/noarch/referencing-0.37.0-pyhcf101f3_0.conda#870293df500ca7e18bedefa5838a22ab
https://conda.anaconda.org/conda-forge/noarch/rfc3339-validator-0.1.4-pyhd8ed1ab_1.conda#36de09a8d3e5d5e6f4ee63af49e59706
https://conda.anaconda.org/conda-forge/noarch/rfc3987-syntax-1.1.0-pyhe01879c_1.conda#7234f99325263a5af6d4cd195035e8f2
https://conda.anaconda.org/conda-forge/linux-aarch64/ruamel.yaml-0.18.17-py312hd41f8a7_2.conda#f08cc15b18cb14e5eb98378cac2bb854
https://conda.anaconda.org/conda-forge/noarch/stack_data-0.6.3-pyhd8ed1ab_1.conda#b1b505328da7a6b246787df4b5a49fbc
https://conda.anaconda.org/conda-forge/noarch/terminado-0.18.1-pyhc90fa1f_1.conda#17b43cee5cc84969529d5d0b0309b2cb
https://conda.anaconda.org/conda-forge/noarch/tinycss2-1.4.0-pyhd8ed1ab_0.conda#f1acf5fdefa8300de697982bcb1761c9
https://conda.anaconda.org/conda-forge/noarch/typing-extensions-4.15.0-h396c80c_0.conda#edd329d7d3a4ab45dcf905899a7a6115
https://conda.anaconda.org/conda-forge/noarch/typing-inspection-0.4.2-pyhcf101f3_2.conda#53f5409c5cfd6c5a66417d68e3f0a864
https://conda.anaconda.org/conda-forge/noarch/wheel-0.47.0-pyhd8ed1ab_0.conda#d0e3b2f0030cf4fca58bde71d246e94c
https://conda.anaconda.org/conda-forge/noarch/_python_abi3_support-1.0-hd8ed1ab_2.conda#aaa2a381ccc56eac91d63b6c1240312f
https://conda.anaconda.org/conda-forge/noarch/annotated-types-0.7.0-pyhd8ed1ab_1.conda#2934f256a8acfe48f6ebb4fce6cde29c
https://conda.anaconda.org/conda-forge/noarch/anyio-4.14.0-pyhcf101f3_0.conda#e679dcf15f30bf6e3f1bb3ba69bcf29c
https://conda.anaconda.org/conda-forge/linux-aarch64/argon2-cffi-bindings-25.1.0-py312hcd1a082_2.conda#ac6c4634dc5a01e92f604e55656d9158
https://conda.anaconda.org/conda-forge/noarch/arrow-1.4.0-pyhcf101f3_0.conda#85c4f19f377424eafc4ed7911b291642
https://conda.anaconda.org/conda-forge/noarch/beautifulsoup4-4.15.0-pyha770c72_0.conda#3b261da3fe9b4168738712832410b022
https://conda.anaconda.org/conda-forge/noarch/bleach-with-css-6.4.0-hac0b51c_0.conda#5f710eab1f3c4e773c75686f5e8e6481
https://conda.anaconda.org/conda-forge/linux-aarch64/contourpy-1.3.3-py312hf18b547_4.conda#5527a172fc63ae2916c2aaf50fbef1a5
https://conda.anaconda.org/conda-forge/noarch/fqdn-1.5.1-pyhd8ed1ab_1.conda#d3549fd50d450b6d9e7dddff25dd2110
https://conda.anaconda.org/conda-forge/noarch/ipython-9.14.1-pyh53cf698_0.conda#fbd58549b374103c1a80577f09a328ef
https://conda.anaconda.org/conda-forge/noarch/jsonschema-specifications-2025.9.1-pyhcf101f3_0.conda#439cd0f567d697b20a8f45cb70a1005a
https://conda.anaconda.org/conda-forge/noarch/jupyter-builder-1.0.2-pyhcf101f3_0.conda#12b0a9513f6abaa944c313c4a01d5500
https://conda.anaconda.org/conda-forge/noarch/jupyter_server_terminals-0.5.4-pyhcf101f3_0.conda#7b8bace4943e0dc345fc45938826f2b8
https://conda.anaconda.org/conda-forge/linux-aarch64/libmamba-spdlog-2.8.1-hbb51158_0.conda#1eff6eb32e395eacdef7ec2782bc76de
https://conda.anaconda.org/conda-forge/linux-aarch64/libraqm-0.10.5-h50d7eb4_0.conda#3df17558b81216bbdcdee2ae17b6569a
https://conda.anaconda.org/conda-forge/linux-aarch64/pandas-3.0.3-py312hf55c4e8_0.conda#c52993e9fec826ce29efc96292ba3c1b
https://conda.anaconda.org/conda-forge/noarch/pip-26.1.2-pyh8b19718_0.conda#511fbc2c63d2c73650ad1755e4d357ba
https://conda.anaconda.org/conda-forge/linux-aarch64/pydantic-core-2.46.4-py312h5eb8f6c_0.conda#77d5e3d055eb85714fb15dca2dd824a4
https://conda.anaconda.org/conda-forge/noarch/python-build-1.5.0-pyhc364b38_0.conda#fa587158c0d768127faa1a3b4df01e5d
https://conda.anaconda.org/conda-forge/linux-aarch64/scipy-1.17.1-py312ha7f05e0_1.conda#60bbefd5c712570fec2b52275f641192
https://conda.anaconda.org/conda-forge/noarch/urllib3-2.7.0-pyhd8ed1ab_0.conda#cbb88288f74dbe6ada1c6c7d0a97223e
https://conda.anaconda.org/conda-forge/linux-aarch64/zstandard-0.25.0-py312hd41f8a7_1.conda#4acea03c550a782f0ee70440303b3af5
https://conda.anaconda.org/conda-forge/noarch/argon2-cffi-25.1.0-pyhd8ed1ab_0.conda#8ac12aff0860280ee0cff7fa2cf63f3b
https://conda.anaconda.org/conda-forge/noarch/httpcore-1.0.9-pyh29332c3_0.conda#4f14640d58e2cc0aa0819d9d8ba125bb
https://conda.anaconda.org/conda-forge/noarch/ipywidgets-8.1.8-pyhd8ed1ab_0.conda#d68e3f70d1f068f1b66d94822fdc644e
https://conda.anaconda.org/conda-forge/noarch/isoduration-20.11.0-pyhd8ed1ab_1.conda#0b0154421989637d424ccf0f104be51a
https://conda.anaconda.org/conda-forge/noarch/jsonschema-4.26.0-pyhcf101f3_0.conda#ada41c863af263cc4c5fcbaff7c3e4dc
https://conda.anaconda.org/conda-forge/linux-aarch64/libmambapy-2.8.1-py312h6f85b78_0.conda#f8c5aaae90b650ca6f7230270bb8eceb
https://conda.anaconda.org/conda-forge/linux-aarch64/matplotlib-base-3.11.0-py312h982a919_0.conda#76ab801564d5bcc45432d24d90359c70
https://conda.anaconda.org/conda-forge/linux-aarch64/py-rattler-0.25.0-py310h45743d3_1.conda#dd8f8970a86d5b48d1ae95e76d75dc68
https://conda.anaconda.org/conda-forge/noarch/pydantic-2.13.4-pyhcf101f3_0.conda#729843edafc0899b3348bd3f19525b9d
https://conda.anaconda.org/conda-forge/linux-aarch64/pyzmq-27.1.0-py312hdf0a211_3.conda#acc7f0e3fc38e949267bc9a4f09ded15
https://conda.anaconda.org/conda-forge/noarch/requests-2.34.2-pyhcf101f3_0.conda#4a85203c1d80c1059086ae860836ffb9
https://conda.anaconda.org/conda-forge/noarch/conda-libmamba-solver-26.4.2-pyhd8ed1ab_0.conda#b8d70ceaeb03c3fb4fcfa0ace49272dc
https://conda.anaconda.org/conda-forge/noarch/conda-package-handling-2.5.0-pyhcf101f3_0.conda#3f1854f1ec2090538fb49b7078dbb9de
https://conda.anaconda.org/conda-forge/noarch/httpx-0.28.1-pyhd8ed1ab_0.conda#d6989ead454181f4f9bc987d3dc4e285
https://conda.anaconda.org/conda-forge/noarch/ipympl-0.10.0-pyhcf101f3_0.conda#abb099ef4a8ab45d4b713f2d4277f727
https://conda.anaconda.org/conda-forge/noarch/jsonschema-with-format-nongpl-4.26.0-hcf101f3_0.conda#8368d58342d0825f0843dc6acdd0c483
https://conda.anaconda.org/conda-forge/noarch/jupyter_client-8.9.1-pyhcf101f3_0.conda#49440e66df843bee2273937e8032ec43
https://conda.anaconda.org/conda-forge/noarch/nbformat-5.10.4-pyhd8ed1ab_1.conda#bbe1963f1e47f594070ffe87cdf612ea
https://conda.anaconda.org/conda-forge/noarch/ipykernel-7.3.0-pyha191276_0.conda#2b47a10e4d98334f8171ff60aea05ff3
https://conda.anaconda.org/conda-forge/noarch/jupyter_events-0.12.1-pyhcf101f3_0.conda#bf42ee94c750c0b2e7e998b79ac299ea
https://conda.anaconda.org/conda-forge/noarch/nbclient-0.11.0-pyhd8ed1ab_0.conda#cf01a81d7960ad9c829bf2e794fcee9a
https://conda.anaconda.org/conda-forge/noarch/unearth-0.18.2-pyhd8ed1ab_0.conda#a85b53859c40d115022948c8f225d8d6
https://conda.anaconda.org/conda-forge/noarch/nbconvert-core-7.17.1-pyhcf101f3_0.conda#2bce0d047658a91b99441390b9b27045
https://conda.anaconda.org/conda-forge/noarch/jupyter_server-2.20.0-pyhcf101f3_0.conda#b2ddb0e13b5600070c4019c4db8a78e6
https://conda.anaconda.org/conda-forge/noarch/jupyter-lsp-2.3.1-pyhcf101f3_0.conda#0c3b465ceee138b9c39279cc02e5c4a0
https://conda.anaconda.org/conda-forge/noarch/jupyterlab_server-2.28.0-pyhcf101f3_0.conda#a63877cb23de826b1620d3adfccc4014
https://conda.anaconda.org/conda-forge/noarch/notebook-shim-0.2.4-pyhd8ed1ab_1.conda#e7f89ea5f7ea9401642758ff50a2d9c1
https://conda.anaconda.org/conda-forge/noarch/jupyterlab-4.6.0-pyhd8ed1ab_0.conda#b838c6dcec21a6575d5f6fcaf34693be
https://conda.anaconda.org/conda-forge/noarch/conda-index-0.11.0-pyhd8ed1ab_0.conda#8cc4a08be7f6235df245a345c77ca97c
https://conda.anaconda.org/conda-forge/noarch/conda-lockfiles-0.2.0-pyhd8ed1ab_0.conda#6248ea5c3194d00fb1db6d68fcdcfd3e
https://conda.anaconda.org/conda-forge/linux-aarch64/conda-pypi-0.10.1-py312h3262aca_2.conda#6e4d8e8ccba0a4fe9543ec05daecf07b
https://conda.anaconda.org/conda-forge/noarch/conda-rattler-solver-0.1.1-pyhcf101f3_0.conda#f5d15171925a157707e1ad165179449c
https://conda.anaconda.org/conda-forge/linux-aarch64/conda-26.5.3-py312h996f985_0.conda#b14cc71285a990c0c4fd870627146685
https://conda.anaconda.org/conda-forge/noarch/conda-self-0.2.0-pyhd8ed1ab_0.conda#76e0899bd902fd2779307e76748d3d8a
