# Generated by conda-lock.
# platform: osx-arm64
# input_hash: 6bdc068d32259654d8c7dbbd39b25b997550eb8d72d2350c0ff3ce376212587c
@EXPLICIT
https://conda.anaconda.org/conda-forge/osx-arm64/bzip2-1.0.8-h3422bc3_4.tar.bz2#fc76ace7b94fb1f694988ab1b14dd248
https://conda.anaconda.org/conda-forge/osx-arm64/ca-certificates-2023.7.22-hf0a4a13_0.conda#e1b99ac4dbcee71a71682996f67f7965
https://conda.anaconda.org/conda-forge/osx-arm64/libbrotlicommon-1.1.0-hb547adb_1.conda#cd68f024df0304be41d29a9088162b02
https://conda.anaconda.org/conda-forge/osx-arm64/libcxx-16.0.6-h4653b0c_0.conda#9d7d724faf0413bf1dbc5a85935700c8
https://conda.anaconda.org/conda-forge/osx-arm64/libdeflate-1.19-hb547adb_0.conda#f8c1eb0e99e90b55965c6558578537cc
https://conda.anaconda.org/conda-forge/osx-arm64/libffi-3.4.2-h3422bc3_5.tar.bz2#086914b672be056eb70fd4285b6783b6
https://conda.anaconda.org/conda-forge/osx-arm64/libjpeg-turbo-3.0.0-hb547adb_1.conda#3ff1e053dc3a2b8e36b9bfa4256a58d1
https://conda.anaconda.org/conda-forge/osx-arm64/libsodium-1.0.18-h27ca646_1.tar.bz2#90859688dbca4735b74c02af14c4c793
https://conda.anaconda.org/conda-forge/osx-arm64/libwebp-base-1.3.2-hb547adb_0.conda#85dbc11098cdbe4244cd73f29a3ab795
https://conda.anaconda.org/conda-forge/osx-arm64/libzlib-1.2.13-h53f4e23_5.conda#1a47f5236db2e06a320ffa0392f81bd8
https://conda.anaconda.org/conda-forge/osx-arm64/llvm-openmp-17.0.3-hcd81f8e_0.conda#bc4b8795976aae9c1ea5eb4ba26eafd8
https://conda.anaconda.org/conda-forge/osx-arm64/ncurses-6.4-h7ea286d_0.conda#318337fb9d0c53ba635efb7888242373
https://conda.anaconda.org/conda-forge/osx-arm64/pthread-stubs-0.4-h27ca646_1001.tar.bz2#d3f26c6494d4105d4ecb85203d687102
https://conda.anaconda.org/conda-forge/osx-arm64/python_abi-3.8-4_cp38.conda#69175aa707e394d51c35dda08bb339d9
https://conda.anaconda.org/conda-forge/osx-arm64/xorg-libxau-1.0.11-hb547adb_0.conda#ca73dc4f01ea91e44e3ed76602c5ea61
https://conda.anaconda.org/conda-forge/osx-arm64/xorg-libxdmcp-1.1.3-h27ca646_0.tar.bz2#6738b13f7fadc18725965abdd4129c36
https://conda.anaconda.org/conda-forge/osx-arm64/xz-5.2.6-h57fd34a_0.tar.bz2#39c6b54e94014701dd157f4f576ed211
https://conda.anaconda.org/conda-forge/osx-arm64/yaml-0.2.5-h3422bc3_2.tar.bz2#4bb3f014845110883a3c5ee811fd84b4
https://conda.anaconda.org/conda-forge/osx-arm64/lerc-4.0.0-h9a09cb3_0.tar.bz2#de462d5aacda3b30721b512c5da4e742
https://conda.anaconda.org/conda-forge/osx-arm64/libbrotlidec-1.1.0-hb547adb_1.conda#ee1a519335cc10d0ec7e097602058c0a
https://conda.anaconda.org/conda-forge/osx-arm64/libbrotlienc-1.1.0-hb547adb_1.conda#d7e077f326a98b2cc60087eaff7c730b
https://conda.anaconda.org/conda-forge/osx-arm64/libgfortran5-13.2.0-hf226fd6_1.conda#4480d71b98c87faafab132d33e23135e
https://conda.anaconda.org/conda-forge/osx-arm64/libpng-1.6.39-h76d750c_0.conda#0078e6327c13cfdeae6ff7601e360383
https://conda.anaconda.org/conda-forge/osx-arm64/libsqlite-3.43.2-h091b4b1_0.conda#1d8208ba1b6a8c61431e77dc4e5c8fb9
https://conda.anaconda.org/conda-forge/osx-arm64/libxcb-1.15-hf346824_0.conda#988d5f86ab60fa6de91b3ee3a88a3af9
https://conda.anaconda.org/conda-forge/osx-arm64/openssl-3.1.3-h53f4e23_0.conda#40d01d3f39589f54b618ddd28a5a48cb
https://conda.anaconda.org/conda-forge/osx-arm64/readline-8.2-h92ec313_1.conda#8cbb776a2f641b943d413b3e19df71f4
https://conda.anaconda.org/conda-forge/osx-arm64/tk-8.6.13-hb31c410_0.conda#aa913a828b65f30ee3aba9c59bb0b514
https://conda.anaconda.org/conda-forge/osx-arm64/zeromq-4.3.5-h965bd2d_0.conda#f460bbcb0ec8dc77989288fe8caa0f84
https://conda.anaconda.org/conda-forge/osx-arm64/zstd-1.5.5-h4f39d0f_0.conda#5b212cfb7f9d71d603ad891879dc7933
https://conda.anaconda.org/conda-forge/osx-arm64/brotli-bin-1.1.0-hb547adb_1.conda#990d04f8c017b1b77103f9a7730a5f12
https://conda.anaconda.org/conda-forge/osx-arm64/freetype-2.12.1-hadb7bae_2.conda#e6085e516a3e304ce41a8ee08b9b89ad
https://conda.anaconda.org/conda-forge/osx-arm64/libgfortran-5.0.0-13_2_0_hd922786_1.conda#1ad37a5c60c250bb2b4a9f75563e181c
https://conda.anaconda.org/conda-forge/osx-arm64/libtiff-4.6.0-ha8a6c65_2.conda#596d6d949bab9a75a492d451f521f457
https://conda.anaconda.org/conda-forge/osx-arm64/python-3.8.18-h2469fbe_0_cpython.conda#4d4d405b55e99713f832e8d670cb4b0b
https://conda.anaconda.org/conda-forge/noarch/appnope-0.1.3-pyhd8ed1ab_0.tar.bz2#54ac328d703bff191256ffa1183126d1
https://conda.anaconda.org/conda-forge/noarch/attrs-23.1.0-pyh71513ae_1.conda#3edfead7cedd1ab4400a6c588f3e75f8
https://conda.anaconda.org/conda-forge/noarch/backcall-0.2.0-pyh9f0ad1d_0.tar.bz2#6006a6d08a3fa99268a2681c7fb55213
https://conda.anaconda.org/conda-forge/noarch/backports-1.0-pyhd8ed1ab_3.conda#54ca2e08b3220c148a1d8329c2678e02
https://conda.anaconda.org/conda-forge/noarch/boltons-23.0.0-pyhd8ed1ab_0.conda#033eb25fffd222aceeca6d58cd953680
https://conda.anaconda.org/conda-forge/osx-arm64/brotli-1.1.0-hb547adb_1.conda#a33aa58d448cbc054f887e39dd1dfaea
https://conda.anaconda.org/conda-forge/osx-arm64/brotli-python-1.1.0-py38he333c0f_1.conda#29160c74d5977b1c5ecd654b00d576f0
https://conda.anaconda.org/conda-forge/noarch/cached_property-1.5.2-pyha770c72_1.tar.bz2#576d629e47797577ab0f1b351297ef4a
https://conda.anaconda.org/conda-forge/noarch/certifi-2023.7.22-pyhd8ed1ab_0.conda#7f3dbc9179b4dde7da98dfb151d0ad22
https://conda.anaconda.org/conda-forge/noarch/charset-normalizer-3.3.1-pyhd8ed1ab_0.conda#985378f74689fccce52f158027bd9acd
https://conda.anaconda.org/conda-forge/noarch/colorama-0.4.6-pyhd8ed1ab_0.tar.bz2#3faab06a954c2a04039983f2c4a50d99
https://conda.anaconda.org/conda-forge/noarch/cycler-0.12.1-pyhd8ed1ab_0.conda#5cd86562580f274031ede6aa6aa24441
https://conda.anaconda.org/conda-forge/osx-arm64/debugpy-1.8.0-py38he333c0f_1.conda#07dce7871f75c6b80a00e812e0db9332
https://conda.anaconda.org/conda-forge/noarch/decorator-5.1.1-pyhd8ed1ab_0.tar.bz2#43afe5ab04e35e17ba28649471dd7364
https://conda.anaconda.org/conda-forge/noarch/defusedxml-0.7.1-pyhd8ed1ab_0.tar.bz2#961b3a227b437d82ad7054484cfa71b2
https://conda.anaconda.org/conda-forge/noarch/entrypoints-0.4-pyhd8ed1ab_0.tar.bz2#3cf04868fee0a029769bd41f4b2fbf2d
https://conda.anaconda.org/conda-forge/noarch/exceptiongroup-1.1.3-pyhd8ed1ab_0.conda#e6518222753f519e911e83136d2158d9
https://conda.anaconda.org/conda-forge/noarch/executing-1.2.0-pyhd8ed1ab_0.tar.bz2#4c1bc140e2be5c8ba6e3acab99e25c50
https://conda.anaconda.org/conda-forge/noarch/idna-3.4-pyhd8ed1ab_0.tar.bz2#34272b248891bddccc64479f9a7fffed
https://conda.anaconda.org/conda-forge/noarch/ipython_genutils-0.2.0-py_1.tar.bz2#5071c982548b3a20caf70462f04f5287
https://conda.anaconda.org/conda-forge/noarch/json5-0.9.14-pyhd8ed1ab_0.conda#dac1dabba2b5a9d1aee175c5fcc7b436
https://conda.anaconda.org/conda-forge/osx-arm64/jsonpointer-2.4-py38h10201cd_3.conda#a2358babcb4baaa338eb94cc3683816b
https://conda.anaconda.org/conda-forge/noarch/jupyterlab_widgets-3.0.9-pyhd8ed1ab_0.conda#8370e0a9dc443f9b45a23fd30e7a6b3b
https://conda.anaconda.org/conda-forge/osx-arm64/kiwisolver-1.4.5-py38h9afee92_1.conda#1730b76fb22b82403f5033e1450d9580
https://conda.anaconda.org/conda-forge/osx-arm64/lcms2-2.15-hf2736f0_3.conda#bbaac531169fed3e09ae31aff80aa069
https://conda.anaconda.org/conda-forge/osx-arm64/libopenblas-0.3.24-openmp_hd76b1f2_0.conda#aacb05989f358affe1bafd4ea7294db4
https://conda.anaconda.org/conda-forge/osx-arm64/markupsafe-2.1.3-py38hb192615_1.conda#44bdf93e4d7019f5a64eff659ad86801
https://conda.anaconda.org/conda-forge/noarch/mistune-3.0.1-pyhd8ed1ab_0.conda#1dad8397c94e4de97a70de552a7dcf49
https://conda.anaconda.org/conda-forge/noarch/munkres-1.1.4-pyh9f0ad1d_0.tar.bz2#2ba8498c1018c1e9c61eb99b973dfe19
https://conda.anaconda.org/conda-forge/noarch/nest-asyncio-1.5.8-pyhd8ed1ab_0.conda#a4f0e4519bc50eee4f53f689be9607f7
https://conda.anaconda.org/conda-forge/osx-arm64/openjpeg-2.5.0-h4c1507b_3.conda#4127dd217a010d9c6cbefdaae07d9f19
https://conda.anaconda.org/conda-forge/noarch/packaging-23.2-pyhd8ed1ab_0.conda#79002079284aa895f883c6b7f3f88fd6
https://conda.anaconda.org/conda-forge/noarch/pandocfilters-1.5.0-pyhd8ed1ab_0.tar.bz2#457c2c8c08e54905d6954e79cb5b5db9
https://conda.anaconda.org/conda-forge/noarch/parso-0.8.3-pyhd8ed1ab_0.tar.bz2#17a565a0c3899244e938cdf417e7b094
https://conda.anaconda.org/conda-forge/noarch/pickleshare-0.7.5-py_1003.tar.bz2#415f0ebb6198cc2801c73438a9fb5761
https://conda.anaconda.org/conda-forge/noarch/pkgutil-resolve-name-1.3.10-pyhd8ed1ab_1.conda#405678b942f2481cecdb3e010f4925d9
https://conda.anaconda.org/conda-forge/noarch/pluggy-1.3.0-pyhd8ed1ab_0.conda#2390bd10bed1f3fdc7a537fb5a447d8d
https://conda.anaconda.org/conda-forge/noarch/prometheus_client-0.17.1-pyhd8ed1ab_0.conda#02153b6b760bbec00cfe9e4c97993d06
https://conda.anaconda.org/conda-forge/osx-arm64/psutil-5.9.5-py38hb192615_1.conda#5fab624fa36ec15f74cba8bf548bbcbc
https://conda.anaconda.org/conda-forge/noarch/ptyprocess-0.7.0-pyhd3deb0d_0.tar.bz2#359eeb6536da0e687af562ed265ec263
https://conda.anaconda.org/conda-forge/noarch/pure_eval-0.2.2-pyhd8ed1ab_0.tar.bz2#6784285c7e55cb7212efabc79e4c2883
https://conda.anaconda.org/conda-forge/osx-arm64/pycosat-0.6.6-py38hb192615_0.conda#acf155fffcef16fbc36320a802b11cec
https://conda.anaconda.org/conda-forge/noarch/pycparser-2.21-pyhd8ed1ab_0.tar.bz2#076becd9e05608f8dc72757d5f3a91ff
https://conda.anaconda.org/conda-forge/noarch/pygments-2.16.1-pyhd8ed1ab_0.conda#40e5cb18165466773619e5c963f00a7b
https://conda.anaconda.org/conda-forge/noarch/pyparsing-3.1.1-pyhd8ed1ab_0.conda#176f7d56f0cfe9008bdf1bccd7de02fb
https://conda.anaconda.org/conda-forge/noarch/pysocks-1.7.1-pyha2e5f31_6.tar.bz2#2a7de29fb590ca14b5243c4c812c8025
https://conda.anaconda.org/conda-forge/noarch/python-fastjsonschema-2.18.1-pyhd8ed1ab_0.conda#305141cff54af2f90e089d868fffce28
https://conda.anaconda.org/conda-forge/noarch/python-json-logger-2.0.7-pyhd8ed1ab_0.conda#a61bf9ec79426938ff785eb69dbb1960
https://conda.anaconda.org/conda-forge/noarch/python-tzdata-2023.3-pyhd8ed1ab_0.conda#2590495f608a63625e165915fb4e2e34
https://conda.anaconda.org/conda-forge/noarch/pytz-2023.3.post1-pyhd8ed1ab_0.conda#c93346b446cd08c169d843ae5fc0da97
https://conda.anaconda.org/conda-forge/osx-arm64/pyyaml-6.0.1-py38hb192615_1.conda#72ee6bc5ee0182fb7c5f26461504cbf5
https://conda.anaconda.org/conda-forge/osx-arm64/pyzmq-25.1.1-py38hef91016_1.conda#7fde833081b97d1c490e54f400564f22
https://conda.anaconda.org/conda-forge/noarch/rfc3986-validator-0.1.1-pyh9f0ad1d_0.tar.bz2#912a71cc01012ee38e6b90ddd561e36f
https://conda.anaconda.org/conda-forge/osx-arm64/rpds-py-0.10.6-py38h51b07bf_0.conda#8a81e16830700ab738fec23db12c5da0
https://conda.anaconda.org/conda-forge/osx-arm64/ruamel.yaml.clib-0.2.7-py38hb192615_2.conda#8a6e59f33ec8039981bcd4bc141cebdd
https://conda.anaconda.org/conda-forge/noarch/send2trash-1.8.0-pyhd8ed1ab_0.tar.bz2#edab14119efe85c3bf131ad747e9005c
https://conda.anaconda.org/conda-forge/noarch/setuptools-68.2.2-pyhd8ed1ab_0.conda#fc2166155db840c634a1291a5c35a709
https://conda.anaconda.org/conda-forge/noarch/six-1.16.0-pyh6c4a22f_0.tar.bz2#e5f25f8dbc060e9a8d912e432202afc2
https://conda.anaconda.org/conda-forge/noarch/sniffio-1.3.0-pyhd8ed1ab_0.tar.bz2#dd6cbc539e74cb1f430efbd4575b9303
https://conda.anaconda.org/conda-forge/noarch/soupsieve-2.5-pyhd8ed1ab_1.conda#3f144b2c34f8cb5a9abd9ed23a39c561
https://conda.anaconda.org/conda-forge/noarch/tomli-2.0.1-pyhd8ed1ab_0.tar.bz2#5844808ffab9ebdb694585b50ba02a96
https://conda.anaconda.org/conda-forge/osx-arm64/tornado-6.3.3-py38hb192615_1.conda#e9b8ac220de58a93fe6aaf69758019e9
https://conda.anaconda.org/conda-forge/noarch/traitlets-5.11.2-pyhd8ed1ab_0.conda#bd3f90f7551e1cffb1f402880eb2cef1
https://conda.anaconda.org/conda-forge/noarch/types-python-dateutil-2.8.19.14-pyhd8ed1ab_0.conda#4df15c51a543e806d439490b862be1c6
https://conda.anaconda.org/conda-forge/noarch/typing_extensions-4.8.0-pyha770c72_0.conda#5b1be40a26d10a06f6d4f1f9e19fa0c7
https://conda.anaconda.org/conda-forge/noarch/typing_utils-0.1.0-pyhd8ed1ab_0.tar.bz2#eb67e3cace64c66233e2d35949e20f92
https://conda.anaconda.org/conda-forge/osx-arm64/unicodedata2-15.1.0-py38hb192615_0.conda#c5d1b1c1e6730971ca8efbe3348ac679
https://conda.anaconda.org/conda-forge/noarch/uri-template-1.3.0-pyhd8ed1ab_0.conda#0944dc65cb4a9b5b68522c3bb585d41c
https://conda.anaconda.org/conda-forge/noarch/webcolors-1.13-pyhd8ed1ab_0.conda#166212fe82dad8735550030488a01d03
https://conda.anaconda.org/conda-forge/noarch/webencodings-0.5.1-pyhd8ed1ab_2.conda#daf5160ff9cde3a468556965329085b9
https://conda.anaconda.org/conda-forge/noarch/websocket-client-1.6.4-pyhd8ed1ab_0.conda#bdb77b28cf16deac0eef431a068320e8
https://conda.anaconda.org/conda-forge/noarch/wheel-0.41.2-pyhd8ed1ab_0.conda#1ccd092478b3e0ee10d7a891adbf8a4f
https://conda.anaconda.org/conda-forge/noarch/widgetsnbextension-4.0.9-pyhd8ed1ab_0.conda#82617d07b2f5f5a96296d3c19684b37a
https://conda.anaconda.org/conda-forge/noarch/zipp-3.17.0-pyhd8ed1ab_0.conda#2e4d6bc0b14e10f895fc6791a7d9b26a
https://conda.anaconda.org/conda-forge/noarch/anyio-3.7.1-pyhd8ed1ab_0.conda#7b517e7a6f0790337906c055aa97ca49
https://conda.anaconda.org/conda-forge/noarch/asttokens-2.4.0-pyhd8ed1ab_0.conda#056f04e51dd63337e8d7c425c18c86f1
https://conda.anaconda.org/conda-forge/noarch/async-lru-2.0.4-pyhd8ed1ab_0.conda#3d081de3a6ea9f894bbb585e8e3a4dcb
https://conda.anaconda.org/conda-forge/noarch/babel-2.13.0-pyhd8ed1ab_0.conda#22541af7a9eb59fc6afcadb7ecdf9219
https://conda.anaconda.org/conda-forge/noarch/backports.functools_lru_cache-1.6.5-pyhd8ed1ab_0.conda#6b1b907661838a75d067a22f87996b2e
https://conda.anaconda.org/conda-forge/noarch/beautifulsoup4-4.12.2-pyha770c72_0.conda#a362ff7d976217f8fa78c0f1c4f59717
https://conda.anaconda.org/conda-forge/noarch/bleach-6.1.0-pyhd8ed1ab_0.conda#0ed9d7c0e9afa7c025807a9a8136ea3e
https://conda.anaconda.org/conda-forge/noarch/cached-property-1.5.2-hd8ed1ab_1.tar.bz2#9b347a7ec10940d3f7941ff6c460b551
https://conda.anaconda.org/conda-forge/osx-arm64/cffi-1.16.0-py38h73f40f7_0.conda#02911ce6163d7a3e8fe9d9398fb9986d
https://conda.anaconda.org/conda-forge/noarch/comm-0.1.4-pyhd8ed1ab_0.conda#c8eaca39e2b6abae1fc96acc929ae939
https://conda.anaconda.org/conda-forge/osx-arm64/fonttools-4.43.1-py38h336bac9_0.conda#e3ef4e0d7c502f4dadf9e4008d7f742d
https://conda.anaconda.org/conda-forge/noarch/importlib-metadata-6.8.0-pyha770c72_0.conda#4e9f59a060c3be52bc4ddc46ee9b6946
https://conda.anaconda.org/conda-forge/noarch/importlib_resources-6.1.0-pyhd8ed1ab_0.conda#48b0d98e0c0ec810d3ccc2a0926c8c0e
https://conda.anaconda.org/conda-forge/noarch/jedi-0.19.1-pyhd8ed1ab_0.conda#81a3be0b2023e1ea8555781f0ad904a2
https://conda.anaconda.org/conda-forge/noarch/jinja2-3.1.2-pyhd8ed1ab_1.tar.bz2#c8490ed5c70966d232fdd389d0dbed37
https://conda.anaconda.org/conda-forge/noarch/jsonpatch-1.33-pyhd8ed1ab_0.conda#bfdb7c5c6ad1077c82a69a8642c87aff
https://conda.anaconda.org/conda-forge/noarch/jupyterlab_pygments-0.2.2-pyhd8ed1ab_0.tar.bz2#243f63592c8e449f40cd42eb5cf32f40
https://conda.anaconda.org/conda-forge/osx-arm64/libblas-3.9.0-19_osxarm64_openblas.conda#f50b1fd98593278e18319653cff9c475
https://conda.anaconda.org/conda-forge/noarch/matplotlib-inline-0.1.6-pyhd8ed1ab_0.tar.bz2#b21613793fcc81d944c76c9f2864a7de
https://conda.anaconda.org/conda-forge/noarch/overrides-7.4.0-pyhd8ed1ab_0.conda#4625b7b01d7f4ac9c96300a5515acfaa
https://conda.anaconda.org/conda-forge/noarch/pexpect-4.8.0-pyh1a96a4e_2.tar.bz2#330448ce4403cc74990ac07c555942a1
https://conda.anaconda.org/conda-forge/osx-arm64/pillow-10.1.0-py38h06aea99_0.conda#3b8fddb6d2ca6df79f4d583193a2dc00
https://conda.anaconda.org/conda-forge/noarch/pip-23.3.1-pyhd8ed1ab_0.conda#2400c0b86889f43aa52067161e1fb108
https://conda.anaconda.org/conda-forge/noarch/python-dateutil-2.8.2-pyhd8ed1ab_0.tar.bz2#dd999d1cc9f79e67dbb855c8924c7984
https://conda.anaconda.org/conda-forge/noarch/referencing-0.30.2-pyhd8ed1ab_0.conda#a33161b983172ba6ef69d5fc850650cd
https://conda.anaconda.org/conda-forge/noarch/rfc3339-validator-0.1.4-pyhd8ed1ab_0.tar.bz2#fed45fc5ea0813240707998abe49f520
https://conda.anaconda.org/conda-forge/osx-arm64/ruamel.yaml-0.17.39-py38h336bac9_0.conda#17527aae1aa4ee99422b2ae160ffb0e0
https://conda.anaconda.org/conda-forge/noarch/terminado-0.17.1-pyhd1c38e8_0.conda#046120b71d8896cb7faef78bfdbfee1e
https://conda.anaconda.org/conda-forge/noarch/tinycss2-1.2.1-pyhd8ed1ab_0.tar.bz2#7234c9eefff659501cd2fe0d2ede4d48
https://conda.anaconda.org/conda-forge/noarch/tqdm-4.66.1-pyhd8ed1ab_0.conda#03c97908b976498dcae97eb4e4f3149c
https://conda.anaconda.org/conda-forge/noarch/typing-extensions-4.8.0-hd8ed1ab_0.conda#384462e63262a527bda564fa2d9126c0
https://conda.anaconda.org/conda-forge/noarch/urllib3-2.0.7-pyhd8ed1ab_0.conda#270e71c14d37074b1d066ee21cf0c4a6
https://conda.anaconda.org/conda-forge/osx-arm64/argon2-cffi-bindings-21.2.0-py38hb192615_4.conda#b57b40ab95004241263bbdce464eb397
https://conda.anaconda.org/conda-forge/noarch/arrow-1.3.0-pyhd8ed1ab_0.conda#b77d8c2313158e6e461ca0efb1c2c508
https://conda.anaconda.org/conda-forge/osx-arm64/cryptography-41.0.4-py38h92a0862_0.conda#3bf95f491ea93fa80634e9ee26039c92
https://conda.anaconda.org/conda-forge/noarch/fqdn-1.5.1-pyhd8ed1ab_0.tar.bz2#642d35437078749ef23a5dca2c9bb1f3
https://conda.anaconda.org/conda-forge/noarch/importlib-resources-6.1.0-pyhd8ed1ab_0.conda#6a62c2cc25376a0d050b3d1d221c3ee9
https://conda.anaconda.org/conda-forge/noarch/importlib_metadata-6.8.0-hd8ed1ab_0.conda#b279b07ce18058034e5b3606ba103a8b
https://conda.anaconda.org/conda-forge/noarch/jsonschema-specifications-2023.7.1-pyhd8ed1ab_0.conda#7c27ea1bdbe520bb830dcadd59f55cbf
https://conda.anaconda.org/conda-forge/noarch/jupyter_server_terminals-0.4.4-pyhd8ed1ab_1.conda#7c0965e1d4a0ee1529e8eaa03a78a5b3
https://conda.anaconda.org/conda-forge/osx-arm64/libcblas-3.9.0-19_osxarm64_openblas.conda#5460a8d1beffd7f63994d891e6a20da4
https://conda.anaconda.org/conda-forge/osx-arm64/liblapack-3.9.0-19_osxarm64_openblas.conda#3638eacb084c374f41f9efa40d20a47b
https://conda.anaconda.org/conda-forge/noarch/platformdirs-3.11.0-pyhd8ed1ab_0.conda#8f567c0a74aa44cf732f15773b4083b0
https://conda.anaconda.org/conda-forge/noarch/requests-2.31.0-pyhd8ed1ab_0.conda#a30144e4156cdbb236f99ebb49828f8b
https://conda.anaconda.org/conda-forge/noarch/stack_data-0.6.2-pyhd8ed1ab_0.conda#e7df0fdd404616638df5ece6e69ba7af
https://conda.anaconda.org/conda-forge/noarch/wcwidth-0.2.8-pyhd8ed1ab_0.conda#367386d2575a0e62412448eda1012efd
https://conda.anaconda.org/conda-forge/osx-arm64/zstandard-0.21.0-py38he9c5048_1.conda#e26b53f1a968575ab080094c4f9abd14
https://conda.anaconda.org/conda-forge/noarch/argon2-cffi-23.1.0-pyhd8ed1ab_0.conda#3afef1f55a1366b4d3b6a0d92e2235e4
https://conda.anaconda.org/conda-forge/noarch/conda-package-streaming-0.9.0-pyhd8ed1ab_0.conda#38253361efb303deead3eab39ae9269b
https://conda.anaconda.org/conda-forge/noarch/isoduration-20.11.0-pyhd8ed1ab_0.tar.bz2#4cb68948e0b8429534380243d063a27a
https://conda.anaconda.org/conda-forge/noarch/jsonschema-4.19.1-pyhd8ed1ab_0.conda#78aff5d2af74e6537c1ca73017f01f4f
https://conda.anaconda.org/conda-forge/osx-arm64/jupyter_core-5.4.0-py38h10201cd_0.conda#16949eb2a0c3d60cc3f4e10aeada0fe7
https://conda.anaconda.org/conda-forge/osx-arm64/numpy-1.24.4-py38ha84db1f_0.conda#d33566c9c3ed5938f1d30747e8787a7d
https://conda.anaconda.org/conda-forge/noarch/pooch-1.7.0-pyhd8ed1ab_4.conda#3cdaf7af08850933662b1e228bc6b5bc
https://conda.anaconda.org/conda-forge/noarch/prompt-toolkit-3.0.39-pyha770c72_0.conda#a4986c6bb5b0d05a38855b0880a5f425
https://conda.anaconda.org/conda-forge/noarch/pyopenssl-23.2.0-pyhd8ed1ab_1.conda#34f7d568bf59d18e3fef8c405cbece21
https://conda.anaconda.org/conda-forge/noarch/conda-package-handling-2.2.0-pyh38be061_0.conda#8a3ae7f6318376aa08ea753367bb7dd6
https://conda.anaconda.org/conda-forge/osx-arm64/contourpy-1.1.1-py38h9afee92_1.conda#7727e18567f9f74db361e3a351644f26
https://conda.anaconda.org/conda-forge/noarch/jsonschema-with-format-nongpl-4.19.1-pyhd8ed1ab_0.conda#daca0665e6fe8a376e48b9f0b5865326
https://conda.anaconda.org/conda-forge/noarch/jupyter_client-8.4.0-pyhd8ed1ab_0.conda#554496685357ab0d69676cab8e8fb594
https://conda.anaconda.org/conda-forge/noarch/nbformat-5.9.2-pyhd8ed1ab_0.conda#61ba076de6530d9301a0053b02f093d2
https://conda.anaconda.org/conda-forge/osx-arm64/pandas-2.0.3-py38hefb543e_1.conda#a5be09f3455db87cd27c36f2a8eeaed3
https://conda.anaconda.org/conda-forge/noarch/prompt_toolkit-3.0.39-hd8ed1ab_0.conda#4bbbe67d5df19db30f04b8e344dc9976
https://conda.anaconda.org/conda-forge/osx-arm64/scipy-1.10.1-py38h038e806_3.conda#a690e8845ed7946f63ed7d4719a42dcb
https://conda.anaconda.org/conda-forge/osx-arm64/conda-23.9.0-py38h10201cd_0.conda#9b6a1d94fe700d16fbd28944ceb87343
https://conda.anaconda.org/conda-forge/noarch/ipython-8.12.2-pyhd1c38e8_0.conda#acc618532cbc899f5721cc96407b16cc
https://conda.anaconda.org/conda-forge/noarch/jupyter_events-0.8.0-pyhd8ed1ab_0.conda#04272d87d3e06c2e26af5e2d4b0e0ad8
https://conda.anaconda.org/conda-forge/osx-arm64/matplotlib-base-3.7.3-py38hef9d0d7_0.conda#5994835b96059c83b3c994c75ebe05c0
https://conda.anaconda.org/conda-forge/noarch/nbclient-0.8.0-pyhd8ed1ab_0.conda#e78da91cf428faaf05701ce8cc8f2f9b
https://conda.anaconda.org/conda-forge/noarch/ipykernel-6.25.2-pyh1050b4e_0.conda#a643e6f6c33ed821664f2a69f6e4e89f
https://conda.anaconda.org/conda-forge/noarch/ipywidgets-8.1.1-pyhd8ed1ab_0.conda#2605fae5ee27100e5f10037baebf4d41
https://conda.anaconda.org/conda-forge/noarch/nbconvert-core-7.9.2-pyhd8ed1ab_0.conda#01e4314c780ca73759c694ce3ece281f
https://conda.anaconda.org/conda-forge/noarch/ipympl-0.9.3-pyhd8ed1ab_0.conda#da113e1ecd782afd5ed2f7b5187aaea8
https://conda.anaconda.org/conda-forge/noarch/jupyter_server-2.7.0-pyhd8ed1ab_0.conda#7488cd1f4d35a2af96faa765b7e5b2f0
https://conda.anaconda.org/conda-forge/noarch/jupyter-lsp-2.2.0-pyhd8ed1ab_0.conda#38589f4104d11f2a59ff01a9f4e3bfb3
https://conda.anaconda.org/conda-forge/noarch/jupyterlab_server-2.25.0-pyhd8ed1ab_0.conda#a52834fa7e3d12abc5efdf06b2097a05
https://conda.anaconda.org/conda-forge/noarch/notebook-shim-0.2.3-pyhd8ed1ab_0.conda#67e0fe74c156267d9159e9133df7fd37
https://conda.anaconda.org/conda-forge/noarch/jupyterlab-4.0.7-pyhd8ed1ab_0.conda#80318d83f33b3bf4e57b8533b7a6691d
