# Generated by conda-lock.
# platform: win-64
# input_hash: a759d6b36af04b6fc5326c48c49c8e00c28511936fcca5d95dbe663ea062ca21
@EXPLICIT
https://conda.anaconda.org/conda-forge/win-64/ca-certificates-2023.5.7-h56e8100_0.conda#604212634bd8c4d6f20d44b946e8eedb
https://conda.anaconda.org/conda-forge/win-64/intel-openmp-2023.1.0-h57928b3_46319.conda#dbc4636f419722fbf3ab6501377228ba
https://conda.anaconda.org/conda-forge/win-64/msys2-conda-epoch-20160418-1.tar.bz2#b0309b72560df66f71a9d5e34a5efdfa
https://conda.anaconda.org/conda-forge/win-64/python_abi-3.8-3_cp38.conda#c6df946723dadd4a5830a8ff8c6b9a20
https://conda.anaconda.org/conda-forge/win-64/ucrt-10.0.22621.0-h57928b3_0.tar.bz2#72608f6cd3e5898229c3ea16deb1ac43
https://conda.anaconda.org/conda-forge/win-64/winpty-0.4.3-4.tar.bz2#1cee351bf20b830d991dbe0bc8cd7dfe
https://conda.anaconda.org/conda-forge/win-64/m2w64-gmp-6.1.0-2.tar.bz2#53a1c73e1e3d185516d7e3af177596d9
https://conda.anaconda.org/conda-forge/win-64/m2w64-libwinpthread-git-5.0.0.4634.697f757-2.tar.bz2#774130a326dee16f1ceb05cc687ee4f0
https://conda.anaconda.org/conda-forge/win-64/vc14_runtime-14.34.31931-h5081d32_16.conda#22125178654c6a8a393f9743d585704b
https://conda.anaconda.org/conda-forge/win-64/m2w64-gcc-libs-core-5.3.0-7.tar.bz2#4289d80fb4d272f1f3b56cfe87ac90bd
https://conda.anaconda.org/conda-forge/win-64/vc-14.3-hb25d44b_16.conda#ea326b37e3bd6d2616988e09f3a9396c
https://conda.anaconda.org/conda-forge/win-64/vs2015_runtime-14.34.31931-hed1258a_16.conda#0374eae69b6dbfb27c3dc27167109eb4
https://conda.anaconda.org/conda-forge/win-64/bzip2-1.0.8-h8ffe710_4.tar.bz2#7c03c66026944073040cb19a4f3ec3c9
https://conda.anaconda.org/conda-forge/win-64/lerc-4.0.0-h63175ca_0.tar.bz2#1900cb3cab5055833cfddb0ba233b074
https://conda.anaconda.org/conda-forge/win-64/libbrotlicommon-1.0.9-hcfcfb64_8.tar.bz2#e8078e37208cd7d3e1eb5053f370ded8
https://conda.anaconda.org/conda-forge/win-64/libdeflate-1.18-hcfcfb64_0.conda#493acc14c556ef6f1d13ba00b099c679
https://conda.anaconda.org/conda-forge/win-64/libffi-3.4.2-h8ffe710_5.tar.bz2#2c96d1b6915b408893f9472569dee135
https://conda.anaconda.org/conda-forge/win-64/libiconv-1.17-h8ffe710_0.tar.bz2#050119977a86e4856f0416e2edcf81bb
https://conda.anaconda.org/conda-forge/win-64/libjpeg-turbo-2.1.5.1-hcfcfb64_0.conda#f2fad2ae9f1365e343e4329fdb1e9d63
https://conda.anaconda.org/conda-forge/win-64/libsodium-1.0.18-h8d14728_1.tar.bz2#5c1fb45b5e2912c19098750ae8a32604
https://conda.anaconda.org/conda-forge/win-64/libsqlite-3.42.0-hcfcfb64_0.conda#9a71d93deb99cc09d8939d5235b5909a
https://conda.anaconda.org/conda-forge/win-64/libwebp-base-1.3.0-hcfcfb64_0.conda#381a3645c51cbf478872899b16490318
https://conda.anaconda.org/conda-forge/win-64/libzlib-1.2.13-hcfcfb64_4.tar.bz2#0cc5c5cc64ee1637f37f8540a175854c
https://conda.anaconda.org/conda-forge/win-64/m2w64-gcc-libgfortran-5.3.0-6.tar.bz2#066552ac6b907ec6d72c0ddab29050dc
https://conda.anaconda.org/conda-forge/win-64/openssl-3.1.1-hcfcfb64_1.conda#1d913a5de46c6b2f7e4cfbd26b106b8b
https://conda.anaconda.org/conda-forge/win-64/pthreads-win32-2.9.1-hfa6e2cd_3.tar.bz2#e2da8758d7d51ff6aa78a14dfb9dbed4
https://conda.anaconda.org/conda-forge/win-64/tk-8.6.12-h8ffe710_0.tar.bz2#c69a5047cc9291ae40afd4a1ad6f0c0f
https://conda.anaconda.org/conda-forge/win-64/xz-5.2.6-h8d14728_0.tar.bz2#515d77642eaa3639413c6b1bc3f94219
https://conda.anaconda.org/conda-forge/win-64/yaml-0.2.5-h8ffe710_2.tar.bz2#adbfb9f45d1004a26763652246a33764
https://conda.anaconda.org/conda-forge/win-64/libbrotlidec-1.0.9-hcfcfb64_8.tar.bz2#99839d9d81f33afa173c0fa82a702038
https://conda.anaconda.org/conda-forge/win-64/libbrotlienc-1.0.9-hcfcfb64_8.tar.bz2#88e62627120c20289bf8982b15e0a6a1
https://conda.anaconda.org/conda-forge/win-64/libpng-1.6.39-h19919ed_0.conda#ab6febdb2dbd9c00803609079db4de71
https://conda.anaconda.org/conda-forge/win-64/libxml2-2.11.4-hc3477c8_0.conda#586627982a63815637f871a6360fe3f9
https://conda.anaconda.org/conda-forge/win-64/m2w64-gcc-libs-5.3.0-7.tar.bz2#fe759119b8b3bfa720b8762c6fdc35de
https://conda.anaconda.org/conda-forge/win-64/python-3.8.16-h4de0772_1_cpython.conda#461d9fc92cfde68f2ca7ef0988f6326a
https://conda.anaconda.org/conda-forge/win-64/zeromq-4.3.4-h0e60522_1.tar.bz2#e1aff0583dda5fb917eb3d2c1025aa80
https://conda.anaconda.org/conda-forge/win-64/zstd-1.5.2-h12be248_6.conda#62826565682d013b3e2346aaf7bded0e
https://conda.anaconda.org/conda-forge/noarch/attrs-23.1.0-pyh71513ae_1.conda#3edfead7cedd1ab4400a6c588f3e75f8
https://conda.anaconda.org/conda-forge/noarch/backcall-0.2.0-pyh9f0ad1d_0.tar.bz2#6006a6d08a3fa99268a2681c7fb55213
https://conda.anaconda.org/conda-forge/noarch/backports-1.0-pyhd8ed1ab_3.conda#54ca2e08b3220c148a1d8329c2678e02
https://conda.anaconda.org/conda-forge/noarch/boltons-23.0.0-pyhd8ed1ab_0.conda#033eb25fffd222aceeca6d58cd953680
https://conda.anaconda.org/conda-forge/win-64/brotli-bin-1.0.9-hcfcfb64_8.tar.bz2#e18b70ed349d96086fd60a9c642b1b58
https://conda.anaconda.org/conda-forge/noarch/certifi-2023.5.7-pyhd8ed1ab_0.conda#5d1b71c942b8421285934dad1d891ebc
https://conda.anaconda.org/conda-forge/noarch/charset-normalizer-3.1.0-pyhd8ed1ab_0.conda#7fcff9f6f123696e940bda77bd4d6551
https://conda.anaconda.org/conda-forge/noarch/colorama-0.4.6-pyhd8ed1ab_0.tar.bz2#3faab06a954c2a04039983f2c4a50d99
https://conda.anaconda.org/conda-forge/noarch/cycler-0.11.0-pyhd8ed1ab_0.tar.bz2#a50559fad0affdbb33729a68669ca1cb
https://conda.anaconda.org/conda-forge/win-64/debugpy-1.6.7-py38hd3f51b4_0.conda#de2533e0a4ad84a4e5c5d6ad196f8e14
https://conda.anaconda.org/conda-forge/noarch/decorator-5.1.1-pyhd8ed1ab_0.tar.bz2#43afe5ab04e35e17ba28649471dd7364
https://conda.anaconda.org/conda-forge/noarch/defusedxml-0.7.1-pyhd8ed1ab_0.tar.bz2#961b3a227b437d82ad7054484cfa71b2
https://conda.anaconda.org/conda-forge/noarch/entrypoints-0.4-pyhd8ed1ab_0.tar.bz2#3cf04868fee0a029769bd41f4b2fbf2d
https://conda.anaconda.org/conda-forge/noarch/exceptiongroup-1.1.1-pyhd8ed1ab_0.conda#7312299d7a0ea4993159229b7d2dceb2
https://conda.anaconda.org/conda-forge/noarch/executing-1.2.0-pyhd8ed1ab_0.tar.bz2#4c1bc140e2be5c8ba6e3acab99e25c50
https://conda.anaconda.org/conda-forge/noarch/flit-core-3.9.0-pyhd8ed1ab_0.conda#e8cfceef004266b259604c3faa2a0191
https://conda.anaconda.org/conda-forge/win-64/freetype-2.12.1-h546665d_1.conda#1b513009cd012591f3fdc9e03a74ec0a
https://conda.anaconda.org/conda-forge/noarch/idna-3.4-pyhd8ed1ab_0.tar.bz2#34272b248891bddccc64479f9a7fffed
https://conda.anaconda.org/conda-forge/noarch/ipython_genutils-0.2.0-py_1.tar.bz2#5071c982548b3a20caf70462f04f5287
https://conda.anaconda.org/conda-forge/noarch/json5-0.9.5-pyh9f0ad1d_0.tar.bz2#10759827a94e6b14996e81fb002c0bda
https://conda.anaconda.org/conda-forge/noarch/jsonpointer-2.0-py_0.tar.bz2#07d85c22a3beb102a48cd123df84c2a6
https://conda.anaconda.org/conda-forge/noarch/jupyterlab_widgets-3.0.7-pyhd8ed1ab_1.conda#0c0a54e16b764bafcae35913cc9d60ff
https://conda.anaconda.org/conda-forge/win-64/kiwisolver-1.4.4-py38hb1fd069_1.tar.bz2#1dcc50e3241f9e4e59713eec2653abd5
https://conda.anaconda.org/conda-forge/win-64/libhwloc-2.9.1-nocuda_h15da153_6.conda#95b1bd8df3033d08ae5125ed69d71194
https://conda.anaconda.org/conda-forge/win-64/libtiff-4.5.0-h6c8260b_6.conda#12628df645fcf0f74922138858724831
https://conda.anaconda.org/conda-forge/win-64/markupsafe-2.1.3-py38h91455d4_0.conda#a674b0be89418013ffa8f92c89d08640
https://conda.anaconda.org/conda-forge/win-64/menuinst-1.4.19-py38haa244fe_1.tar.bz2#b5bd8e4f1ab01d146e36dfb916b757eb
https://conda.anaconda.org/conda-forge/noarch/mistune-2.0.5-pyhd8ed1ab_0.conda#61a07195cfc935f1c1901d8ecf4af441
https://conda.anaconda.org/conda-forge/noarch/munkres-1.1.4-pyh9f0ad1d_0.tar.bz2#2ba8498c1018c1e9c61eb99b973dfe19
https://conda.anaconda.org/conda-forge/noarch/nest-asyncio-1.5.6-pyhd8ed1ab_0.tar.bz2#7b868f21adde0d9b8b38f9c16836589b
https://conda.anaconda.org/conda-forge/noarch/packaging-23.1-pyhd8ed1ab_0.conda#91cda59e66e1e4afe9476f8ef98f5c30
https://conda.anaconda.org/conda-forge/noarch/pandocfilters-1.5.0-pyhd8ed1ab_0.tar.bz2#457c2c8c08e54905d6954e79cb5b5db9
https://conda.anaconda.org/conda-forge/noarch/parso-0.8.3-pyhd8ed1ab_0.tar.bz2#17a565a0c3899244e938cdf417e7b094
https://conda.anaconda.org/conda-forge/noarch/pickleshare-0.7.5-py_1003.tar.bz2#415f0ebb6198cc2801c73438a9fb5761
https://conda.anaconda.org/conda-forge/noarch/pkgutil-resolve-name-1.3.10-pyhd8ed1ab_0.tar.bz2#89e3c7cdde7d3aaa2aee933b604dd07f
https://conda.anaconda.org/conda-forge/noarch/pluggy-1.0.0-pyhd8ed1ab_5.tar.bz2#7d301a0d25f424d96175f810935f0da9
https://conda.anaconda.org/conda-forge/noarch/prometheus_client-0.17.0-pyhd8ed1ab_0.conda#95c5be3c7cbd872509d16c216617fdab
https://conda.anaconda.org/conda-forge/win-64/psutil-5.9.5-py38h91455d4_0.conda#091a6bc808bfd07c97be1eb316440070
https://conda.anaconda.org/conda-forge/win-64/pthread-stubs-0.4-hcd874cb_1001.tar.bz2#a1f820480193ea83582b13249a7e7bd9
https://conda.anaconda.org/conda-forge/noarch/pure_eval-0.2.2-pyhd8ed1ab_0.tar.bz2#6784285c7e55cb7212efabc79e4c2883
https://conda.anaconda.org/conda-forge/win-64/pycosat-0.6.4-py38h91455d4_1.tar.bz2#cba43cf2d481b2cb8eb0c927089bf857
https://conda.anaconda.org/conda-forge/noarch/pycparser-2.21-pyhd8ed1ab_0.tar.bz2#076becd9e05608f8dc72757d5f3a91ff
https://conda.anaconda.org/conda-forge/noarch/pygments-2.15.1-pyhd8ed1ab_0.conda#d316679235612869eba305aa7d41d9bf
https://conda.anaconda.org/conda-forge/noarch/pyparsing-3.0.9-pyhd8ed1ab_0.tar.bz2#e8fbc1b54b25f4b08281467bc13b70cc
https://conda.anaconda.org/conda-forge/win-64/pyrsistent-0.19.3-py38h91455d4_0.conda#fb4aa6d774c3a286a8561af24ff87185
https://conda.anaconda.org/conda-forge/noarch/python-fastjsonschema-2.17.1-pyhd8ed1ab_0.conda#dd4f393d857e9283eef2442234bd05e3
https://conda.anaconda.org/conda-forge/noarch/python-json-logger-2.0.7-pyhd8ed1ab_0.conda#a61bf9ec79426938ff785eb69dbb1960
https://conda.anaconda.org/conda-forge/noarch/python-tzdata-2023.3-pyhd8ed1ab_0.conda#2590495f608a63625e165915fb4e2e34
https://conda.anaconda.org/conda-forge/noarch/pytz-2023.3-pyhd8ed1ab_0.conda#d3076b483092a435832603243567bc31
https://conda.anaconda.org/conda-forge/win-64/pywin32-304-py38hd3f51b4_2.tar.bz2#cfefffaad808b61f2932f64c079417b8
https://conda.anaconda.org/conda-forge/win-64/pywinpty-2.0.10-py38hd3f51b4_0.conda#cc93c5fe55b8a7bdd719ce74bfbe819c
https://conda.anaconda.org/conda-forge/win-64/pyyaml-6.0-py38h91455d4_5.tar.bz2#f62ab7e18711e3cbc068319448ecf771
https://conda.anaconda.org/conda-forge/win-64/pyzmq-25.1.0-py38ha85f68a_0.conda#5e97b9e91fc8cb7ec32647d5bec74030
https://conda.anaconda.org/conda-forge/noarch/rfc3986-validator-0.1.1-pyh9f0ad1d_0.tar.bz2#912a71cc01012ee38e6b90ddd561e36f
https://conda.anaconda.org/conda-forge/win-64/ruamel.yaml.clib-0.2.7-py38h91455d4_1.conda#ff7d3491a9f308bebc8031eabfb30d3e
https://conda.anaconda.org/conda-forge/noarch/setuptools-67.7.2-pyhd8ed1ab_0.conda#3b68bc43ec6baa48f7354a446267eefe
https://conda.anaconda.org/conda-forge/noarch/six-1.16.0-pyh6c4a22f_0.tar.bz2#e5f25f8dbc060e9a8d912e432202afc2
https://conda.anaconda.org/conda-forge/noarch/sniffio-1.3.0-pyhd8ed1ab_0.tar.bz2#dd6cbc539e74cb1f430efbd4575b9303
https://conda.anaconda.org/conda-forge/noarch/soupsieve-2.3.2.post1-pyhd8ed1ab_0.tar.bz2#146f4541d643d48fc8a75cacf69f03ae
https://conda.anaconda.org/conda-forge/noarch/tomli-2.0.1-pyhd8ed1ab_0.tar.bz2#5844808ffab9ebdb694585b50ba02a96
https://conda.anaconda.org/conda-forge/noarch/toolz-0.12.0-pyhd8ed1ab_0.tar.bz2#92facfec94bc02d6ccf42e7173831a36
https://conda.anaconda.org/conda-forge/win-64/tornado-6.3.2-py38h91455d4_0.conda#3e625e06e8892112acb47695eaf22b47
https://conda.anaconda.org/conda-forge/noarch/traitlets-5.9.0-pyhd8ed1ab_0.conda#d0b4f5c87cd35ac3fb3d47b223263a64
https://conda.anaconda.org/conda-forge/noarch/typing_extensions-4.6.3-pyha770c72_0.conda#4a3014a4d107d15475d106b751c4e352
https://conda.anaconda.org/conda-forge/noarch/typing_utils-0.1.0-pyhd8ed1ab_0.tar.bz2#eb67e3cace64c66233e2d35949e20f92
https://conda.anaconda.org/conda-forge/win-64/unicodedata2-15.0.0-py38h91455d4_0.tar.bz2#7a135e40d9f26c15419e5e82e1c436c0
https://conda.anaconda.org/conda-forge/noarch/webencodings-0.5.1-py_1.tar.bz2#3563be4c5611a44210d9ba0c16113136
https://conda.anaconda.org/conda-forge/noarch/websocket-client-1.5.3-pyhd8ed1ab_0.conda#9beb712a1de20fea4e339a2d62851564
https://conda.anaconda.org/conda-forge/noarch/wheel-0.40.0-pyhd8ed1ab_0.conda#49bb0d9e60ce1db25e151780331bb5f3
https://conda.anaconda.org/conda-forge/noarch/widgetsnbextension-4.0.7-pyhd8ed1ab_0.conda#bcc54b91a8ce88f60f538b87b409909e
https://conda.anaconda.org/conda-forge/noarch/win_inet_pton-1.1.0-pyhd8ed1ab_6.tar.bz2#30878ecc4bd36e8deeea1e3c151b2e0b
https://conda.anaconda.org/conda-forge/win-64/xorg-libxau-1.0.11-hcd874cb_0.conda#c46ba8712093cb0114404ae8a7582e1a
https://conda.anaconda.org/conda-forge/win-64/xorg-libxdmcp-1.1.3-hcd874cb_0.tar.bz2#46878ebb6b9cbd8afcf8088d7ef00ece
https://conda.anaconda.org/conda-forge/noarch/zipp-3.15.0-pyhd8ed1ab_0.conda#13018819ca8f5b7cc675a8faf1f5fedf
https://conda.anaconda.org/conda-forge/noarch/anyio-3.7.0-pyhd8ed1ab_1.conda#2b35a85d654a47aac8f34c1bb6de7142
https://conda.anaconda.org/conda-forge/noarch/asttokens-2.2.1-pyhd8ed1ab_0.conda#bf7f54dd0f25c3f06ecb82a07341841a
https://conda.anaconda.org/conda-forge/noarch/async-lru-2.0.2-pyhd8ed1ab_0.conda#41221f97a0c82e5a60b21716a3d7469c
https://conda.anaconda.org/conda-forge/noarch/babel-2.12.1-pyhd8ed1ab_1.conda#ac432e732804a81ddcf29c92ead57cde
https://conda.anaconda.org/conda-forge/noarch/backports.functools_lru_cache-1.6.4-pyhd8ed1ab_0.tar.bz2#c5b3edc62d6309088f4970b3eaaa65a6
https://conda.anaconda.org/conda-forge/noarch/beautifulsoup4-4.12.2-pyha770c72_0.conda#a362ff7d976217f8fa78c0f1c4f59717
https://conda.anaconda.org/conda-forge/noarch/bleach-6.0.0-pyhd8ed1ab_0.conda#d48b143d01385872a88ef8417e96c30e
https://conda.anaconda.org/conda-forge/win-64/brotli-1.0.9-hcfcfb64_8.tar.bz2#2e661f21e1741c11506bdc7226e6b0bc
https://conda.anaconda.org/conda-forge/win-64/cffi-1.15.1-py38h57701bc_3.conda#9b94af390cfdf924a063302a2ddb3860
https://conda.anaconda.org/conda-forge/noarch/comm-0.1.3-pyhd8ed1ab_0.conda#168ae0f82cdf7505048e81054c7354e4
https://conda.anaconda.org/conda-forge/noarch/importlib-metadata-6.6.0-pyha770c72_0.conda#f91a5d5175fb7ff2a91952ec7da59cb9
https://conda.anaconda.org/conda-forge/noarch/importlib_resources-5.12.0-pyhd8ed1ab_0.conda#e5fd2260a231ee63b6969f4801082f2b
https://conda.anaconda.org/conda-forge/noarch/jedi-0.18.2-pyhd8ed1ab_0.conda#b5e695ef9c3f0d27d6cd96bf5adc9e07
https://conda.anaconda.org/conda-forge/noarch/jinja2-3.1.2-pyhd8ed1ab_1.tar.bz2#c8490ed5c70966d232fdd389d0dbed37
https://conda.anaconda.org/conda-forge/noarch/jsonpatch-1.32-pyhd8ed1ab_0.tar.bz2#09150b51b0528a31a0f6500b96fdde82
https://conda.anaconda.org/conda-forge/noarch/jupyterlab_pygments-0.2.2-pyhd8ed1ab_0.tar.bz2#243f63592c8e449f40cd42eb5cf32f40
https://conda.anaconda.org/conda-forge/win-64/lcms2-2.15-h3e3b177_1.conda#a76c36ad1b4b87f038d67890122d08ec
https://conda.anaconda.org/conda-forge/win-64/libxcb-1.15-hcd874cb_0.conda#090d91b69396f14afef450c285f9758c
https://conda.anaconda.org/conda-forge/noarch/matplotlib-inline-0.1.6-pyhd8ed1ab_0.tar.bz2#b21613793fcc81d944c76c9f2864a7de
https://conda.anaconda.org/conda-forge/win-64/openjpeg-2.5.0-ha2aaf27_2.conda#db0490689232e8e38c312281df6f31a2
https://conda.anaconda.org/conda-forge/noarch/overrides-7.3.1-pyhd8ed1ab_0.tar.bz2#a5745ced46e69aa9754053ba061974ab
https://conda.anaconda.org/conda-forge/noarch/pip-23.1.2-pyhd8ed1ab_0.conda#7288da0d36821349cf1126e8670292df
https://conda.anaconda.org/conda-forge/noarch/pysocks-1.7.1-pyh0701188_6.tar.bz2#56cd9fe388baac0e90c7149cfac95b60
https://conda.anaconda.org/conda-forge/noarch/python-dateutil-2.8.2-pyhd8ed1ab_0.tar.bz2#dd999d1cc9f79e67dbb855c8924c7984
https://conda.anaconda.org/conda-forge/noarch/rfc3339-validator-0.1.4-pyhd8ed1ab_0.tar.bz2#fed45fc5ea0813240707998abe49f520
https://conda.anaconda.org/conda-forge/win-64/ruamel.yaml-0.17.31-py38h91455d4_0.conda#01dfac18b2088f4cdbee87c10de1546c
https://conda.anaconda.org/conda-forge/noarch/send2trash-1.8.2-pyh08f2357_0.conda#c00d32dfa733d381b6a1908d0d67e0d7
https://conda.anaconda.org/conda-forge/win-64/tbb-2021.9.0-h91493d7_0.conda#6aa3f1becefeaa00a4d2a79b2a478aee
https://conda.anaconda.org/conda-forge/noarch/terminado-0.17.0-pyh08f2357_0.tar.bz2#0152a609d5748ed9887d195b1e61a6c9
https://conda.anaconda.org/conda-forge/noarch/tinycss2-1.2.1-pyhd8ed1ab_0.tar.bz2#7234c9eefff659501cd2fe0d2ede4d48
https://conda.anaconda.org/conda-forge/noarch/tqdm-4.65.0-pyhd8ed1ab_1.conda#ed792aff3acb977d09c7013358097f83
https://conda.anaconda.org/conda-forge/noarch/typing-extensions-4.6.3-hd8ed1ab_0.conda#3876f650ed7d0f95d70fa4b647621909
https://conda.anaconda.org/conda-forge/win-64/argon2-cffi-bindings-21.2.0-py38h91455d4_3.tar.bz2#a262d1c7aaf5a93a02b33dd985c27831
https://conda.anaconda.org/conda-forge/win-64/cryptography-41.0.1-py38h95f5157_0.conda#77308ee4bae00fcc666015dd2f4f0ede
https://conda.anaconda.org/conda-forge/win-64/fonttools-4.39.4-py38h91455d4_0.conda#9eb3fd3d1aed8bc15853dd978d9abcdb
https://conda.anaconda.org/conda-forge/noarch/importlib-resources-5.12.0-pyhd8ed1ab_0.conda#3544c818f0720c89eb16ae6940ab440b
https://conda.anaconda.org/conda-forge/noarch/importlib_metadata-6.6.0-hd8ed1ab_0.conda#3cbc9615f10a3d471532b83e4250b971
https://conda.anaconda.org/conda-forge/noarch/jsonschema-4.17.3-pyhd8ed1ab_0.conda#723268a468177cd44568eb8f794e0d80
https://conda.anaconda.org/conda-forge/noarch/jupyter_server_terminals-0.4.4-pyhd8ed1ab_1.conda#7c0965e1d4a0ee1529e8eaa03a78a5b3
https://conda.anaconda.org/conda-forge/win-64/mkl-2022.1.0-h6a75c08_874.tar.bz2#2ff89a7337a9636029b4db9466e9f8e3
https://conda.anaconda.org/conda-forge/win-64/pillow-9.5.0-py38ha7eb54a_1.conda#a7066629f65b5a301e76114e06a91096
https://conda.anaconda.org/conda-forge/noarch/platformdirs-3.5.3-pyhd8ed1ab_0.conda#c085a16ba3d0c9ee282c438308b57724
https://conda.anaconda.org/conda-forge/noarch/stack_data-0.6.2-pyhd8ed1ab_0.conda#e7df0fdd404616638df5ece6e69ba7af
https://conda.anaconda.org/conda-forge/noarch/urllib3-2.0.3-pyhd8ed1ab_0.conda#ae465d0fbf9f1979cb2d8d4043d885e2
https://conda.anaconda.org/conda-forge/noarch/wcwidth-0.2.6-pyhd8ed1ab_0.conda#078979d33523cb477bd1916ce41aacc9
https://conda.anaconda.org/conda-forge/win-64/zstandard-0.19.0-py38hea8d35e_1.conda#eec18ed3b35cc6a69fec1a46993b5ff2
https://conda.anaconda.org/conda-forge/noarch/argon2-cffi-21.3.0-pyhd8ed1ab_0.tar.bz2#a0b402db58f73aaab8ee0ca1025a362e
https://conda.anaconda.org/conda-forge/noarch/conda-package-streaming-0.8.0-pyhd8ed1ab_0.conda#ebe3230a4c1e135954eee4fb6ef8cded
https://conda.anaconda.org/conda-forge/win-64/jupyter_core-5.3.0-py38haa244fe_0.conda#ff05e328ef5915b4a8176844f5effddd
https://conda.anaconda.org/conda-forge/noarch/jupyter_events-0.6.3-pyhd8ed1ab_0.conda#d98c5196ab6ffeb0c2feca2912801353
https://conda.anaconda.org/conda-forge/win-64/libblas-3.9.0-17_win64_mkl.conda#9e42ac6b256b96bfaa19f829c25940e8
https://conda.anaconda.org/conda-forge/noarch/prompt-toolkit-3.0.38-pyha770c72_0.conda#59ba1bf8ea558751a0d391249a248765
https://conda.anaconda.org/conda-forge/noarch/pyopenssl-23.2.0-pyhd8ed1ab_1.conda#34f7d568bf59d18e3fef8c405cbece21
https://conda.anaconda.org/conda-forge/noarch/requests-2.31.0-pyhd8ed1ab_0.conda#a30144e4156cdbb236f99ebb49828f8b
https://conda.anaconda.org/conda-forge/noarch/conda-package-handling-2.0.2-pyh38be061_0.conda#44800e9bd13143292097c65e57323038
https://conda.anaconda.org/conda-forge/noarch/jupyter_client-8.2.0-pyhd8ed1ab_0.conda#58ca2d50c3b27b86fd7df62eaadbf9a9
https://conda.anaconda.org/conda-forge/win-64/libcblas-3.9.0-17_win64_mkl.conda#768b2c3be666ecf9e62f939ea919f819
https://conda.anaconda.org/conda-forge/win-64/liblapack-3.9.0-17_win64_mkl.conda#278121fe8f0d65d496998aa290f36322
https://conda.anaconda.org/conda-forge/noarch/nbformat-5.9.0-pyhd8ed1ab_0.conda#f525a01528c3eba1d381a232a6971c6a
https://conda.anaconda.org/conda-forge/noarch/pooch-1.7.0-pyha770c72_3.conda#5936894aade8240c867d292aa0d980c6
https://conda.anaconda.org/conda-forge/noarch/prompt_toolkit-3.0.38-hd8ed1ab_0.conda#45b74f64d8808eda7e6f6e6b1d641fd2
https://conda.anaconda.org/conda-forge/win-64/conda-23.5.0-py38haa244fe_1.conda#a1676e16bfef4356db1918a6dd30b0a0
https://conda.anaconda.org/conda-forge/noarch/ipython-8.12.2-pyh08f2357_0.conda#f289f9dc26526b8bd9f5845486f53a4d
https://conda.anaconda.org/conda-forge/noarch/nbclient-0.8.0-pyhd8ed1ab_0.conda#e78da91cf428faaf05701ce8cc8f2f9b
https://conda.anaconda.org/conda-forge/win-64/numpy-1.24.3-py38h1d91fd2_0.conda#2768aa0aa44da206dc5fc3d1ba6ad857
https://conda.anaconda.org/conda-forge/win-64/contourpy-1.0.7-py38hb1fd069_0.conda#6b53200dddcec578cdd90cac146eeadd
https://conda.anaconda.org/conda-forge/noarch/ipykernel-6.23.1-pyh025b116_0.conda#d18e38ce1f195efa2d76f9dc33832bf5
https://conda.anaconda.org/conda-forge/noarch/nbconvert-core-7.4.0-pyhd8ed1ab_0.conda#4456e6030a8309bdad57569b0170b6a3
https://conda.anaconda.org/conda-forge/win-64/pandas-2.0.2-py38hf08cf0d_0.conda#70bfeaca72c1a47f44db5c8d50e513b3
https://conda.anaconda.org/conda-forge/win-64/scipy-1.10.1-py38h1aea9ed_3.conda#1ed766b46170f86ead2ae6b9b8151191
https://conda.anaconda.org/conda-forge/noarch/ipywidgets-8.0.6-pyhd8ed1ab_0.conda#68627a08556e4a273e4c7bfc84251457
https://conda.anaconda.org/conda-forge/noarch/jupyter_server-2.6.0-pyhd8ed1ab_0.conda#39fd52b0fcb2fb52bac47a1419bf09bd
https://conda.anaconda.org/conda-forge/win-64/matplotlib-base-3.7.1-py38h528a6c7_0.conda#0aebccad15d74ec7f1bc3d62497ad1a8
https://conda.anaconda.org/conda-forge/noarch/ipympl-0.9.3-pyhd8ed1ab_0.conda#da113e1ecd782afd5ed2f7b5187aaea8
https://conda.anaconda.org/conda-forge/noarch/jupyter-lsp-2.2.0-pyhd8ed1ab_0.conda#38589f4104d11f2a59ff01a9f4e3bfb3
https://conda.anaconda.org/conda-forge/noarch/jupyterlab_server-2.22.1-pyhd8ed1ab_0.conda#fc7172a6742a7c3c4331ddd7ed463ffc
https://conda.anaconda.org/conda-forge/noarch/notebook-shim-0.2.3-pyhd8ed1ab_0.conda#67e0fe74c156267d9159e9133df7fd37
https://conda.anaconda.org/conda-forge/noarch/jupyterlab-4.0.1-pyhd8ed1ab_0.conda#93cc832cb8e18caa52c7b36ea6ce7f3d
