# Generated by conda-lock.
# platform: win-64
# input_hash: 782331a3022e526aea2d95ee3a66aa8764a10d8a50257c687da3e086e93be7e2
@EXPLICIT
https://conda.anaconda.org/conda-forge/noarch/nlohmann_json-abi-3.12.0-h0f90c79_1.conda#59659d0213082bc13be8500bab80c002
https://conda.anaconda.org/conda-forge/noarch/pybind11-abi-11-hc364b38_1.conda#f0599959a2447c1e544e216bddf393fa
https://conda.anaconda.org/conda-forge/noarch/python_abi-3.12-8_cp312.conda#c3efd25ac4d74b1584d2f7a57195ddf1
https://conda.anaconda.org/conda-forge/noarch/tzdata-2025c-hc9c84f9_1.conda#ad659d0a2b3e47e38d829aa8cad2d610
https://conda.anaconda.org/conda-forge/win-64/ucrt-10.0.26100.0-h57928b3_0.conda#71b24316859acd00bdb8b38f5e2ce328
https://conda.anaconda.org/conda-forge/win-64/winpty-0.4.3-4.tar.bz2#1cee351bf20b830d991dbe0bc8cd7dfe
https://conda.anaconda.org/conda-forge/noarch/ca-certificates-2026.1.4-h4c7d964_0.conda#84d389c9eee640dda3d26fc5335c67d8
https://conda.anaconda.org/conda-forge/win-64/libwinpthread-12.0.0.r4.gg4f2fc60ca-h57928b3_10.conda#8a86073cf3b343b87d03f41790d8b4e5
https://conda.anaconda.org/conda-forge/win-64/vcomp14-14.44.35208-h818238b_34.conda#242d9f25d2ae60c76b38a5e42858e51d
https://conda.anaconda.org/conda-forge/win-64/libgomp-15.2.0-h8ee18e1_16.conda#ab8189163748f95d4cb18ea1952943c3
https://conda.anaconda.org/conda-forge/win-64/vc14_runtime-14.44.35208-h818238b_34.conda#37eb311485d2d8b2c419449582046a42
https://conda.anaconda.org/conda-forge/win-64/_openmp_mutex-4.5-2_gnu.conda#37e16618af5c4851a3f3d66dd0e11141
https://conda.anaconda.org/conda-forge/win-64/vc-14.3-h41ae7f8_34.conda#1e610f2416b6acdd231c5f573d754a0f
https://conda.anaconda.org/conda-forge/win-64/bzip2-1.0.8-h0ad9c76_8.conda#1077e9333c41ff0be8edd1a5ec0ddace
https://conda.anaconda.org/conda-forge/win-64/cpp-expected-1.3.1-h477610d_0.conda#444e9f7d9b3f69006c3af5db59e11364
https://conda.anaconda.org/conda-forge/win-64/fmt-12.1.0-h7f4e812_0.conda#6e226b58e18411571aaa57a16ad10831
https://conda.anaconda.org/conda-forge/win-64/icu-78.2-h637d24d_0.conda#0ee3bb487600d5e71ab7d28951b2016a
https://conda.anaconda.org/conda-forge/win-64/lerc-4.0.0-h6470a55_1.conda#c1b81da6d29a14b542da14a36c9fbf3f
https://conda.anaconda.org/conda-forge/win-64/libbrotlicommon-1.2.0-hfd05255_1.conda#444b0a45bbd1cb24f82eedb56721b9c4
https://conda.anaconda.org/conda-forge/win-64/libdeflate-1.25-h51727cc_0.conda#e77030e67343e28b084fabd7db0ce43e
https://conda.anaconda.org/conda-forge/win-64/libexpat-2.7.3-hac47afa_0.conda#8c9e4f1a0e688eef2e95711178061a0f
https://conda.anaconda.org/conda-forge/win-64/libffi-3.5.2-h52bdfb6_0.conda#ba4ad812d2afc22b9a34ce8327a0930f
https://conda.anaconda.org/conda-forge/win-64/libgcc-15.2.0-h8ee18e1_16.conda#1edb8bd8e093ebd31558008e9cb23b47
https://conda.anaconda.org/conda-forge/win-64/libiconv-1.18-hc1393d2_2.conda#64571d1dd6cdcfa25d0664a5950fdaa2
https://conda.anaconda.org/conda-forge/win-64/libjpeg-turbo-3.1.2-hfd05255_0.conda#56a686f92ac0273c0f6af58858a3f013
https://conda.anaconda.org/conda-forge/win-64/liblzma-5.8.1-h2466b09_2.conda#c15148b2e18da456f5108ccb5e411446
https://conda.anaconda.org/conda-forge/win-64/libsodium-1.0.20-hc70643c_0.conda#198bb594f202b205c7d18b936fa4524f
https://conda.anaconda.org/conda-forge/win-64/libsqlite-3.51.2-hf5d6505_0.conda#903979414b47d777d548e5f0165e6cd8
https://conda.anaconda.org/conda-forge/win-64/libwebp-base-1.6.0-h4d5522a_0.conda#f9bbae5e2537e3b06e0f7310ba76c893
https://conda.anaconda.org/conda-forge/win-64/libzlib-1.3.1-h2466b09_2.conda#41fbfac52c601159df6c01f875de31b9
https://conda.anaconda.org/conda-forge/win-64/llvm-openmp-21.1.8-h4fa8253_0.conda#0d8b425ac862bcf17e4b28802c9351cb
https://conda.anaconda.org/conda-forge/win-64/lz4-c-1.10.0-h2466b09_1.conda#0b69331897a92fac3d8923549d48d092
https://conda.anaconda.org/conda-forge/win-64/lzo-2.10-h6a83c73_1002.conda#c5cb4159f0eea65663b31dd1e49bbb71
https://conda.anaconda.org/conda-forge/win-64/openssl-3.6.0-h725018a_0.conda#84f8fb4afd1157f59098f618cd2437e4
https://conda.anaconda.org/conda-forge/win-64/qhull-2020.2-hc790b64_5.conda#854fbdff64b572b5c0b470f334d34c11
https://conda.anaconda.org/conda-forge/win-64/reproc-14.2.5.post0-h2466b09_0.conda#c3ca4c18c99a3b9832e11b11af227713
https://conda.anaconda.org/conda-forge/win-64/simdjson-4.2.4-h49e36cd_0.conda#c625e0530b27e3bad5f59fa00744bbb8
https://conda.anaconda.org/conda-forge/win-64/tk-8.6.13-h2c6b04d_3.conda#7cb36e506a7dba4817970f8adb6396f9
https://conda.anaconda.org/conda-forge/win-64/yaml-0.2.5-h6a83c73_3.conda#433699cba6602098ae8957a323da2664
https://conda.anaconda.org/conda-forge/win-64/yaml-cpp-0.8.0-he0c23c2_0.conda#9bb5064a9fca5ca8e7d7f1ae677354b6
https://conda.anaconda.org/conda-forge/win-64/zlib-ng-2.3.2-h0261ad2_1.conda#bc2fba648e1e784c549e20bbe1a8af40
https://conda.anaconda.org/conda-forge/win-64/krb5-1.21.3-hdf4eb48_0.conda#31aec030344e962fbd7dbbbbd68e60a9
https://conda.anaconda.org/conda-forge/win-64/libbrotlidec-1.2.0-hfd05255_1.conda#450e3ae947fc46b60f1d8f8f318b40d4
https://conda.anaconda.org/conda-forge/win-64/libbrotlienc-1.2.0-hfd05255_1.conda#ccd93cfa8e54fd9df4e83dbe55ff6e8c
https://conda.anaconda.org/conda-forge/win-64/libpng-1.6.53-h7351971_0.conda#fb6f43f6f08ca100cb24cff125ab0d9e
https://conda.anaconda.org/conda-forge/win-64/libsolv-0.7.35-h8883371_0.conda#987be7025314bcfe936de3f0e91082b5
https://conda.anaconda.org/conda-forge/win-64/libssh2-1.11.1-h9aa295b_0.conda#9dce2f112bfd3400f4f432b3d0ac07b2
https://conda.anaconda.org/conda-forge/win-64/libxml2-16-2.15.1-h3cfd58e_1.conda#07d73826fde28e7dbaec52a3297d7d26
https://conda.anaconda.org/conda-forge/win-64/pthread-stubs-0.4-h0e40799_1002.conda#3c8f2573569bb816483e5cf57efbbe29
https://conda.anaconda.org/conda-forge/win-64/python-3.12.12-h0159041_1_cpython.conda#42ae551e4c15837a582bea63412dc0b4
https://conda.anaconda.org/conda-forge/win-64/reproc-cpp-14.2.5.post0-he0c23c2_0.conda#d2ce31fa746dddeb37f24f32da0969e9
https://conda.anaconda.org/conda-forge/win-64/spdlog-1.17.0-h9f585f1_1.conda#5c17c0a063b4d36b15d5f9c0ca5377a0
https://conda.anaconda.org/conda-forge/win-64/xorg-libxau-1.0.12-hba3369d_1.conda#8436cab9a76015dfe7208d3c9f97c156
https://conda.anaconda.org/conda-forge/win-64/xorg-libxdmcp-1.1.5-hba3369d_1.conda#a7c03e38aa9c0e84d41881b9236eacfb
https://conda.anaconda.org/conda-forge/win-64/zstd-1.5.7-h534d264_6.conda#053b84beec00b71ea8ff7a4f84b55207
https://conda.anaconda.org/conda-forge/noarch/archspec-0.2.5-pyhd8ed1ab_0.conda#845b38297fca2f2d18a29748e2ece7fa
https://conda.anaconda.org/conda-forge/noarch/asttokens-3.0.1-pyhd8ed1ab_0.conda#9673a61a297b00016442e022d689faa6
https://conda.anaconda.org/conda-forge/noarch/attrs-25.4.0-pyhcf101f3_1.conda#537296d57ea995666c68c821b00e360b
https://conda.anaconda.org/conda-forge/win-64/backports.zstd-1.3.0-py312h06d0912_0.conda#2db2b356f08f19ce4309a79a9ee6b9d8
https://conda.anaconda.org/conda-forge/noarch/boltons-25.0.0-pyhd8ed1ab_0.conda#c7eb87af73750d6fd97eff8bbee8cb9c
https://conda.anaconda.org/conda-forge/win-64/brotli-bin-1.2.0-hfd05255_1.conda#6abd7089eb3f0c790235fe469558d190
https://conda.anaconda.org/conda-forge/win-64/brotli-python-1.2.0-py312hc6d9e41_1.conda#e8e7a6346a9e50d19b4daf41f367366f
https://conda.anaconda.org/conda-forge/noarch/cached_property-1.5.2-pyha770c72_1.tar.bz2#576d629e47797577ab0f1b351297ef4a
https://conda.anaconda.org/conda-forge/noarch/certifi-2026.1.4-pyhd8ed1ab_0.conda#eacc711330cd46939f66cd401ff9c44b
https://conda.anaconda.org/conda-forge/noarch/charset-normalizer-3.4.4-pyhd8ed1ab_0.conda#a22d1fd9bf98827e280a02875d9a007a
https://conda.anaconda.org/conda-forge/noarch/colorama-0.4.6-pyhd8ed1ab_1.conda#962b9857ee8e7018c22f2776ffa0b2d7
https://conda.anaconda.org/conda-forge/noarch/comm-0.2.3-pyhe01879c_0.conda#2da13f2b299d8e1995bafbbe9689a2f7
https://conda.anaconda.org/conda-forge/noarch/cpython-3.12.12-py312hd8ed1ab_1.conda#99d689ccc1a360639eec979fd7805be9
https://conda.anaconda.org/conda-forge/noarch/cycler-0.12.1-pyhcf101f3_2.conda#4c2a8fef270f6c69591889b93f9f55c1
https://conda.anaconda.org/conda-forge/win-64/debugpy-1.8.19-py312ha1a9051_0.conda#1f0c0be0cf4893e17e71a023865c7230
https://conda.anaconda.org/conda-forge/noarch/decorator-5.2.1-pyhd8ed1ab_0.conda#9ce473d1d1be1cc3810856a48b3fab32
https://conda.anaconda.org/conda-forge/noarch/defusedxml-0.7.1-pyhd8ed1ab_0.tar.bz2#961b3a227b437d82ad7054484cfa71b2
https://conda.anaconda.org/conda-forge/noarch/distro-1.9.0-pyhd8ed1ab_1.conda#0a2014fd9860f8b1eaa0b1f3d3771a08
https://conda.anaconda.org/conda-forge/noarch/executing-2.2.1-pyhd8ed1ab_0.conda#ff9efb7f7469aed3c4a8106ffa29593c
https://conda.anaconda.org/conda-forge/win-64/frozendict-2.4.7-py312he06e257_0.conda#0056e06ec49ff6544766b5f67a85eca5
https://conda.anaconda.org/conda-forge/noarch/hpack-4.1.0-pyhd8ed1ab_0.conda#0a802cb9888dd14eeefc611f05c40b6e
https://conda.anaconda.org/conda-forge/noarch/hyperframe-6.1.0-pyhd8ed1ab_0.conda#8e6923fc12f1fe8f8c4e5c9f343256ac
https://conda.anaconda.org/conda-forge/noarch/idna-3.11-pyhd8ed1ab_0.conda#53abe63df7e10a6ba605dc5f9f961d36
https://conda.anaconda.org/conda-forge/noarch/json5-0.13.0-pyhd8ed1ab_0.conda#8d5f66ebf832c4ce28d5c37a0e76605c
https://conda.anaconda.org/conda-forge/noarch/jsonpointer-3.0.0-pyhcf101f3_3.conda#cd2214824e36b0180141d422aba01938
https://conda.anaconda.org/conda-forge/noarch/jupyterlab_widgets-3.0.16-pyhcf101f3_1.conda#dbf8b81974504fa51d34e436ca7ef389
https://conda.anaconda.org/conda-forge/win-64/kiwisolver-1.4.9-py312h78d62e6_2.conda#5dabe50380555cf2e89bd58173e88739
https://conda.anaconda.org/conda-forge/noarch/lark-1.3.1-pyhd8ed1ab_0.conda#9b965c999135d43a3d0f7bd7d024e26a
https://conda.anaconda.org/conda-forge/win-64/libcurl-8.18.0-h43ecb02_0.conda#2688214a9bee5d5650cd4f5f6af5c8f2
https://conda.anaconda.org/conda-forge/win-64/libfreetype6-2.14.1-hdbac1cb_0.conda#6e7c5c5ab485057b5d07fd8188ba5c28
https://conda.anaconda.org/conda-forge/win-64/libtiff-4.7.1-h8f73337_1.conda#549845d5133100142452812feb9ba2e8
https://conda.anaconda.org/conda-forge/win-64/libxcb-1.17.0-h0e4246c_0.conda#a69bbf778a462da324489976c84cfc8c
https://conda.anaconda.org/conda-forge/win-64/libxml2-2.15.1-h779ef1b_1.conda#68dc154b8d415176c07b6995bd3a65d9
https://conda.anaconda.org/conda-forge/win-64/markupsafe-3.0.3-py312h05f76fc_0.conda#9a50d5e7b4f2bf5db9790bbe9421cdf8
https://conda.anaconda.org/conda-forge/win-64/menuinst-2.4.2-py312hbb81ca0_0.conda#c32b8f3048c9a279f21c644446d3f40c
https://conda.anaconda.org/conda-forge/win-64/msgpack-python-1.1.2-py312hf90b1b7_1.conda#3272249c8d0f9cb7693e189611b9943f
https://conda.anaconda.org/conda-forge/noarch/munkres-1.1.4-pyhd8ed1ab_1.conda#37293a85a0f4f77bbd9cf7aaefc62609
https://conda.anaconda.org/conda-forge/noarch/nest-asyncio-1.6.0-pyhd8ed1ab_1.conda#598fd7d4d0de2455fb74f56063969a97
https://conda.anaconda.org/conda-forge/noarch/packaging-25.0-pyh29332c3_1.conda#58335b26c38bf4a20f399384c33cbcf9
https://conda.anaconda.org/conda-forge/noarch/pandocfilters-1.5.0-pyhd8ed1ab_0.tar.bz2#457c2c8c08e54905d6954e79cb5b5db9
https://conda.anaconda.org/conda-forge/noarch/parso-0.8.5-pyhcf101f3_0.conda#a110716cdb11cf51482ff4000dc253d7
https://conda.anaconda.org/conda-forge/noarch/platformdirs-4.5.1-pyhcf101f3_0.conda#1bd2e65c8c7ef24f4639ae6e850dacc2
https://conda.anaconda.org/conda-forge/noarch/pluggy-1.6.0-pyhf9edf01_1.conda#d7585b6550ad04c8c5e21097ada2888e
https://conda.anaconda.org/conda-forge/noarch/prometheus_client-0.23.1-pyhd8ed1ab_0.conda#a1e91db2d17fd258c64921cb38e6745a
https://conda.anaconda.org/conda-forge/win-64/psutil-7.2.1-py312he5662c2_0.conda#42ac55610af0bf0ae2a55c0f019c9e84
https://conda.anaconda.org/conda-forge/noarch/pure_eval-0.2.3-pyhd8ed1ab_1.conda#3bfdfb8dbcdc4af1ae3f9a8eb3948f04
https://conda.anaconda.org/conda-forge/win-64/pycosat-0.6.6-py312he06e257_3.conda#5cce886803814683a038c5a7bbef28e0
https://conda.anaconda.org/conda-forge/noarch/pycparser-2.22-pyh29332c3_1.conda#12c566707c80111f9799308d9e265aef
https://conda.anaconda.org/conda-forge/noarch/pygments-2.19.2-pyhd8ed1ab_0.conda#6b6ece66ebcae2d5f326c77ef2c5a066
https://conda.anaconda.org/conda-forge/noarch/pyparsing-3.3.1-pyhcf101f3_0.conda#d837065e4e0de4962c3462079c23f969
https://conda.anaconda.org/conda-forge/noarch/python-fastjsonschema-2.21.2-pyhe01879c_0.conda#23029aae904a2ba587daba708208012f
https://conda.anaconda.org/conda-forge/noarch/python-json-logger-2.0.7-pyhd8ed1ab_0.conda#a61bf9ec79426938ff785eb69dbb1960
https://conda.anaconda.org/conda-forge/noarch/python-tzdata-2025.3-pyhd8ed1ab_0.conda#7ead57407430ba33f681738905278d03
https://conda.anaconda.org/conda-forge/noarch/pytz-2025.2-pyhd8ed1ab_0.conda#bc8e3267d44011051f2eb14d22fb0960
https://conda.anaconda.org/conda-forge/win-64/pywin32-311-py312h829343e_1.conda#64cbe4ecbebe185a2261d3f298a60cde
https://conda.anaconda.org/conda-forge/win-64/pywinpty-2.0.15-py312h275cf98_1.conda#66255d136bd0daa41713a334db41d9f0
https://conda.anaconda.org/conda-forge/win-64/pyyaml-6.0.3-py312h05f76fc_0.conda#4a68f80fbf85499f093101cc17ffbab7
https://conda.anaconda.org/conda-forge/noarch/rfc3986-validator-0.1.1-pyh9f0ad1d_0.tar.bz2#912a71cc01012ee38e6b90ddd561e36f
https://conda.anaconda.org/conda-forge/win-64/rpds-py-0.30.0-py312hdabe01f_0.conda#2c51baeda0a355b0a5e7b6acb28cf02d
https://conda.anaconda.org/conda-forge/win-64/ruamel.yaml.clib-0.2.15-py312he5662c2_1.conda#cc0977464335ea5c2e5ee3d00458e0c2
https://conda.anaconda.org/conda-forge/noarch/setuptools-80.9.0-pyhff2d567_0.conda#4de79c071274a53dcaf2a8c749d1499e
https://conda.anaconda.org/conda-forge/noarch/six-1.17.0-pyhe01879c_1.conda#3339e3b65d58accf4ca4fb8748ab16b3
https://conda.anaconda.org/conda-forge/noarch/sniffio-1.3.1-pyhd8ed1ab_2.conda#03fe290994c5e4ec17293cfb6bdce520
https://conda.anaconda.org/conda-forge/noarch/soupsieve-2.8.1-pyhd8ed1ab_0.conda#7de28c27fe620a4f7dbfaea137c6232b
https://conda.anaconda.org/conda-forge/noarch/tomli-2.4.0-pyhcf101f3_0.conda#72e780e9aa2d0a3295f59b1874e3768b
https://conda.anaconda.org/conda-forge/win-64/tornado-6.5.4-py312he06e257_0.conda#4109bfc75570fe3fd08e2b879d2f76bc
https://conda.anaconda.org/conda-forge/noarch/traitlets-5.14.3-pyhd8ed1ab_1.conda#019a7385be9af33791c989871317e1ed
https://conda.anaconda.org/conda-forge/noarch/truststore-0.10.4-pyhcf101f3_0.conda#c2db35b004913ec69bcac64fb0783de0
https://conda.anaconda.org/conda-forge/noarch/typing_extensions-4.15.0-pyhcf101f3_0.conda#0caa1af407ecff61170c9437a808404d
https://conda.anaconda.org/conda-forge/noarch/typing_utils-0.1.0-pyhd8ed1ab_1.conda#f6d7aa696c67756a650e91e15e88223c
https://conda.anaconda.org/conda-forge/win-64/unicodedata2-17.0.0-py312he06e257_1.conda#2e4fbe70f86b42b01228cdbcc4b52351
https://conda.anaconda.org/conda-forge/noarch/uri-template-1.3.0-pyhd8ed1ab_1.conda#e7cb0f5745e4c5035a460248334af7eb
https://conda.anaconda.org/conda-forge/noarch/wcwidth-0.2.14-pyhd8ed1ab_0.conda#7e1e5ff31239f9cd5855714df8a3783d
https://conda.anaconda.org/conda-forge/noarch/webcolors-25.10.0-pyhd8ed1ab_0.conda#6639b6b0d8b5a284f027a2003669aa65
https://conda.anaconda.org/conda-forge/noarch/webencodings-0.5.1-pyhd8ed1ab_3.conda#2841eb5bfc75ce15e9a0054b98dcd64d
https://conda.anaconda.org/conda-forge/noarch/websocket-client-1.9.0-pyhd8ed1ab_0.conda#2f1ed718fcd829c184a6d4f0f2e07409
https://conda.anaconda.org/conda-forge/noarch/wheel-0.45.1-pyhd8ed1ab_1.conda#75cb7132eb58d97896e173ef12ac9986
https://conda.anaconda.org/conda-forge/noarch/widgetsnbextension-4.0.15-pyhd8ed1ab_0.conda#dc257b7e7cad9b79c1dfba194e92297b
https://conda.anaconda.org/conda-forge/noarch/win_inet_pton-1.1.0-pyh7428d3b_8.conda#46e441ba871f524e2b067929da3051c2
https://conda.anaconda.org/conda-forge/win-64/zeromq-4.3.5-h5bddc39_9.conda#a6c8f8ee856f7c3c1576e14b86cd8038
https://conda.anaconda.org/conda-forge/noarch/zipp-3.23.0-pyhcf101f3_1.conda#30cd29cb87d819caead4d55184c1d115
https://conda.anaconda.org/conda-forge/noarch/async-lru-2.0.5-pyh29332c3_0.conda#d9d0f99095a9bb7e3641bca8c6ad2ac7
https://conda.anaconda.org/conda-forge/noarch/babel-2.17.0-pyhd8ed1ab_0.conda#0a01c169f0ab0f91b26e77a3301fbfe4
https://conda.anaconda.org/conda-forge/noarch/bleach-6.3.0-pyhcf101f3_0.conda#b1a27250d70881943cca0dd6b4ba0956
https://conda.anaconda.org/conda-forge/win-64/brotli-1.2.0-h2d644bc_1.conda#bc58fdbced45bb096364de0fba1637af
https://conda.anaconda.org/conda-forge/noarch/cached-property-1.5.2-hd8ed1ab_1.tar.bz2#9b347a7ec10940d3f7941ff6c460b551
https://conda.anaconda.org/conda-forge/win-64/cffi-2.0.0-py312he06e257_1.conda#46f7dccfee37a52a97c0ed6f33fcf0a3
https://conda.anaconda.org/conda-forge/noarch/exceptiongroup-1.3.1-pyhd8ed1ab_0.conda#8e662bd460bda79b1ea39194e3c4c9ab
https://conda.anaconda.org/conda-forge/noarch/h11-0.16.0-pyhcf101f3_1.conda#b8993c19b0c32a2f7b66cbb58ca27069
https://conda.anaconda.org/conda-forge/noarch/h2-4.3.0-pyhcf101f3_0.conda#164fc43f0b53b6e3a7bc7dce5e4f1dc9
https://conda.anaconda.org/conda-forge/noarch/importlib-metadata-8.7.0-pyhe01879c_1.conda#63ccfdc3a3ce25b027b8767eb722fca8
https://conda.anaconda.org/conda-forge/noarch/ipython_pygments_lexers-1.1.1-pyhd8ed1ab_0.conda#bd80ba060603cc228d9d81c257093119
https://conda.anaconda.org/conda-forge/noarch/jedi-0.19.2-pyhd8ed1ab_1.conda#a4f4c5dc9b80bc50e0d3dc4e6e8f1bd9
https://conda.anaconda.org/conda-forge/noarch/jinja2-3.1.6-pyhcf101f3_1.conda#04558c96691bed63104678757beb4f8d
https://conda.anaconda.org/conda-forge/noarch/jsonpatch-1.33-pyhd8ed1ab_1.conda#cb60ae9cf02b9fcb8004dec4089e5691
https://conda.anaconda.org/conda-forge/noarch/jupyter_core-5.9.1-pyh6dadd2b_0.conda#a8db462b01221e9f5135be466faeb3e0
https://conda.anaconda.org/conda-forge/noarch/jupyterlab_pygments-0.3.0-pyhd8ed1ab_2.conda#fd312693df06da3578383232528c468d
https://conda.anaconda.org/conda-forge/win-64/lcms2-2.18-hf2c6c5f_0.conda#b6c68d6b829b044cd17a41e0a8a23ca1
https://conda.anaconda.org/conda-forge/win-64/libarchive-3.8.5-gpl_he24518a_100.conda#8bb7102705dba973b3930c4b6094b257
https://conda.anaconda.org/conda-forge/win-64/libfreetype-2.14.1-h57928b3_0.conda#3235024fe48d4087721797ebd6c9d28c
https://conda.anaconda.org/conda-forge/win-64/libhwloc-2.12.2-default_h4379cf1_1000.conda#3b576f6860f838f950c570f4433b086e
https://conda.anaconda.org/conda-forge/noarch/matplotlib-inline-0.2.1-pyhd8ed1ab_0.conda#00e120ce3e40bad7bfc78861ce3c4a25
https://conda.anaconda.org/conda-forge/noarch/mistune-3.2.0-pyhcf101f3_0.conda#b11e360fc4de2b0035fc8aaa74f17fd6
https://conda.anaconda.org/conda-forge/win-64/openjpeg-2.5.4-h24db6dd_0.conda#5af852046226bb3cb15c7f61c2ac020a
https://conda.anaconda.org/conda-forge/noarch/overrides-7.7.0-pyhd8ed1ab_1.conda#e51f1e4089cad105b6cac64bd8166587
https://conda.anaconda.org/conda-forge/noarch/pip-25.3-pyh8b19718_0.conda#c55515ca43c6444d2572e0f0d93cb6b9
https://conda.anaconda.org/conda-forge/noarch/prompt-toolkit-3.0.52-pyha770c72_0.conda#edb16f14d920fb3faf17f5ce582942d6
https://conda.anaconda.org/conda-forge/noarch/pysocks-1.7.1-pyh09c184e_7.conda#e2fd202833c4a981ce8a65974fe4abd1
https://conda.anaconda.org/conda-forge/noarch/python-dateutil-2.9.0.post0-pyhe01879c_2.conda#5b8d21249ff20967101ffa321cab24e8
https://conda.anaconda.org/conda-forge/noarch/python-gil-3.12.12-hd8ed1ab_1.conda#c20172b4c59fbe288fa50cdc1b693d73
https://conda.anaconda.org/conda-forge/noarch/referencing-0.37.0-pyhcf101f3_0.conda#870293df500ca7e18bedefa5838a22ab
https://conda.anaconda.org/conda-forge/noarch/rfc3339-validator-0.1.4-pyhd8ed1ab_1.conda#36de09a8d3e5d5e6f4ee63af49e59706
https://conda.anaconda.org/conda-forge/noarch/rfc3987-syntax-1.1.0-pyhe01879c_1.conda#7234f99325263a5af6d4cd195035e8f2
https://conda.anaconda.org/conda-forge/win-64/ruamel.yaml-0.18.17-py312he5662c2_2.conda#14ccfad15f0ba99ee12f9f4a1614d249
https://conda.anaconda.org/conda-forge/noarch/send2trash-2.0.0-pyh6dadd2b_0.conda#40df72e963d80a403c1861ae9428b13c
https://conda.anaconda.org/conda-forge/noarch/stack_data-0.6.3-pyhd8ed1ab_1.conda#b1b505328da7a6b246787df4b5a49fbc
https://conda.anaconda.org/conda-forge/noarch/terminado-0.18.1-pyh6dadd2b_1.conda#e43ca10d61e55d0a8ec5d8c62474ec9e
https://conda.anaconda.org/conda-forge/noarch/tinycss2-1.5.1-pyhcf101f3_0.conda#c0d0b883e97906f7524e2aac94be0e0d
https://conda.anaconda.org/conda-forge/noarch/tqdm-4.67.1-pyhd8ed1ab_1.conda#9efbfdc37242619130ea42b1cc4ed861
https://conda.anaconda.org/conda-forge/noarch/typing-extensions-4.15.0-h396c80c_0.conda#edd329d7d3a4ab45dcf905899a7a6115
https://conda.anaconda.org/conda-forge/noarch/_python_abi3_support-1.0-hd8ed1ab_2.conda#aaa2a381ccc56eac91d63b6c1240312f
https://conda.anaconda.org/conda-forge/noarch/anyio-4.12.1-pyhcf101f3_0.conda#11a2b8c732d215d977998ccd69a9d5e8
https://conda.anaconda.org/conda-forge/win-64/argon2-cffi-bindings-25.1.0-py312he06e257_2.conda#5dc3781bbc4ddce0bf250a04c1a192c2
https://conda.anaconda.org/conda-forge/noarch/arrow-1.4.0-pyhcf101f3_0.conda#85c4f19f377424eafc4ed7911b291642
https://conda.anaconda.org/conda-forge/noarch/beautifulsoup4-4.14.3-pyha770c72_0.conda#5267bef8efea4127aacd1f4e1f149b6e
https://conda.anaconda.org/conda-forge/noarch/bleach-with-css-6.3.0-h5f6438b_0.conda#08a03378bc5293c6f97637323802f480
https://conda.anaconda.org/conda-forge/win-64/fonttools-4.61.1-py312h05f76fc_0.conda#449a1487319070f736382d2b53bb5aec
https://conda.anaconda.org/conda-forge/noarch/fqdn-1.5.1-pyhd8ed1ab_1.conda#d3549fd50d450b6d9e7dddff25dd2110
https://conda.anaconda.org/conda-forge/win-64/freetype-2.14.1-h57928b3_0.conda#d69c21967f35eb2ce7f1f85d6b6022d3
https://conda.anaconda.org/conda-forge/noarch/ipython-9.9.0-pyhe2676ad_0.conda#fe785355648dec69d2f06fa14c9e6e84
https://conda.anaconda.org/conda-forge/noarch/jsonschema-specifications-2025.9.1-pyhcf101f3_0.conda#439cd0f567d697b20a8f45cb70a1005a
https://conda.anaconda.org/conda-forge/noarch/jupyter_server_terminals-0.5.3-pyhd8ed1ab_1.conda#2d983ff1b82a1ccb6f2e9d8784bdd6bd
https://conda.anaconda.org/conda-forge/win-64/libmamba-2.5.0-h06825f5_0.conda#df96c0c3390a753e0c2df57fdbf98d97
https://conda.anaconda.org/conda-forge/win-64/pillow-12.1.0-py312h31f0997_0.conda#2e481e979b46c223b3be6485113f7ad1
https://conda.anaconda.org/conda-forge/win-64/tbb-2022.3.0-h3155e25_2.conda#0f9817ffbe25f9e69ceba5ea70c52606
https://conda.anaconda.org/conda-forge/noarch/urllib3-2.6.3-pyhd8ed1ab_0.conda#9272daa869e03efe68833e3dc7a02130
https://conda.anaconda.org/conda-forge/win-64/zstandard-0.25.0-py312he5662c2_1.conda#e9e25949b682e95535068bae33153ba6
https://conda.anaconda.org/conda-forge/noarch/argon2-cffi-25.1.0-pyhd8ed1ab_0.conda#8ac12aff0860280ee0cff7fa2cf63f3b
https://conda.anaconda.org/conda-forge/noarch/conda-package-streaming-0.12.0-pyhd8ed1ab_0.conda#ff75d06af779966a5aeae1be1d409b96
https://conda.anaconda.org/conda-forge/noarch/httpcore-1.0.9-pyh29332c3_0.conda#4f14640d58e2cc0aa0819d9d8ba125bb
https://conda.anaconda.org/conda-forge/noarch/ipywidgets-8.1.8-pyhd8ed1ab_0.conda#d68e3f70d1f068f1b66d94822fdc644e
https://conda.anaconda.org/conda-forge/noarch/isoduration-20.11.0-pyhd8ed1ab_1.conda#0b0154421989637d424ccf0f104be51a
https://conda.anaconda.org/conda-forge/noarch/jsonschema-4.26.0-pyhcf101f3_0.conda#ada41c863af263cc4c5fcbaff7c3e4dc
https://conda.anaconda.org/conda-forge/win-64/libmamba-spdlog-2.5.0-h9ae1bf1_0.conda#463b59502db7115998f7d537ccd932df
https://conda.anaconda.org/conda-forge/win-64/mkl-2025.3.0-hac47afa_455.conda#fd05d1e894497b012d05a804232254ed
https://conda.anaconda.org/conda-forge/win-64/pyzmq-27.1.0-py312hbb5da91_0.conda#808d263ec97bbd93b41ca01552b5fbd4
https://conda.anaconda.org/conda-forge/noarch/requests-2.32.5-pyhcf101f3_1.conda#c65df89a0b2e321045a9e01d1337b182
https://conda.anaconda.org/conda-forge/noarch/conda-package-handling-2.4.0-pyh7900ff3_2.conda#32c158f481b4fd7630c565030f7bc482
https://conda.anaconda.org/conda-forge/noarch/httpx-0.28.1-pyhd8ed1ab_0.conda#d6989ead454181f4f9bc987d3dc4e285
https://conda.anaconda.org/conda-forge/noarch/jsonschema-with-format-nongpl-4.26.0-hcf101f3_0.conda#8368d58342d0825f0843dc6acdd0c483
https://conda.anaconda.org/conda-forge/noarch/jupyter_client-8.8.0-pyhcf101f3_0.conda#8a3d6d0523f66cf004e563a50d9392b3
https://conda.anaconda.org/conda-forge/win-64/libblas-3.11.0-5_hf2e6a31_mkl.conda#f9decf88743af85c9c9e05556a4c47c0
https://conda.anaconda.org/conda-forge/win-64/libmambapy-2.5.0-py312h26e665a_0.conda#31c930de7da9c99e93ce7f859468196b
https://conda.anaconda.org/conda-forge/noarch/nbformat-5.10.4-pyhd8ed1ab_1.conda#bbe1963f1e47f594070ffe87cdf612ea
https://conda.anaconda.org/conda-forge/noarch/ipykernel-7.1.0-pyh6dadd2b_0.conda#f22cb16c5ad68fd33d0f65c8739b6a06
https://conda.anaconda.org/conda-forge/noarch/jupyter_events-0.12.0-pyh29332c3_0.conda#f56000b36f09ab7533877e695e4e8cb0
https://conda.anaconda.org/conda-forge/win-64/libcblas-3.11.0-5_h2a3cdd5_mkl.conda#b3fa8e8b55310ba8ef0060103afb02b5
https://conda.anaconda.org/conda-forge/win-64/liblapack-3.11.0-5_hf9ab0e9_mkl.conda#e62c42a4196dee97d20400612afcb2b1
https://conda.anaconda.org/conda-forge/noarch/nbclient-0.10.4-pyhd8ed1ab_0.conda#00f5b8dafa842e0c27c1cd7296aa4875
https://conda.anaconda.org/conda-forge/noarch/nbconvert-core-7.16.6-pyhcf101f3_1.conda#cfc86ccc3b1de35d36ccaae4c50391f5
https://conda.anaconda.org/conda-forge/win-64/numpy-2.4.1-py312ha72d056_0.conda#e06f225f5bf5784b3412b21a2a44da72
https://conda.anaconda.org/conda-forge/win-64/contourpy-1.3.3-py312hf90b1b7_3.conda#9dabe26ca46b845b669408109975b922
https://conda.anaconda.org/conda-forge/noarch/jupyter_server-2.17.0-pyhcf101f3_0.conda#d79a87dcfa726bcea8e61275feed6f83
https://conda.anaconda.org/conda-forge/win-64/pandas-2.3.3-py312hc128f0a_2.conda#57d80e87a8b3161bcf26472deceaa556
https://conda.anaconda.org/conda-forge/win-64/scipy-1.17.0-py312h9b3c559_0.conda#b6edf419055109b566cd1e127dc81163
https://conda.anaconda.org/conda-forge/noarch/jupyter-lsp-2.3.0-pyhcf101f3_0.conda#62b7c96c6cd77f8173cc5cada6a9acaa
https://conda.anaconda.org/conda-forge/noarch/jupyterlab_server-2.28.0-pyhcf101f3_0.conda#a63877cb23de826b1620d3adfccc4014
https://conda.anaconda.org/conda-forge/win-64/matplotlib-base-3.10.8-py312h0ebf65c_0.conda#46f73e68304eb61df083379b044e9eb9
https://conda.anaconda.org/conda-forge/noarch/notebook-shim-0.2.4-pyhd8ed1ab_1.conda#e7f89ea5f7ea9401642758ff50a2d9c1
https://conda.anaconda.org/conda-forge/noarch/ipympl-0.9.8-pyhcf101f3_0.conda#32a83ababd92433f97b7a22392e0ea6d
https://conda.anaconda.org/conda-forge/noarch/jupyterlab-4.5.2-pyhd8ed1ab_0.conda#513e7fcc06c82b24c84ff88ece13ac9f
https://conda.anaconda.org/conda-forge/win-64/conda-25.11.1-py312h2e8e312_0.conda#2104ed4624e5f48c962eb678b6cdde3d
https://conda.anaconda.org/conda-forge/noarch/conda-libmamba-solver-25.11.0-pyhd8ed1ab_0.conda#48d786fa77e34d2a915db2248910e8f5
