# Generated by conda-lock.
# platform: linux-64
# input_hash: 41702ab4d175471289359ad79629688a32b870aed8725478a4b0fd35390fe5f6
@EXPLICIT
https://conda.anaconda.org/conda-forge/linux-64/_libgcc_mutex-0.1-conda_forge.tar.bz2#d7c89558ba9fa0495403155b64376d81
https://conda.anaconda.org/conda-forge/linux-64/ca-certificates-2023.5.7-hbcca054_0.conda#f5c65075fc34438d5b456c7f3f5ab695
https://conda.anaconda.org/conda-forge/linux-64/ld_impl_linux-64-2.40-h41732ed_0.conda#7aca3059a1729aa76c597603f10b0dd3
https://conda.anaconda.org/conda-forge/linux-64/libgfortran5-13.1.0-h15d22d2_0.conda#afb656a334c409dd9805508af1c89c7a
https://conda.anaconda.org/conda-forge/linux-64/libstdcxx-ng-13.1.0-hfd8a6a1_0.conda#067bcc23164642f4c226da631f2a2e1d
https://conda.anaconda.org/conda-forge/linux-64/python_abi-3.8-3_cp38.conda#2f3f7af062b42d664117662612022204
https://conda.anaconda.org/conda-forge/linux-64/libgfortran-ng-13.1.0-h69a702a_0.conda#506dc07710dd5b0ba63cbf134897fc10
https://conda.anaconda.org/conda-forge/linux-64/libgomp-13.1.0-he5830b7_0.conda#56ca14d57ac29a75d23a39eb3ee0ddeb
https://conda.anaconda.org/conda-forge/linux-64/_openmp_mutex-4.5-2_gnu.tar.bz2#73aaf86a425cc6e73fcf236a5a46396d
https://conda.anaconda.org/conda-forge/linux-64/libgcc-ng-13.1.0-he5830b7_0.conda#cd93f779ff018dd85c7544c015c9db3c
https://conda.anaconda.org/conda-forge/linux-64/bzip2-1.0.8-h7f98852_4.tar.bz2#a1fd65c7ccbf10880423d82bca54eb54
https://conda.anaconda.org/conda-forge/linux-64/lerc-4.0.0-h27087fc_0.tar.bz2#76bbff344f0134279f225174e9064c8f
https://conda.anaconda.org/conda-forge/linux-64/libbrotlicommon-1.0.9-h166bdaf_8.tar.bz2#9194c9bf9428035a05352d031462eae4
https://conda.anaconda.org/conda-forge/linux-64/libdeflate-1.18-h0b41bf4_0.conda#6aa9c9de5542ecb07fdda9ca626252d8
https://conda.anaconda.org/conda-forge/linux-64/libffi-3.4.2-h7f98852_5.tar.bz2#d645c6d2ac96843a2bfaccd2d62b3ac3
https://conda.anaconda.org/conda-forge/linux-64/libjpeg-turbo-2.1.5.1-h0b41bf4_0.conda#1edd9e67bdb90d78cea97733ff6b54e6
https://conda.anaconda.org/conda-forge/linux-64/libnsl-2.0.0-h7f98852_0.tar.bz2#39b1328babf85c7c3a61636d9cd50206
https://conda.anaconda.org/conda-forge/linux-64/libopenblas-0.3.23-pthreads_h80387f5_0.conda#9c5ea51ccb8ffae7d06c645869d24ce6
https://conda.anaconda.org/conda-forge/linux-64/libsodium-1.0.18-h36c2ea0_1.tar.bz2#c3788462a6fbddafdb413a9f9053e58d
https://conda.anaconda.org/conda-forge/linux-64/libuuid-2.38.1-h0b41bf4_0.conda#40b61aab5c7ba9ff276c41cfffe6b80b
https://conda.anaconda.org/conda-forge/linux-64/libwebp-base-1.3.0-h0b41bf4_0.conda#0d4a7508d8c6c65314f2b9c1f56ad408
https://conda.anaconda.org/conda-forge/linux-64/libzlib-1.2.13-h166bdaf_4.tar.bz2#f3f9de449d32ca9b9c66a22863c96f41
https://conda.anaconda.org/conda-forge/linux-64/ncurses-6.4-hcb278e6_0.conda#681105bccc2a3f7f1a837d47d39c9179
https://conda.anaconda.org/conda-forge/linux-64/openssl-3.1.1-hd590300_1.conda#2e1d7b458ac8f1e3ca4e18b77add6277
https://conda.anaconda.org/conda-forge/linux-64/pthread-stubs-0.4-h36c2ea0_1001.tar.bz2#22dad4df6e8630e8dff2428f6f6a7036
https://conda.anaconda.org/conda-forge/linux-64/xorg-libxau-1.0.11-hd590300_0.conda#2c80dc38fface310c9bd81b17037fee5
https://conda.anaconda.org/conda-forge/linux-64/xorg-libxdmcp-1.1.3-h7f98852_0.tar.bz2#be93aabceefa2fac576e971aef407908
https://conda.anaconda.org/conda-forge/linux-64/xz-5.2.6-h166bdaf_0.tar.bz2#2161070d867d1b1204ea749c8eec4ef0
https://conda.anaconda.org/conda-forge/linux-64/yaml-0.2.5-h7f98852_2.tar.bz2#4cb3ad778ec2d5a7acbdf254eb1c42ae
https://conda.anaconda.org/conda-forge/linux-64/libblas-3.9.0-17_linux64_openblas.conda#57fb44770b1bc832fb2dbefa1bd502de
https://conda.anaconda.org/conda-forge/linux-64/libbrotlidec-1.0.9-h166bdaf_8.tar.bz2#4ae4d7795d33e02bd20f6b23d91caf82
https://conda.anaconda.org/conda-forge/linux-64/libbrotlienc-1.0.9-h166bdaf_8.tar.bz2#04bac51ba35ea023dc48af73c1c88c25
https://conda.anaconda.org/conda-forge/linux-64/libpng-1.6.39-h753d276_0.conda#e1c890aebdebbfbf87e2c917187b4416
https://conda.anaconda.org/conda-forge/linux-64/libsqlite-3.42.0-h2797004_0.conda#fdaae20a1cf7cd62130a0973190a31b7
https://conda.anaconda.org/conda-forge/linux-64/libxcb-1.15-h0b41bf4_0.conda#33277193f5b92bad9fdd230eb700929c
https://conda.anaconda.org/conda-forge/linux-64/readline-8.2-h8228510_1.conda#47d31b792659ce70f470b5c82fdfb7a4
https://conda.anaconda.org/conda-forge/linux-64/tk-8.6.12-h27826a3_0.tar.bz2#5b8c42eb62e9fc961af70bdd6a26e168
https://conda.anaconda.org/conda-forge/linux-64/zeromq-4.3.4-h9c3ff4c_1.tar.bz2#21743a8d2ea0c8cfbbf8fe489b0347df
https://conda.anaconda.org/conda-forge/linux-64/zstd-1.5.2-h3eb15da_6.conda#6b63daed8feeca47be78f323e793d555
https://conda.anaconda.org/conda-forge/linux-64/brotli-bin-1.0.9-h166bdaf_8.tar.bz2#e5613f2bc717e9945840ff474419b8e4
https://conda.anaconda.org/conda-forge/linux-64/freetype-2.12.1-hca18f0e_1.conda#e1232042de76d24539a436d37597eb06
https://conda.anaconda.org/conda-forge/linux-64/libcblas-3.9.0-17_linux64_openblas.conda#7ef0969b00fe3d6eef56a8151d3afb29
https://conda.anaconda.org/conda-forge/linux-64/liblapack-3.9.0-17_linux64_openblas.conda#a2103882c46492e26500fcb56c03de8b
https://conda.anaconda.org/conda-forge/linux-64/libtiff-4.5.0-ha587672_6.conda#4e5ee4b062c21519efbee7e2ae608748
https://conda.anaconda.org/conda-forge/linux-64/python-3.8.16-he550d4f_1_cpython.conda#9de84cccfbc5f8350a3667bb6ef6fc30
https://conda.anaconda.org/conda-forge/noarch/attrs-23.1.0-pyh71513ae_1.conda#3edfead7cedd1ab4400a6c588f3e75f8
https://conda.anaconda.org/conda-forge/noarch/backcall-0.2.0-pyh9f0ad1d_0.tar.bz2#6006a6d08a3fa99268a2681c7fb55213
https://conda.anaconda.org/conda-forge/noarch/backports-1.0-pyhd8ed1ab_3.conda#54ca2e08b3220c148a1d8329c2678e02
https://conda.anaconda.org/conda-forge/noarch/boltons-23.0.0-pyhd8ed1ab_0.conda#033eb25fffd222aceeca6d58cd953680
https://conda.anaconda.org/conda-forge/linux-64/brotli-1.0.9-h166bdaf_8.tar.bz2#2ff08978892a3e8b954397c461f18418
https://conda.anaconda.org/conda-forge/noarch/certifi-2023.5.7-pyhd8ed1ab_0.conda#5d1b71c942b8421285934dad1d891ebc
https://conda.anaconda.org/conda-forge/noarch/charset-normalizer-3.1.0-pyhd8ed1ab_0.conda#7fcff9f6f123696e940bda77bd4d6551
https://conda.anaconda.org/conda-forge/noarch/colorama-0.4.6-pyhd8ed1ab_0.tar.bz2#3faab06a954c2a04039983f2c4a50d99
https://conda.anaconda.org/conda-forge/noarch/cycler-0.11.0-pyhd8ed1ab_0.tar.bz2#a50559fad0affdbb33729a68669ca1cb
https://conda.anaconda.org/conda-forge/linux-64/debugpy-1.6.7-py38h8dc9893_0.conda#e3c2cc835cf3223d585d1d25d56fd3de
https://conda.anaconda.org/conda-forge/noarch/decorator-5.1.1-pyhd8ed1ab_0.tar.bz2#43afe5ab04e35e17ba28649471dd7364
https://conda.anaconda.org/conda-forge/noarch/defusedxml-0.7.1-pyhd8ed1ab_0.tar.bz2#961b3a227b437d82ad7054484cfa71b2
https://conda.anaconda.org/conda-forge/noarch/entrypoints-0.4-pyhd8ed1ab_0.tar.bz2#3cf04868fee0a029769bd41f4b2fbf2d
https://conda.anaconda.org/conda-forge/noarch/exceptiongroup-1.1.1-pyhd8ed1ab_0.conda#7312299d7a0ea4993159229b7d2dceb2
https://conda.anaconda.org/conda-forge/noarch/executing-1.2.0-pyhd8ed1ab_0.tar.bz2#4c1bc140e2be5c8ba6e3acab99e25c50
https://conda.anaconda.org/conda-forge/noarch/flit-core-3.9.0-pyhd8ed1ab_0.conda#e8cfceef004266b259604c3faa2a0191
https://conda.anaconda.org/conda-forge/noarch/idna-3.4-pyhd8ed1ab_0.tar.bz2#34272b248891bddccc64479f9a7fffed
https://conda.anaconda.org/conda-forge/noarch/ipython_genutils-0.2.0-py_1.tar.bz2#5071c982548b3a20caf70462f04f5287
https://conda.anaconda.org/conda-forge/noarch/json5-0.9.5-pyh9f0ad1d_0.tar.bz2#10759827a94e6b14996e81fb002c0bda
https://conda.anaconda.org/conda-forge/noarch/jsonpointer-2.0-py_0.tar.bz2#07d85c22a3beb102a48cd123df84c2a6
https://conda.anaconda.org/conda-forge/noarch/jupyterlab_widgets-3.0.7-pyhd8ed1ab_1.conda#0c0a54e16b764bafcae35913cc9d60ff
https://conda.anaconda.org/conda-forge/linux-64/kiwisolver-1.4.4-py38h43d8883_1.tar.bz2#41ca56d5cac7bfc7eb4fcdbee878eb84
https://conda.anaconda.org/conda-forge/linux-64/lcms2-2.15-haa2dc70_1.conda#980d8aca0bc23ca73fa8caa3e7c84c28
https://conda.anaconda.org/conda-forge/linux-64/markupsafe-2.1.3-py38h01eb140_0.conda#17d2a5314adf0f25220eeebb312d00a4
https://conda.anaconda.org/conda-forge/noarch/mistune-2.0.5-pyhd8ed1ab_0.conda#61a07195cfc935f1c1901d8ecf4af441
https://conda.anaconda.org/conda-forge/noarch/munkres-1.1.4-pyh9f0ad1d_0.tar.bz2#2ba8498c1018c1e9c61eb99b973dfe19
https://conda.anaconda.org/conda-forge/noarch/nest-asyncio-1.5.6-pyhd8ed1ab_0.tar.bz2#7b868f21adde0d9b8b38f9c16836589b
https://conda.anaconda.org/conda-forge/linux-64/numpy-1.24.3-py38h59b608b_0.conda#5836e4ab0399136ede58446a4776b2ff
https://conda.anaconda.org/conda-forge/linux-64/openjpeg-2.5.0-hfec8fc6_2.conda#5ce6a42505c6e9e6151c54c3ec8d68ea
https://conda.anaconda.org/conda-forge/noarch/packaging-23.1-pyhd8ed1ab_0.conda#91cda59e66e1e4afe9476f8ef98f5c30
https://conda.anaconda.org/conda-forge/noarch/pandocfilters-1.5.0-pyhd8ed1ab_0.tar.bz2#457c2c8c08e54905d6954e79cb5b5db9
https://conda.anaconda.org/conda-forge/noarch/parso-0.8.3-pyhd8ed1ab_0.tar.bz2#17a565a0c3899244e938cdf417e7b094
https://conda.anaconda.org/conda-forge/noarch/pickleshare-0.7.5-py_1003.tar.bz2#415f0ebb6198cc2801c73438a9fb5761
https://conda.anaconda.org/conda-forge/noarch/pkgutil-resolve-name-1.3.10-pyhd8ed1ab_0.tar.bz2#89e3c7cdde7d3aaa2aee933b604dd07f
https://conda.anaconda.org/conda-forge/noarch/pluggy-1.0.0-pyhd8ed1ab_5.tar.bz2#7d301a0d25f424d96175f810935f0da9
https://conda.anaconda.org/conda-forge/noarch/prometheus_client-0.17.0-pyhd8ed1ab_0.conda#95c5be3c7cbd872509d16c216617fdab
https://conda.anaconda.org/conda-forge/linux-64/psutil-5.9.5-py38h1de0b5d_0.conda#92e899e7b0ed27c793014d1fa54f9b7b
https://conda.anaconda.org/conda-forge/noarch/ptyprocess-0.7.0-pyhd3deb0d_0.tar.bz2#359eeb6536da0e687af562ed265ec263
https://conda.anaconda.org/conda-forge/noarch/pure_eval-0.2.2-pyhd8ed1ab_0.tar.bz2#6784285c7e55cb7212efabc79e4c2883
https://conda.anaconda.org/conda-forge/linux-64/pycosat-0.6.4-py38h0a891b7_1.tar.bz2#f1c39cf3c19238d1e50429f81d4afae2
https://conda.anaconda.org/conda-forge/noarch/pycparser-2.21-pyhd8ed1ab_0.tar.bz2#076becd9e05608f8dc72757d5f3a91ff
https://conda.anaconda.org/conda-forge/noarch/pygments-2.15.1-pyhd8ed1ab_0.conda#d316679235612869eba305aa7d41d9bf
https://conda.anaconda.org/conda-forge/noarch/pyparsing-3.0.9-pyhd8ed1ab_0.tar.bz2#e8fbc1b54b25f4b08281467bc13b70cc
https://conda.anaconda.org/conda-forge/linux-64/pyrsistent-0.19.3-py38h1de0b5d_0.conda#a33157288d499397a2a56da4d724948d
https://conda.anaconda.org/conda-forge/noarch/pysocks-1.7.1-pyha2e5f31_6.tar.bz2#2a7de29fb590ca14b5243c4c812c8025
https://conda.anaconda.org/conda-forge/noarch/python-fastjsonschema-2.17.1-pyhd8ed1ab_0.conda#dd4f393d857e9283eef2442234bd05e3
https://conda.anaconda.org/conda-forge/noarch/python-json-logger-2.0.7-pyhd8ed1ab_0.conda#a61bf9ec79426938ff785eb69dbb1960
https://conda.anaconda.org/conda-forge/noarch/python-tzdata-2023.3-pyhd8ed1ab_0.conda#2590495f608a63625e165915fb4e2e34
https://conda.anaconda.org/conda-forge/noarch/pytz-2023.3-pyhd8ed1ab_0.conda#d3076b483092a435832603243567bc31
https://conda.anaconda.org/conda-forge/linux-64/pyyaml-6.0-py38h0a891b7_5.tar.bz2#0856c59f9ddb710c640dc0428d66b1b7
https://conda.anaconda.org/conda-forge/linux-64/pyzmq-25.1.0-py38h509eb50_0.conda#33872b6650886eba869408b76c96994c
https://conda.anaconda.org/conda-forge/noarch/rfc3986-validator-0.1.1-pyh9f0ad1d_0.tar.bz2#912a71cc01012ee38e6b90ddd561e36f
https://conda.anaconda.org/conda-forge/linux-64/ruamel.yaml.clib-0.2.7-py38h1de0b5d_1.conda#9afa2fc3c51cc4e7d1589c38e4e00d5c
https://conda.anaconda.org/conda-forge/noarch/send2trash-1.8.2-pyh41d4057_0.conda#ada5a17adcd10be4fc7e37e4166ba0e2
https://conda.anaconda.org/conda-forge/noarch/setuptools-67.7.2-pyhd8ed1ab_0.conda#3b68bc43ec6baa48f7354a446267eefe
https://conda.anaconda.org/conda-forge/noarch/six-1.16.0-pyh6c4a22f_0.tar.bz2#e5f25f8dbc060e9a8d912e432202afc2
https://conda.anaconda.org/conda-forge/noarch/sniffio-1.3.0-pyhd8ed1ab_0.tar.bz2#dd6cbc539e74cb1f430efbd4575b9303
https://conda.anaconda.org/conda-forge/noarch/soupsieve-2.3.2.post1-pyhd8ed1ab_0.tar.bz2#146f4541d643d48fc8a75cacf69f03ae
https://conda.anaconda.org/conda-forge/noarch/tomli-2.0.1-pyhd8ed1ab_0.tar.bz2#5844808ffab9ebdb694585b50ba02a96
https://conda.anaconda.org/conda-forge/noarch/toolz-0.12.0-pyhd8ed1ab_0.tar.bz2#92facfec94bc02d6ccf42e7173831a36
https://conda.anaconda.org/conda-forge/linux-64/tornado-6.3.2-py38h01eb140_0.conda#3db869202b0e523d606d13e81ca79ab6
https://conda.anaconda.org/conda-forge/noarch/traitlets-5.9.0-pyhd8ed1ab_0.conda#d0b4f5c87cd35ac3fb3d47b223263a64
https://conda.anaconda.org/conda-forge/noarch/typing_extensions-4.6.3-pyha770c72_0.conda#4a3014a4d107d15475d106b751c4e352
https://conda.anaconda.org/conda-forge/noarch/typing_utils-0.1.0-pyhd8ed1ab_0.tar.bz2#eb67e3cace64c66233e2d35949e20f92
https://conda.anaconda.org/conda-forge/linux-64/unicodedata2-15.0.0-py38h0a891b7_0.tar.bz2#44421904760e9f5ae2035193e04360f0
https://conda.anaconda.org/conda-forge/noarch/webencodings-0.5.1-py_1.tar.bz2#3563be4c5611a44210d9ba0c16113136
https://conda.anaconda.org/conda-forge/noarch/websocket-client-1.5.3-pyhd8ed1ab_0.conda#9beb712a1de20fea4e339a2d62851564
https://conda.anaconda.org/conda-forge/noarch/wheel-0.40.0-pyhd8ed1ab_0.conda#49bb0d9e60ce1db25e151780331bb5f3
https://conda.anaconda.org/conda-forge/noarch/widgetsnbextension-4.0.7-pyhd8ed1ab_0.conda#bcc54b91a8ce88f60f538b87b409909e
https://conda.anaconda.org/conda-forge/noarch/zipp-3.15.0-pyhd8ed1ab_0.conda#13018819ca8f5b7cc675a8faf1f5fedf
https://conda.anaconda.org/conda-forge/noarch/anyio-3.7.0-pyhd8ed1ab_1.conda#2b35a85d654a47aac8f34c1bb6de7142
https://conda.anaconda.org/conda-forge/noarch/asttokens-2.2.1-pyhd8ed1ab_0.conda#bf7f54dd0f25c3f06ecb82a07341841a
https://conda.anaconda.org/conda-forge/noarch/async-lru-2.0.2-pyhd8ed1ab_0.conda#41221f97a0c82e5a60b21716a3d7469c
https://conda.anaconda.org/conda-forge/noarch/babel-2.12.1-pyhd8ed1ab_1.conda#ac432e732804a81ddcf29c92ead57cde
https://conda.anaconda.org/conda-forge/noarch/backports.functools_lru_cache-1.6.4-pyhd8ed1ab_0.tar.bz2#c5b3edc62d6309088f4970b3eaaa65a6
https://conda.anaconda.org/conda-forge/noarch/beautifulsoup4-4.12.2-pyha770c72_0.conda#a362ff7d976217f8fa78c0f1c4f59717
https://conda.anaconda.org/conda-forge/noarch/bleach-6.0.0-pyhd8ed1ab_0.conda#d48b143d01385872a88ef8417e96c30e
https://conda.anaconda.org/conda-forge/linux-64/cffi-1.15.1-py38h4a40e3a_3.conda#3ac112151c6b6cfe457e976de41af0c5
https://conda.anaconda.org/conda-forge/noarch/comm-0.1.3-pyhd8ed1ab_0.conda#168ae0f82cdf7505048e81054c7354e4
https://conda.anaconda.org/conda-forge/linux-64/contourpy-1.0.7-py38hfbd4bf9_0.conda#638537863b298151635c05c762a997ab
https://conda.anaconda.org/conda-forge/linux-64/fonttools-4.39.4-py38h01eb140_0.conda#8eb5a370d618aa8a65dee377153a3451
https://conda.anaconda.org/conda-forge/noarch/importlib-metadata-6.6.0-pyha770c72_0.conda#f91a5d5175fb7ff2a91952ec7da59cb9
https://conda.anaconda.org/conda-forge/noarch/importlib_resources-5.12.0-pyhd8ed1ab_0.conda#e5fd2260a231ee63b6969f4801082f2b
https://conda.anaconda.org/conda-forge/noarch/jedi-0.18.2-pyhd8ed1ab_0.conda#b5e695ef9c3f0d27d6cd96bf5adc9e07
https://conda.anaconda.org/conda-forge/noarch/jinja2-3.1.2-pyhd8ed1ab_1.tar.bz2#c8490ed5c70966d232fdd389d0dbed37
https://conda.anaconda.org/conda-forge/noarch/jsonpatch-1.32-pyhd8ed1ab_0.tar.bz2#09150b51b0528a31a0f6500b96fdde82
https://conda.anaconda.org/conda-forge/noarch/jupyterlab_pygments-0.2.2-pyhd8ed1ab_0.tar.bz2#243f63592c8e449f40cd42eb5cf32f40
https://conda.anaconda.org/conda-forge/noarch/matplotlib-inline-0.1.6-pyhd8ed1ab_0.tar.bz2#b21613793fcc81d944c76c9f2864a7de
https://conda.anaconda.org/conda-forge/noarch/overrides-7.3.1-pyhd8ed1ab_0.tar.bz2#a5745ced46e69aa9754053ba061974ab
https://conda.anaconda.org/conda-forge/noarch/pexpect-4.8.0-pyh1a96a4e_2.tar.bz2#330448ce4403cc74990ac07c555942a1
https://conda.anaconda.org/conda-forge/linux-64/pillow-9.5.0-py38h885162f_1.conda#0eec8a20a17f17ec9e0b6839be466866
https://conda.anaconda.org/conda-forge/noarch/pip-23.1.2-pyhd8ed1ab_0.conda#7288da0d36821349cf1126e8670292df
https://conda.anaconda.org/conda-forge/noarch/python-dateutil-2.8.2-pyhd8ed1ab_0.tar.bz2#dd999d1cc9f79e67dbb855c8924c7984
https://conda.anaconda.org/conda-forge/noarch/rfc3339-validator-0.1.4-pyhd8ed1ab_0.tar.bz2#fed45fc5ea0813240707998abe49f520
https://conda.anaconda.org/conda-forge/linux-64/ruamel.yaml-0.17.31-py38h01eb140_0.conda#aa614283cae1c213b2cafd22870dc503
https://conda.anaconda.org/conda-forge/noarch/terminado-0.17.1-pyh41d4057_0.conda#3788984d535770cad699efaeb6cb3037
https://conda.anaconda.org/conda-forge/noarch/tinycss2-1.2.1-pyhd8ed1ab_0.tar.bz2#7234c9eefff659501cd2fe0d2ede4d48
https://conda.anaconda.org/conda-forge/noarch/tqdm-4.65.0-pyhd8ed1ab_1.conda#ed792aff3acb977d09c7013358097f83
https://conda.anaconda.org/conda-forge/noarch/typing-extensions-4.6.3-hd8ed1ab_0.conda#3876f650ed7d0f95d70fa4b647621909
https://conda.anaconda.org/conda-forge/noarch/urllib3-2.0.3-pyhd8ed1ab_0.conda#ae465d0fbf9f1979cb2d8d4043d885e2
https://conda.anaconda.org/conda-forge/linux-64/argon2-cffi-bindings-21.2.0-py38h0a891b7_3.tar.bz2#efcaa056d265a3138d2038a4b6b68791
https://conda.anaconda.org/conda-forge/linux-64/cryptography-41.0.1-py38hcdda232_0.conda#8dc6f3a9342a870c3c927927e86aa4ad
https://conda.anaconda.org/conda-forge/noarch/importlib-resources-5.12.0-pyhd8ed1ab_0.conda#3544c818f0720c89eb16ae6940ab440b
https://conda.anaconda.org/conda-forge/noarch/importlib_metadata-6.6.0-hd8ed1ab_0.conda#3cbc9615f10a3d471532b83e4250b971
https://conda.anaconda.org/conda-forge/noarch/jsonschema-4.17.3-pyhd8ed1ab_0.conda#723268a468177cd44568eb8f794e0d80
https://conda.anaconda.org/conda-forge/noarch/jupyter_server_terminals-0.4.4-pyhd8ed1ab_1.conda#7c0965e1d4a0ee1529e8eaa03a78a5b3
https://conda.anaconda.org/conda-forge/linux-64/pandas-2.0.2-py38h01efb38_0.conda#71066496987a1b50632526154e3d9711
https://conda.anaconda.org/conda-forge/noarch/platformdirs-3.5.3-pyhd8ed1ab_0.conda#c085a16ba3d0c9ee282c438308b57724
https://conda.anaconda.org/conda-forge/noarch/requests-2.31.0-pyhd8ed1ab_0.conda#a30144e4156cdbb236f99ebb49828f8b
https://conda.anaconda.org/conda-forge/noarch/stack_data-0.6.2-pyhd8ed1ab_0.conda#e7df0fdd404616638df5ece6e69ba7af
https://conda.anaconda.org/conda-forge/noarch/wcwidth-0.2.6-pyhd8ed1ab_0.conda#078979d33523cb477bd1916ce41aacc9
https://conda.anaconda.org/conda-forge/linux-64/zstandard-0.19.0-py38h5945529_1.conda#c082b3fdcc1f26a187814a6e180058fb
https://conda.anaconda.org/conda-forge/noarch/argon2-cffi-21.3.0-pyhd8ed1ab_0.tar.bz2#a0b402db58f73aaab8ee0ca1025a362e
https://conda.anaconda.org/conda-forge/noarch/conda-package-streaming-0.8.0-pyhd8ed1ab_0.conda#ebe3230a4c1e135954eee4fb6ef8cded
https://conda.anaconda.org/conda-forge/linux-64/jupyter_core-5.3.0-py38h578d9bd_0.conda#d75b783a348cf33c6d3d75480300fecd
https://conda.anaconda.org/conda-forge/noarch/jupyter_events-0.6.3-pyhd8ed1ab_0.conda#d98c5196ab6ffeb0c2feca2912801353
https://conda.anaconda.org/conda-forge/linux-64/matplotlib-base-3.7.1-py38hd6c3c57_0.conda#3b8ba76acae09fbd4b2247c4ee4c0324
https://conda.anaconda.org/conda-forge/noarch/pooch-1.7.0-pyha770c72_3.conda#5936894aade8240c867d292aa0d980c6
https://conda.anaconda.org/conda-forge/noarch/prompt-toolkit-3.0.38-pyha770c72_0.conda#59ba1bf8ea558751a0d391249a248765
https://conda.anaconda.org/conda-forge/noarch/pyopenssl-23.2.0-pyhd8ed1ab_1.conda#34f7d568bf59d18e3fef8c405cbece21
https://conda.anaconda.org/conda-forge/noarch/conda-package-handling-2.0.2-pyh38be061_0.conda#44800e9bd13143292097c65e57323038
https://conda.anaconda.org/conda-forge/noarch/jupyter_client-8.2.0-pyhd8ed1ab_0.conda#58ca2d50c3b27b86fd7df62eaadbf9a9
https://conda.anaconda.org/conda-forge/noarch/nbformat-5.9.0-pyhd8ed1ab_0.conda#f525a01528c3eba1d381a232a6971c6a
https://conda.anaconda.org/conda-forge/noarch/prompt_toolkit-3.0.38-hd8ed1ab_0.conda#45b74f64d8808eda7e6f6e6b1d641fd2
https://conda.anaconda.org/conda-forge/linux-64/scipy-1.10.1-py38h59b608b_3.conda#2f2a57462fcfbc67dfdbb0de6f7484c2
https://conda.anaconda.org/conda-forge/linux-64/conda-23.5.0-py38h578d9bd_1.conda#dea1e5aa7cd88839f1287aa860b4d5f2
https://conda.anaconda.org/conda-forge/noarch/ipython-8.12.2-pyh41d4057_0.conda#acebfd89278ecac2a67b60b657e00d5c
https://conda.anaconda.org/conda-forge/noarch/nbclient-0.8.0-pyhd8ed1ab_0.conda#e78da91cf428faaf05701ce8cc8f2f9b
https://conda.anaconda.org/conda-forge/noarch/ipykernel-6.23.1-pyh210e3f2_0.conda#4b57b688e22d094d1479a35543c18e93
https://conda.anaconda.org/conda-forge/noarch/nbconvert-core-7.4.0-pyhd8ed1ab_0.conda#4456e6030a8309bdad57569b0170b6a3
https://conda.anaconda.org/conda-forge/noarch/ipywidgets-8.0.6-pyhd8ed1ab_0.conda#68627a08556e4a273e4c7bfc84251457
https://conda.anaconda.org/conda-forge/noarch/jupyter_server-2.6.0-pyhd8ed1ab_0.conda#39fd52b0fcb2fb52bac47a1419bf09bd
https://conda.anaconda.org/conda-forge/noarch/ipympl-0.9.3-pyhd8ed1ab_0.conda#da113e1ecd782afd5ed2f7b5187aaea8
https://conda.anaconda.org/conda-forge/noarch/jupyter-lsp-2.2.0-pyhd8ed1ab_0.conda#38589f4104d11f2a59ff01a9f4e3bfb3
https://conda.anaconda.org/conda-forge/noarch/jupyterlab_server-2.22.1-pyhd8ed1ab_0.conda#fc7172a6742a7c3c4331ddd7ed463ffc
https://conda.anaconda.org/conda-forge/noarch/notebook-shim-0.2.3-pyhd8ed1ab_0.conda#67e0fe74c156267d9159e9133df7fd37
https://conda.anaconda.org/conda-forge/noarch/jupyterlab-4.0.1-pyhd8ed1ab_0.conda#93cc832cb8e18caa52c7b36ea6ce7f3d
